Microsoft Visual Studio Solution File, Format Version 8.00
Project("{8BC9CEB8-8B4A-11D0-8D11-00A0C91BC942}") = "AeBrowse", "C++\samples\client\AEBrowse\AeBrowse_VS2003.vcproj", "{8C6EFC99-6B04-4ED7-AF54-271615000E58}"
	ProjectSection(ProjectDependencies) = postProject
	EndProjectSection
EndProject
Project("{8BC9CEB8-8B4A-11D0-8D11-00A0C91BC942}") = "AeCondition", "C++\samples\client\AECondition\AeCondition_VS2003.vcproj", "{8C6EFC99-6B04-4ED7-AF54-271615000E58}"
	ProjectSection(ProjectDependencies) = postProject
	EndProjectSection
EndProject
Project("{8BC9CEB8-8B4A-11D0-8D11-00A0C91BC942}") = "AeConsole", "C++\samples\client\AEConsole\AeConsole_VS2003.vcproj", "{4A55BA57-2BCC-484E-BC2F-82896B78E13C}"
	ProjectSection(ProjectDependencies) = postProject
	EndProjectSection
EndProject
Project("{8BC9CEB8-8B4A-11D0-8D11-00A0C91BC942}") = "AeEventTypes", "C++\samples\client\AEEventTypes\AEEventTypes_VS2003.vcproj", "{8C6EFC99-6B04-4ED7-AF54-271615000E58}"
	ProjectSection(ProjectDependencies) = postProject
	EndProjectSection
EndProject
Project("{8BC9CEB8-8B4A-11D0-8D11-00A0C91BC942}") = "AeObjectAttributes", "C++\samples\client\AEObjectAttributes\AEObjectAttributes_VS2003.vcproj", "{00629150-DA30-432B-A4C7-59EE4C8A9753}"
	ProjectSection(ProjectDependencies) = postProject
	EndProjectSection
EndProject
Project("{8BC9CEB8-8B4A-11D0-8D11-00A0C91BC942}") = "AeQuerySourceConditions", "C++\samples\client\AEQuerySourceConditions\AEQuerySourceConditions_VS2003.vcproj", "{D4AEE724-81FE-47B0-B9B9-2E69778A7731}"
	ProjectSection(ProjectDependencies) = postProject
	EndProjectSection
EndProject
Project("{8BC9CEB8-8B4A-11D0-8D11-00A0C91BC942}") = "OpcProject", "C++\samples\client\ClientDLL\OpcProject\OpcProject_VS2003.vcproj", "{AD6129A1-F781-4531-9202-4C82C16D3B3E}"
	ProjectSection(ProjectDependencies) = postProject
	EndProjectSection
EndProject
Project("{8BC9CEB8-8B4A-11D0-8D11-00A0C91BC942}") = "TestDll", "C++\samples\client\ClientDLL\TestDll\TestDll_VS2003.vcproj", "{FB34B33E-AC93-4F57-91D4-566A8214CB73}"
	ProjectSection(ProjectDependencies) = postProject
		{AD6129A1-F781-4531-9202-4C82C16D3B3E} = {AD6129A1-F781-4531-9202-4C82C16D3B3E}
	EndProjectSection
EndProject
Project("{8BC9CEB8-8B4A-11D0-8D11-00A0C91BC942}") = "DaBrowse", "C++\samples\client\DABrowse\DaBrowse_VS2003.vcproj", "{C5B4C672-D2C2-491C-908A-301D2A89622D}"
	ProjectSection(ProjectDependencies) = postProject
	EndProjectSection
EndProject
Project("{8BC9CEB8-8B4A-11D0-8D11-00A0C91BC942}") = "DaBrowse_DA20", "C++\samples\client\DABrowse_DA20\DaBrowse_DA20_VS2003.vcproj", "{C5B4C672-D2C2-491C-908A-301D2A89622D}"
	ProjectSection(ProjectDependencies) = postProject
	EndProjectSection
EndProject
Project("{8BC9CEB8-8B4A-11D0-8D11-00A0C91BC942}") = "DaConsole", "C++\samples\client\DAConsole\DaConsole_VS2003.vcproj", "{CCAF20A7-4F31-40F8-BD54-6A0D918BE077}"
	ProjectSection(ProjectDependencies) = postProject
	EndProjectSection
EndProject
Project("{8BC9CEB8-8B4A-11D0-8D11-00A0C91BC942}") = "DaConsole_Service", "C++\samples\client\DAConsole_Service\DaConsole_Service_VS2003.vcproj", "{8A49199F-5230-4533-9D28-6CA099F9FE46}"
	ProjectSection(ProjectDependencies) = postProject
	EndProjectSection
EndProject
Project("{8BC9CEB8-8B4A-11D0-8D11-00A0C91BC942}") = "DaGetProperties", "C++\samples\client\DAGetProperties\DAGetProperties_VS2003.vcproj", "{40412BAA-B0FB-4DD3-BAE5-D5789CF8CD54}"
	ProjectSection(ProjectDependencies) = postProject
	EndProjectSection
EndProject
Project("{8BC9CEB8-8B4A-11D0-8D11-00A0C91BC942}") = "DaObjectAttributes", "C++\samples\client\DAObjectAttributes\DAObjectAttributes_VS2003.vcproj", "{6DA3DE28-FB6C-4A94-91F3-E9A8B29C09DE}"
	ProjectSection(ProjectDependencies) = postProject
	EndProjectSection
EndProject
Project("{8BC9CEB8-8B4A-11D0-8D11-00A0C91BC942}") = "OpcEnumerate", "C++\samples\client\OPCEnumerate\OpcEnumerate_VS2003.vcproj", "{C5B4C672-D2C2-491C-908A-301D2A89622D}"
	ProjectSection(ProjectDependencies) = postProject
	EndProjectSection
EndProject
Global
	GlobalSection(SolutionConfiguration) = preSolution
		Debug = Debug
		Debug Console = Debug Console
		Debug Dll = Debug Dll
		Debug Service = Debug Service
		DebugU = DebugU
		DebugU Dll = DebugU Dll
		Release = Release
		Release Console = Release Console
		Release Dll = Release Dll
		Release Service = Release Service
		ReleaseU = ReleaseU
		ReleaseU Dll = ReleaseU Dll
	EndGlobalSection
	GlobalSection(ProjectDependencies) = postSolution
	EndGlobalSection
	GlobalSection(ProjectConfiguration) = postSolution
		{8C6EFC99-6B04-4ED7-AF54-271615000E58}.Debug.ActiveCfg = Debug|Win32
		{8C6EFC99-6B04-4ED7-AF54-271615000E58}.Debug.Build.0 = Debug|Win32
		{8C6EFC99-6B04-4ED7-AF54-271615000E58}.Debug Console.ActiveCfg = Debug|Win32
		{8C6EFC99-6B04-4ED7-AF54-271615000E58}.Debug Console.Build.0 = Debug|Win32
		{8C6EFC99-6B04-4ED7-AF54-271615000E58}.Debug Dll.ActiveCfg = Debug|Win32
		{8C6EFC99-6B04-4ED7-AF54-271615000E58}.Debug Dll.Build.0 = Debug|Win32
		{8C6EFC99-6B04-4ED7-AF54-271615000E58}.Debug Service.ActiveCfg = Debug|Win32
		{8C6EFC99-6B04-4ED7-AF54-271615000E58}.Debug Service.Build.0 = Debug|Win32
		{8C6EFC99-6B04-4ED7-AF54-271615000E58}.DebugU.ActiveCfg = DebugU|Win32
		{8C6EFC99-6B04-4ED7-AF54-271615000E58}.DebugU.Build.0 = DebugU|Win32
		{8C6EFC99-6B04-4ED7-AF54-271615000E58}.DebugU Dll.ActiveCfg = DebugU|Win32
		{8C6EFC99-6B04-4ED7-AF54-271615000E58}.DebugU Dll.Build.0 = DebugU|Win32
		{8C6EFC99-6B04-4ED7-AF54-271615000E58}.Release.ActiveCfg = Release|Win32
		{8C6EFC99-6B04-4ED7-AF54-271615000E58}.Release.Build.0 = Release|Win32
		{8C6EFC99-6B04-4ED7-AF54-271615000E58}.Release Console.ActiveCfg = Release|Win32
		{8C6EFC99-6B04-4ED7-AF54-271615000E58}.Release Console.Build.0 = Release|Win32
		{8C6EFC99-6B04-4ED7-AF54-271615000E58}.Release Dll.ActiveCfg = Release|Win32
		{8C6EFC99-6B04-4ED7-AF54-271615000E58}.Release Dll.Build.0 = Release|Win32
		{8C6EFC99-6B04-4ED7-AF54-271615000E58}.Release Service.ActiveCfg = Release|Win32
		{8C6EFC99-6B04-4ED7-AF54-271615000E58}.Release Service.Build.0 = Release|Win32
		{8C6EFC99-6B04-4ED7-AF54-271615000E58}.ReleaseU.ActiveCfg = ReleaseU|Win32
		{8C6EFC99-6B04-4ED7-AF54-271615000E58}.ReleaseU.Build.0 = ReleaseU|Win32
		{8C6EFC99-6B04-4ED7-AF54-271615000E58}.ReleaseU Dll.ActiveCfg = ReleaseU|Win32
		{8C6EFC99-6B04-4ED7-AF54-271615000E58}.ReleaseU Dll.Build.0 = ReleaseU|Win32
		{8C6EFC99-6B04-4ED7-AF54-271615000E58}.Debug.ActiveCfg = Debug|Win32
		{8C6EFC99-6B04-4ED7-AF54-271615000E58}.Debug.Build.0 = Debug|Win32
		{8C6EFC99-6B04-4ED7-AF54-271615000E58}.Debug Console.ActiveCfg = Debug|Win32
		{8C6EFC99-6B04-4ED7-AF54-271615000E58}.Debug Console.Build.0 = Debug|Win32
		{8C6EFC99-6B04-4ED7-AF54-271615000E58}.Debug Dll.ActiveCfg = Debug|Win32
		{8C6EFC99-6B04-4ED7-AF54-271615000E58}.Debug Dll.Build.0 = Debug|Win32
		{8C6EFC99-6B04-4ED7-AF54-271615000E58}.Debug Service.ActiveCfg = Debug|Win32
		{8C6EFC99-6B04-4ED7-AF54-271615000E58}.Debug Service.Build.0 = Debug|Win32
		{8C6EFC99-6B04-4ED7-AF54-271615000E58}.DebugU.ActiveCfg = DebugU|Win32
		{8C6EFC99-6B04-4ED7-AF54-271615000E58}.DebugU.Build.0 = DebugU|Win32
		{8C6EFC99-6B04-4ED7-AF54-271615000E58}.DebugU Dll.ActiveCfg = DebugU|Win32
		{8C6EFC99-6B04-4ED7-AF54-271615000E58}.DebugU Dll.Build.0 = DebugU|Win32
		{8C6EFC99-6B04-4ED7-AF54-271615000E58}.Release.ActiveCfg = Release|Win32
		{8C6EFC99-6B04-4ED7-AF54-271615000E58}.Release.Build.0 = Release|Win32
		{8C6EFC99-6B04-4ED7-AF54-271615000E58}.Release Console.ActiveCfg = Release|Win32
		{8C6EFC99-6B04-4ED7-AF54-271615000E58}.Release Console.Build.0 = Release|Win32
		{8C6EFC99-6B04-4ED7-AF54-271615000E58}.Release Dll.ActiveCfg = Release|Win32
		{8C6EFC99-6B04-4ED7-AF54-271615000E58}.Release Dll.Build.0 = Release|Win32
		{8C6EFC99-6B04-4ED7-AF54-271615000E58}.Release Service.ActiveCfg = Release|Win32
		{8C6EFC99-6B04-4ED7-AF54-271615000E58}.Release Service.Build.0 = Release|Win32
		{8C6EFC99-6B04-4ED7-AF54-271615000E58}.ReleaseU.ActiveCfg = ReleaseU|Win32
		{8C6EFC99-6B04-4ED7-AF54-271615000E58}.ReleaseU.Build.0 = ReleaseU|Win32
		{8C6EFC99-6B04-4ED7-AF54-271615000E58}.ReleaseU Dll.ActiveCfg = ReleaseU|Win32
		{8C6EFC99-6B04-4ED7-AF54-271615000E58}.ReleaseU Dll.Build.0 = ReleaseU|Win32
		{4A55BA57-2BCC-484E-BC2F-82896B78E13C}.Debug.ActiveCfg = Debug Console|Win32
		{4A55BA57-2BCC-484E-BC2F-82896B78E13C}.Debug.Build.0 = Debug Console|Win32
		{4A55BA57-2BCC-484E-BC2F-82896B78E13C}.Debug Console.ActiveCfg = Debug Console|Win32
		{4A55BA57-2BCC-484E-BC2F-82896B78E13C}.Debug Console.Build.0 = Debug Console|Win32
		{4A55BA57-2BCC-484E-BC2F-82896B78E13C}.Debug Dll.ActiveCfg = Debug Console|Win32
		{4A55BA57-2BCC-484E-BC2F-82896B78E13C}.Debug Dll.Build.0 = Debug Console|Win32
		{4A55BA57-2BCC-484E-BC2F-82896B78E13C}.Debug Service.ActiveCfg = Debug Console|Win32
		{4A55BA57-2BCC-484E-BC2F-82896B78E13C}.Debug Service.Build.0 = Debug Console|Win32
		{4A55BA57-2BCC-484E-BC2F-82896B78E13C}.DebugU.ActiveCfg = Debug Console|Win32
		{4A55BA57-2BCC-484E-BC2F-82896B78E13C}.DebugU.Build.0 = Debug Console|Win32
		{4A55BA57-2BCC-484E-BC2F-82896B78E13C}.DebugU Dll.ActiveCfg = Debug Console|Win32
		{4A55BA57-2BCC-484E-BC2F-82896B78E13C}.DebugU Dll.Build.0 = Debug Console|Win32
		{4A55BA57-2BCC-484E-BC2F-82896B78E13C}.Release.ActiveCfg = Release Console|Win32
		{4A55BA57-2BCC-484E-BC2F-82896B78E13C}.Release.Build.0 = Release Console|Win32
		{4A55BA57-2BCC-484E-BC2F-82896B78E13C}.Release Console.ActiveCfg = Release Console|Win32
		{4A55BA57-2BCC-484E-BC2F-82896B78E13C}.Release Console.Build.0 = Release Console|Win32
		{4A55BA57-2BCC-484E-BC2F-82896B78E13C}.Release Dll.ActiveCfg = Release Console|Win32
		{4A55BA57-2BCC-484E-BC2F-82896B78E13C}.Release Dll.Build.0 = Release Console|Win32
		{4A55BA57-2BCC-484E-BC2F-82896B78E13C}.Release Service.ActiveCfg = Release Console|Win32
		{4A55BA57-2BCC-484E-BC2F-82896B78E13C}.Release Service.Build.0 = Release Console|Win32
		{4A55BA57-2BCC-484E-BC2F-82896B78E13C}.ReleaseU.ActiveCfg = Release Console|Win32
		{4A55BA57-2BCC-484E-BC2F-82896B78E13C}.ReleaseU.Build.0 = Release Console|Win32
		{4A55BA57-2BCC-484E-BC2F-82896B78E13C}.ReleaseU Dll.ActiveCfg = Release Console|Win32
		{4A55BA57-2BCC-484E-BC2F-82896B78E13C}.ReleaseU Dll.Build.0 = Release Console|Win32
		{8C6EFC99-6B04-4ED7-AF54-271615000E58}.Debug.ActiveCfg = Debug|Win32
		{8C6EFC99-6B04-4ED7-AF54-271615000E58}.Debug.Build.0 = Debug|Win32
		{8C6EFC99-6B04-4ED7-AF54-271615000E58}.Debug Console.ActiveCfg = Debug|Win32
		{8C6EFC99-6B04-4ED7-AF54-271615000E58}.Debug Console.Build.0 = Debug|Win32
		{8C6EFC99-6B04-4ED7-AF54-271615000E58}.Debug Dll.ActiveCfg = Debug|Win32
		{8C6EFC99-6B04-4ED7-AF54-271615000E58}.Debug Dll.Build.0 = Debug|Win32
		{8C6EFC99-6B04-4ED7-AF54-271615000E58}.Debug Service.ActiveCfg = Debug|Win32
		{8C6EFC99-6B04-4ED7-AF54-271615000E58}.Debug Service.Build.0 = Debug|Win32
		{8C6EFC99-6B04-4ED7-AF54-271615000E58}.DebugU.ActiveCfg = DebugU|Win32
		{8C6EFC99-6B04-4ED7-AF54-271615000E58}.DebugU.Build.0 = DebugU|Win32
		{8C6EFC99-6B04-4ED7-AF54-271615000E58}.DebugU Dll.ActiveCfg = DebugU|Win32
		{8C6EFC99-6B04-4ED7-AF54-271615000E58}.DebugU Dll.Build.0 = DebugU|Win32
		{8C6EFC99-6B04-4ED7-AF54-271615000E58}.Release.ActiveCfg = Release|Win32
		{8C6EFC99-6B04-4ED7-AF54-271615000E58}.Release.Build.0 = Release|Win32
		{8C6EFC99-6B04-4ED7-AF54-271615000E58}.Release Console.ActiveCfg = Release|Win32
		{8C6EFC99-6B04-4ED7-AF54-271615000E58}.Release Console.Build.0 = Release|Win32
		{8C6EFC99-6B04-4ED7-AF54-271615000E58}.Release Dll.ActiveCfg = Release|Win32
		{8C6EFC99-6B04-4ED7-AF54-271615000E58}.Release Dll.Build.0 = Release|Win32
		{8C6EFC99-6B04-4ED7-AF54-271615000E58}.Release Service.ActiveCfg = Release|Win32
		{8C6EFC99-6B04-4ED7-AF54-271615000E58}.Release Service.Build.0 = Release|Win32
		{8C6EFC99-6B04-4ED7-AF54-271615000E58}.ReleaseU.ActiveCfg = ReleaseU|Win32
		{8C6EFC99-6B04-4ED7-AF54-271615000E58}.ReleaseU.Build.0 = ReleaseU|Win32
		{8C6EFC99-6B04-4ED7-AF54-271615000E58}.ReleaseU Dll.ActiveCfg = ReleaseU|Win32
		{8C6EFC99-6B04-4ED7-AF54-271615000E58}.ReleaseU Dll.Build.0 = ReleaseU|Win32
		{00629150-DA30-432B-A4C7-59EE4C8A9753}.Debug.ActiveCfg = Debug Console|Win32
		{00629150-DA30-432B-A4C7-59EE4C8A9753}.Debug.Build.0 = Debug Console|Win32
		{00629150-DA30-432B-A4C7-59EE4C8A9753}.Debug Console.ActiveCfg = Debug Console|Win32
		{00629150-DA30-432B-A4C7-59EE4C8A9753}.Debug Console.Build.0 = Debug Console|Win32
		{00629150-DA30-432B-A4C7-59EE4C8A9753}.Debug Dll.ActiveCfg = Debug Console|Win32
		{00629150-DA30-432B-A4C7-59EE4C8A9753}.Debug Dll.Build.0 = Debug Console|Win32
		{00629150-DA30-432B-A4C7-59EE4C8A9753}.Debug Service.ActiveCfg = Debug Console|Win32
		{00629150-DA30-432B-A4C7-59EE4C8A9753}.Debug Service.Build.0 = Debug Console|Win32
		{00629150-DA30-432B-A4C7-59EE4C8A9753}.DebugU.ActiveCfg = Debug Console|Win32
		{00629150-DA30-432B-A4C7-59EE4C8A9753}.DebugU.Build.0 = Debug Console|Win32
		{00629150-DA30-432B-A4C7-59EE4C8A9753}.DebugU Dll.ActiveCfg = Debug Console|Win32
		{00629150-DA30-432B-A4C7-59EE4C8A9753}.DebugU Dll.Build.0 = Debug Console|Win32
		{00629150-DA30-432B-A4C7-59EE4C8A9753}.Release.ActiveCfg = Release Console|Win32
		{00629150-DA30-432B-A4C7-59EE4C8A9753}.Release.Build.0 = Release Console|Win32
		{00629150-DA30-432B-A4C7-59EE4C8A9753}.Release Console.ActiveCfg = Release Console|Win32
		{00629150-DA30-432B-A4C7-59EE4C8A9753}.Release Console.Build.0 = Release Console|Win32
		{00629150-DA30-432B-A4C7-59EE4C8A9753}.Release Dll.ActiveCfg = Release Console|Win32
		{00629150-DA30-432B-A4C7-59EE4C8A9753}.Release Dll.Build.0 = Release Console|Win32
		{00629150-DA30-432B-A4C7-59EE4C8A9753}.Release Service.ActiveCfg = Release Console|Win32
		{00629150-DA30-432B-A4C7-59EE4C8A9753}.Release Service.Build.0 = Release Console|Win32
		{00629150-DA30-432B-A4C7-59EE4C8A9753}.ReleaseU.ActiveCfg = Release Console|Win32
		{00629150-DA30-432B-A4C7-59EE4C8A9753}.ReleaseU.Build.0 = Release Console|Win32
		{00629150-DA30-432B-A4C7-59EE4C8A9753}.ReleaseU Dll.ActiveCfg = Release Console|Win32
		{00629150-DA30-432B-A4C7-59EE4C8A9753}.ReleaseU Dll.Build.0 = Release Console|Win32
		{D4AEE724-81FE-47B0-B9B9-2E69778A7731}.Debug.ActiveCfg = Debug Console|Win32
		{D4AEE724-81FE-47B0-B9B9-2E69778A7731}.Debug.Build.0 = Debug Console|Win32
		{D4AEE724-81FE-47B0-B9B9-2E69778A7731}.Debug Console.ActiveCfg = Debug Console|Win32
		{D4AEE724-81FE-47B0-B9B9-2E69778A7731}.Debug Console.Build.0 = Debug Console|Win32
		{D4AEE724-81FE-47B0-B9B9-2E69778A7731}.Debug Dll.ActiveCfg = Debug Console|Win32
		{D4AEE724-81FE-47B0-B9B9-2E69778A7731}.Debug Dll.Build.0 = Debug Console|Win32
		{D4AEE724-81FE-47B0-B9B9-2E69778A7731}.Debug Service.ActiveCfg = Debug Console|Win32
		{D4AEE724-81FE-47B0-B9B9-2E69778A7731}.Debug Service.Build.0 = Debug Console|Win32
		{D4AEE724-81FE-47B0-B9B9-2E69778A7731}.DebugU.ActiveCfg = Debug Console|Win32
		{D4AEE724-81FE-47B0-B9B9-2E69778A7731}.DebugU.Build.0 = Debug Console|Win32
		{D4AEE724-81FE-47B0-B9B9-2E69778A7731}.DebugU Dll.ActiveCfg = Debug Console|Win32
		{D4AEE724-81FE-47B0-B9B9-2E69778A7731}.DebugU Dll.Build.0 = Debug Console|Win32
		{D4AEE724-81FE-47B0-B9B9-2E69778A7731}.Release.ActiveCfg = Release Console|Win32
		{D4AEE724-81FE-47B0-B9B9-2E69778A7731}.Release.Build.0 = Release Console|Win32
		{D4AEE724-81FE-47B0-B9B9-2E69778A7731}.Release Console.ActiveCfg = Release Console|Win32
		{D4AEE724-81FE-47B0-B9B9-2E69778A7731}.Release Console.Build.0 = Release Console|Win32
		{D4AEE724-81FE-47B0-B9B9-2E69778A7731}.Release Dll.ActiveCfg = Release Console|Win32
		{D4AEE724-81FE-47B0-B9B9-2E69778A7731}.Release Dll.Build.0 = Release Console|Win32
		{D4AEE724-81FE-47B0-B9B9-2E69778A7731}.Release Service.ActiveCfg = Release Console|Win32
		{D4AEE724-81FE-47B0-B9B9-2E69778A7731}.Release Service.Build.0 = Release Console|Win32
		{D4AEE724-81FE-47B0-B9B9-2E69778A7731}.ReleaseU.ActiveCfg = Release Console|Win32
		{D4AEE724-81FE-47B0-B9B9-2E69778A7731}.ReleaseU.Build.0 = Release Console|Win32
		{D4AEE724-81FE-47B0-B9B9-2E69778A7731}.ReleaseU Dll.ActiveCfg = Release Console|Win32
		{D4AEE724-81FE-47B0-B9B9-2E69778A7731}.ReleaseU Dll.Build.0 = Release Console|Win32
		{AD6129A1-F781-4531-9202-4C82C16D3B3E}.Debug.ActiveCfg = DebugU Dll|Win32
		{AD6129A1-F781-4531-9202-4C82C16D3B3E}.Debug.Build.0 = DebugU Dll|Win32
		{AD6129A1-F781-4531-9202-4C82C16D3B3E}.Debug Console.ActiveCfg = Debug Dll|Win32
		{AD6129A1-F781-4531-9202-4C82C16D3B3E}.Debug Console.Build.0 = Debug Dll|Win32
		{AD6129A1-F781-4531-9202-4C82C16D3B3E}.Debug Dll.ActiveCfg = Debug Dll|Win32
		{AD6129A1-F781-4531-9202-4C82C16D3B3E}.Debug Dll.Build.0 = Debug Dll|Win32
		{AD6129A1-F781-4531-9202-4C82C16D3B3E}.Debug Service.ActiveCfg = Debug Dll|Win32
		{AD6129A1-F781-4531-9202-4C82C16D3B3E}.Debug Service.Build.0 = Debug Dll|Win32
		{AD6129A1-F781-4531-9202-4C82C16D3B3E}.DebugU.ActiveCfg = DebugU Dll|Win32
		{AD6129A1-F781-4531-9202-4C82C16D3B3E}.DebugU.Build.0 = DebugU Dll|Win32
		{AD6129A1-F781-4531-9202-4C82C16D3B3E}.DebugU Dll.ActiveCfg = DebugU Dll|Win32
		{AD6129A1-F781-4531-9202-4C82C16D3B3E}.DebugU Dll.Build.0 = DebugU Dll|Win32
		{AD6129A1-F781-4531-9202-4C82C16D3B3E}.Release.ActiveCfg = ReleaseU Dll|Win32
		{AD6129A1-F781-4531-9202-4C82C16D3B3E}.Release.Build.0 = ReleaseU Dll|Win32
		{AD6129A1-F781-4531-9202-4C82C16D3B3E}.Release Console.ActiveCfg = Release Dll|Win32
		{AD6129A1-F781-4531-9202-4C82C16D3B3E}.Release Console.Build.0 = Release Dll|Win32
		{AD6129A1-F781-4531-9202-4C82C16D3B3E}.Release Dll.ActiveCfg = Release Dll|Win32
		{AD6129A1-F781-4531-9202-4C82C16D3B3E}.Release Dll.Build.0 = Release Dll|Win32
		{AD6129A1-F781-4531-9202-4C82C16D3B3E}.Release Service.ActiveCfg = Release Dll|Win32
		{AD6129A1-F781-4531-9202-4C82C16D3B3E}.Release Service.Build.0 = Release Dll|Win32
		{AD6129A1-F781-4531-9202-4C82C16D3B3E}.ReleaseU.ActiveCfg = ReleaseU Dll|Win32
		{AD6129A1-F781-4531-9202-4C82C16D3B3E}.ReleaseU.Build.0 = ReleaseU Dll|Win32
		{AD6129A1-F781-4531-9202-4C82C16D3B3E}.ReleaseU Dll.ActiveCfg = ReleaseU Dll|Win32
		{AD6129A1-F781-4531-9202-4C82C16D3B3E}.ReleaseU Dll.Build.0 = ReleaseU Dll|Win32
		{FB34B33E-AC93-4F57-91D4-566A8214CB73}.Debug.ActiveCfg = Debug|Win32
		{FB34B33E-AC93-4F57-91D4-566A8214CB73}.Debug.Build.0 = Debug|Win32
		{FB34B33E-AC93-4F57-91D4-566A8214CB73}.Debug Console.ActiveCfg = Debug|Win32
		{FB34B33E-AC93-4F57-91D4-566A8214CB73}.Debug Console.Build.0 = Debug|Win32
		{FB34B33E-AC93-4F57-91D4-566A8214CB73}.Debug Dll.ActiveCfg = Debug|Win32
		{FB34B33E-AC93-4F57-91D4-566A8214CB73}.Debug Dll.Build.0 = Debug|Win32
		{FB34B33E-AC93-4F57-91D4-566A8214CB73}.Debug Service.ActiveCfg = Debug|Win32
		{FB34B33E-AC93-4F57-91D4-566A8214CB73}.Debug Service.Build.0 = Debug|Win32
		{FB34B33E-AC93-4F57-91D4-566A8214CB73}.DebugU.ActiveCfg = DebugU|Win32
		{FB34B33E-AC93-4F57-91D4-566A8214CB73}.DebugU.Build.0 = DebugU|Win32
		{FB34B33E-AC93-4F57-91D4-566A8214CB73}.DebugU Dll.ActiveCfg = DebugU|Win32
		{FB34B33E-AC93-4F57-91D4-566A8214CB73}.DebugU Dll.Build.0 = DebugU|Win32
		{FB34B33E-AC93-4F57-91D4-566A8214CB73}.Release.ActiveCfg = Release|Win32
		{FB34B33E-AC93-4F57-91D4-566A8214CB73}.Release.Build.0 = Release|Win32
		{FB34B33E-AC93-4F57-91D4-566A8214CB73}.Release Console.ActiveCfg = Release|Win32
		{FB34B33E-AC93-4F57-91D4-566A8214CB73}.Release Console.Build.0 = Release|Win32
		{FB34B33E-AC93-4F57-91D4-566A8214CB73}.Release Dll.ActiveCfg = Release|Win32
		{FB34B33E-AC93-4F57-91D4-566A8214CB73}.Release Dll.Build.0 = Release|Win32
		{FB34B33E-AC93-4F57-91D4-566A8214CB73}.Release Service.ActiveCfg = Release|Win32
		{FB34B33E-AC93-4F57-91D4-566A8214CB73}.Release Service.Build.0 = Release|Win32
		{FB34B33E-AC93-4F57-91D4-566A8214CB73}.ReleaseU.ActiveCfg = ReleaseU|Win32
		{FB34B33E-AC93-4F57-91D4-566A8214CB73}.ReleaseU.Build.0 = ReleaseU|Win32
		{FB34B33E-AC93-4F57-91D4-566A8214CB73}.ReleaseU Dll.ActiveCfg = ReleaseU|Win32
		{FB34B33E-AC93-4F57-91D4-566A8214CB73}.ReleaseU Dll.Build.0 = ReleaseU|Win32
		{C5B4C672-D2C2-491C-908A-301D2A89622D}.Debug.ActiveCfg = Debug|Win32
		{C5B4C672-D2C2-491C-908A-301D2A89622D}.Debug.Build.0 = Debug|Win32
		{C5B4C672-D2C2-491C-908A-301D2A89622D}.Debug Console.ActiveCfg = Debug|Win32
		{C5B4C672-D2C2-491C-908A-301D2A89622D}.Debug Console.Build.0 = Debug|Win32
		{C5B4C672-D2C2-491C-908A-301D2A89622D}.Debug Dll.ActiveCfg = Debug|Win32
		{C5B4C672-D2C2-491C-908A-301D2A89622D}.Debug Dll.Build.0 = Debug|Win32
		{C5B4C672-D2C2-491C-908A-301D2A89622D}.Debug Service.ActiveCfg = Debug|Win32
		{C5B4C672-D2C2-491C-908A-301D2A89622D}.Debug Service.Build.0 = Debug|Win32
		{C5B4C672-D2C2-491C-908A-301D2A89622D}.DebugU.ActiveCfg = DebugU|Win32
		{C5B4C672-D2C2-491C-908A-301D2A89622D}.DebugU.Build.0 = DebugU|Win32
		{C5B4C672-D2C2-491C-908A-301D2A89622D}.DebugU Dll.ActiveCfg = DebugU|Win32
		{C5B4C672-D2C2-491C-908A-301D2A89622D}.DebugU Dll.Build.0 = DebugU|Win32
		{C5B4C672-D2C2-491C-908A-301D2A89622D}.Release.ActiveCfg = Release|Win32
		{C5B4C672-D2C2-491C-908A-301D2A89622D}.Release.Build.0 = Release|Win32
		{C5B4C672-D2C2-491C-908A-301D2A89622D}.Release Console.ActiveCfg = Release|Win32
		{C5B4C672-D2C2-491C-908A-301D2A89622D}.Release Console.Build.0 = Release|Win32
		{C5B4C672-D2C2-491C-908A-301D2A89622D}.Release Dll.ActiveCfg = Release|Win32
		{C5B4C672-D2C2-491C-908A-301D2A89622D}.Release Dll.Build.0 = Release|Win32
		{C5B4C672-D2C2-491C-908A-301D2A89622D}.Release Service.ActiveCfg = Release|Win32
		{C5B4C672-D2C2-491C-908A-301D2A89622D}.Release Service.Build.0 = Release|Win32
		{C5B4C672-D2C2-491C-908A-301D2A89622D}.ReleaseU.ActiveCfg = ReleaseU|Win32
		{C5B4C672-D2C2-491C-908A-301D2A89622D}.ReleaseU.Build.0 = ReleaseU|Win32
		{C5B4C672-D2C2-491C-908A-301D2A89622D}.ReleaseU Dll.ActiveCfg = ReleaseU|Win32
		{C5B4C672-D2C2-491C-908A-301D2A89622D}.ReleaseU Dll.Build.0 = ReleaseU|Win32
		{C5B4C672-D2C2-491C-908A-301D2A89622D}.Debug.ActiveCfg = Debug|Win32
		{C5B4C672-D2C2-491C-908A-301D2A89622D}.Debug.Build.0 = Debug|Win32
		{C5B4C672-D2C2-491C-908A-301D2A89622D}.Debug Console.ActiveCfg = Debug|Win32
		{C5B4C672-D2C2-491C-908A-301D2A89622D}.Debug Console.Build.0 = Debug|Win32
		{C5B4C672-D2C2-491C-908A-301D2A89622D}.Debug Dll.ActiveCfg = Debug|Win32
		{C5B4C672-D2C2-491C-908A-301D2A89622D}.Debug Dll.Build.0 = Debug|Win32
		{C5B4C672-D2C2-491C-908A-301D2A89622D}.Debug Service.ActiveCfg = Debug|Win32
		{C5B4C672-D2C2-491C-908A-301D2A89622D}.Debug Service.Build.0 = Debug|Win32
		{C5B4C672-D2C2-491C-908A-301D2A89622D}.DebugU.ActiveCfg = DebugU|Win32
		{C5B4C672-D2C2-491C-908A-301D2A89622D}.DebugU.Build.0 = DebugU|Win32
		{C5B4C672-D2C2-491C-908A-301D2A89622D}.DebugU Dll.ActiveCfg = DebugU|Win32
		{C5B4C672-D2C2-491C-908A-301D2A89622D}.DebugU Dll.Build.0 = DebugU|Win32
		{C5B4C672-D2C2-491C-908A-301D2A89622D}.Release.ActiveCfg = Release|Win32
		{C5B4C672-D2C2-491C-908A-301D2A89622D}.Release.Build.0 = Release|Win32
		{C5B4C672-D2C2-491C-908A-301D2A89622D}.Release Console.ActiveCfg = Release|Win32
		{C5B4C672-D2C2-491C-908A-301D2A89622D}.Release Console.Build.0 = Release|Win32
		{C5B4C672-D2C2-491C-908A-301D2A89622D}.Release Dll.ActiveCfg = Release|Win32
		{C5B4C672-D2C2-491C-908A-301D2A89622D}.Release Dll.Build.0 = Release|Win32
		{C5B4C672-D2C2-491C-908A-301D2A89622D}.Release Service.ActiveCfg = Release|Win32
		{C5B4C672-D2C2-491C-908A-301D2A89622D}.Release Service.Build.0 = Release|Win32
		{C5B4C672-D2C2-491C-908A-301D2A89622D}.ReleaseU.ActiveCfg = ReleaseU|Win32
		{C5B4C672-D2C2-491C-908A-301D2A89622D}.ReleaseU.Build.0 = ReleaseU|Win32
		{C5B4C672-D2C2-491C-908A-301D2A89622D}.ReleaseU Dll.ActiveCfg = ReleaseU|Win32
		{C5B4C672-D2C2-491C-908A-301D2A89622D}.ReleaseU Dll.Build.0 = ReleaseU|Win32
		{CCAF20A7-4F31-40F8-BD54-6A0D918BE077}.Debug.ActiveCfg = Debug Console|Win32
		{CCAF20A7-4F31-40F8-BD54-6A0D918BE077}.Debug.Build.0 = Debug Console|Win32
		{CCAF20A7-4F31-40F8-BD54-6A0D918BE077}.Debug Console.ActiveCfg = Debug Console|Win32
		{CCAF20A7-4F31-40F8-BD54-6A0D918BE077}.Debug Console.Build.0 = Debug Console|Win32
		{CCAF20A7-4F31-40F8-BD54-6A0D918BE077}.Debug Dll.ActiveCfg = Debug Console|Win32
		{CCAF20A7-4F31-40F8-BD54-6A0D918BE077}.Debug Dll.Build.0 = Debug Console|Win32
		{CCAF20A7-4F31-40F8-BD54-6A0D918BE077}.Debug Service.ActiveCfg = Debug Console|Win32
		{CCAF20A7-4F31-40F8-BD54-6A0D918BE077}.Debug Service.Build.0 = Debug Console|Win32
		{CCAF20A7-4F31-40F8-BD54-6A0D918BE077}.DebugU.ActiveCfg = Debug Console|Win32
		{CCAF20A7-4F31-40F8-BD54-6A0D918BE077}.DebugU.Build.0 = Debug Console|Win32
		{CCAF20A7-4F31-40F8-BD54-6A0D918BE077}.DebugU Dll.ActiveCfg = Debug Console|Win32
		{CCAF20A7-4F31-40F8-BD54-6A0D918BE077}.DebugU Dll.Build.0 = Debug Console|Win32
		{CCAF20A7-4F31-40F8-BD54-6A0D918BE077}.Release.ActiveCfg = Release Console|Win32
		{CCAF20A7-4F31-40F8-BD54-6A0D918BE077}.Release.Build.0 = Release Console|Win32
		{CCAF20A7-4F31-40F8-BD54-6A0D918BE077}.Release Console.ActiveCfg = Release Console|Win32
		{CCAF20A7-4F31-40F8-BD54-6A0D918BE077}.Release Console.Build.0 = Release Console|Win32
		{CCAF20A7-4F31-40F8-BD54-6A0D918BE077}.Release Dll.ActiveCfg = Release Console|Win32
		{CCAF20A7-4F31-40F8-BD54-6A0D918BE077}.Release Dll.Build.0 = Release Console|Win32
		{CCAF20A7-4F31-40F8-BD54-6A0D918BE077}.Release Service.ActiveCfg = Release Console|Win32
		{CCAF20A7-4F31-40F8-BD54-6A0D918BE077}.Release Service.Build.0 = Release Console|Win32
		{CCAF20A7-4F31-40F8-BD54-6A0D918BE077}.ReleaseU.ActiveCfg = Release Console|Win32
		{CCAF20A7-4F31-40F8-BD54-6A0D918BE077}.ReleaseU.Build.0 = Release Console|Win32
		{CCAF20A7-4F31-40F8-BD54-6A0D918BE077}.ReleaseU Dll.ActiveCfg = Release Console|Win32
		{CCAF20A7-4F31-40F8-BD54-6A0D918BE077}.ReleaseU Dll.Build.0 = Release Console|Win32
		{8A49199F-5230-4533-9D28-6CA099F9FE46}.Debug.ActiveCfg = Debug Service|Win32
		{8A49199F-5230-4533-9D28-6CA099F9FE46}.Debug.Build.0 = Debug Service|Win32
		{8A49199F-5230-4533-9D28-6CA099F9FE46}.Debug Console.ActiveCfg = Debug Service|Win32
		{8A49199F-5230-4533-9D28-6CA099F9FE46}.Debug Console.Build.0 = Debug Service|Win32
		{8A49199F-5230-4533-9D28-6CA099F9FE46}.Debug Dll.ActiveCfg = Debug Service|Win32
		{8A49199F-5230-4533-9D28-6CA099F9FE46}.Debug Dll.Build.0 = Debug Service|Win32
		{8A49199F-5230-4533-9D28-6CA099F9FE46}.Debug Service.ActiveCfg = Debug Service|Win32
		{8A49199F-5230-4533-9D28-6CA099F9FE46}.Debug Service.Build.0 = Debug Service|Win32
		{8A49199F-5230-4533-9D28-6CA099F9FE46}.DebugU.ActiveCfg = Debug Service|Win32
		{8A49199F-5230-4533-9D28-6CA099F9FE46}.DebugU.Build.0 = Debug Service|Win32
		{8A49199F-5230-4533-9D28-6CA099F9FE46}.DebugU Dll.ActiveCfg = Debug Service|Win32
		{8A49199F-5230-4533-9D28-6CA099F9FE46}.DebugU Dll.Build.0 = Debug Service|Win32
		{8A49199F-5230-4533-9D28-6CA099F9FE46}.Release.ActiveCfg = Release Service|Win32
		{8A49199F-5230-4533-9D28-6CA099F9FE46}.Release.Build.0 = Release Service|Win32
		{8A49199F-5230-4533-9D28-6CA099F9FE46}.Release Console.ActiveCfg = Release Service|Win32
		{8A49199F-5230-4533-9D28-6CA099F9FE46}.Release Console.Build.0 = Release Service|Win32
		{8A49199F-5230-4533-9D28-6CA099F9FE46}.Release Dll.ActiveCfg = Release Service|Win32
		{8A49199F-5230-4533-9D28-6CA099F9FE46}.Release Dll.Build.0 = Release Service|Win32
		{8A49199F-5230-4533-9D28-6CA099F9FE46}.Release Service.ActiveCfg = Release Service|Win32
		{8A49199F-5230-4533-9D28-6CA099F9FE46}.Release Service.Build.0 = Release Service|Win32
		{8A49199F-5230-4533-9D28-6CA099F9FE46}.ReleaseU.ActiveCfg = Release Service|Win32
		{8A49199F-5230-4533-9D28-6CA099F9FE46}.ReleaseU.Build.0 = Release Service|Win32
		{8A49199F-5230-4533-9D28-6CA099F9FE46}.ReleaseU Dll.ActiveCfg = Release Service|Win32
		{8A49199F-5230-4533-9D28-6CA099F9FE46}.ReleaseU Dll.Build.0 = Release Service|Win32
		{40412BAA-B0FB-4DD3-BAE5-D5789CF8CD54}.Debug.ActiveCfg = Debug Console|Win32
		{40412BAA-B0FB-4DD3-BAE5-D5789CF8CD54}.Debug.Build.0 = Debug Console|Win32
		{40412BAA-B0FB-4DD3-BAE5-D5789CF8CD54}.Debug Console.ActiveCfg = Debug Console|Win32
		{40412BAA-B0FB-4DD3-BAE5-D5789CF8CD54}.Debug Console.Build.0 = Debug Console|Win32
		{40412BAA-B0FB-4DD3-BAE5-D5789CF8CD54}.Debug Dll.ActiveCfg = Debug Console|Win32
		{40412BAA-B0FB-4DD3-BAE5-D5789CF8CD54}.Debug Dll.Build.0 = Debug Console|Win32
		{40412BAA-B0FB-4DD3-BAE5-D5789CF8CD54}.Debug Service.ActiveCfg = Debug Console|Win32
		{40412BAA-B0FB-4DD3-BAE5-D5789CF8CD54}.Debug Service.Build.0 = Debug Console|Win32
		{40412BAA-B0FB-4DD3-BAE5-D5789CF8CD54}.DebugU.ActiveCfg = Debug Console|Win32
		{40412BAA-B0FB-4DD3-BAE5-D5789CF8CD54}.DebugU.Build.0 = Debug Console|Win32
		{40412BAA-B0FB-4DD3-BAE5-D5789CF8CD54}.DebugU Dll.ActiveCfg = Debug Console|Win32
		{40412BAA-B0FB-4DD3-BAE5-D5789CF8CD54}.DebugU Dll.Build.0 = Debug Console|Win32
		{40412BAA-B0FB-4DD3-BAE5-D5789CF8CD54}.Release.ActiveCfg = Release Console|Win32
		{40412BAA-B0FB-4DD3-BAE5-D5789CF8CD54}.Release.Build.0 = Release Console|Win32
		{40412BAA-B0FB-4DD3-BAE5-D5789CF8CD54}.Release Console.ActiveCfg = Release Console|Win32
		{40412BAA-B0FB-4DD3-BAE5-D5789CF8CD54}.Release Console.Build.0 = Release Console|Win32
		{40412BAA-B0FB-4DD3-BAE5-D5789CF8CD54}.Release Dll.ActiveCfg = Release Console|Win32
		{40412BAA-B0FB-4DD3-BAE5-D5789CF8CD54}.Release Dll.Build.0 = Release Console|Win32
		{40412BAA-B0FB-4DD3-BAE5-D5789CF8CD54}.Release Service.ActiveCfg = Release Console|Win32
		{40412BAA-B0FB-4DD3-BAE5-D5789CF8CD54}.Release Service.Build.0 = Release Console|Win32
		{40412BAA-B0FB-4DD3-BAE5-D5789CF8CD54}.ReleaseU.ActiveCfg = Release Console|Win32
		{40412BAA-B0FB-4DD3-BAE5-D5789CF8CD54}.ReleaseU.Build.0 = Release Console|Win32
		{40412BAA-B0FB-4DD3-BAE5-D5789CF8CD54}.ReleaseU Dll.ActiveCfg = Release Console|Win32
		{40412BAA-B0FB-4DD3-BAE5-D5789CF8CD54}.ReleaseU Dll.Build.0 = Release Console|Win32
		{6DA3DE28-FB6C-4A94-91F3-E9A8B29C09DE}.Debug.ActiveCfg = Debug Console|Win32
		{6DA3DE28-FB6C-4A94-91F3-E9A8B29C09DE}.Debug.Build.0 = Debug Console|Win32
		{6DA3DE28-FB6C-4A94-91F3-E9A8B29C09DE}.Debug Console.ActiveCfg = Debug Console|Win32
		{6DA3DE28-FB6C-4A94-91F3-E9A8B29C09DE}.Debug Console.Build.0 = Debug Console|Win32
		{6DA3DE28-FB6C-4A94-91F3-E9A8B29C09DE}.Debug Dll.ActiveCfg = Debug Console|Win32
		{6DA3DE28-FB6C-4A94-91F3-E9A8B29C09DE}.Debug Dll.Build.0 = Debug Console|Win32
		{6DA3DE28-FB6C-4A94-91F3-E9A8B29C09DE}.Debug Service.ActiveCfg = Debug Console|Win32
		{6DA3DE28-FB6C-4A94-91F3-E9A8B29C09DE}.Debug Service.Build.0 = Debug Console|Win32
		{6DA3DE28-FB6C-4A94-91F3-E9A8B29C09DE}.DebugU.ActiveCfg = Debug Console|Win32
		{6DA3DE28-FB6C-4A94-91F3-E9A8B29C09DE}.DebugU.Build.0 = Debug Console|Win32
		{6DA3DE28-FB6C-4A94-91F3-E9A8B29C09DE}.DebugU Dll.ActiveCfg = Debug Console|Win32
		{6DA3DE28-FB6C-4A94-91F3-E9A8B29C09DE}.DebugU Dll.Build.0 = Debug Console|Win32
		{6DA3DE28-FB6C-4A94-91F3-E9A8B29C09DE}.Release.ActiveCfg = Release Console|Win32
		{6DA3DE28-FB6C-4A94-91F3-E9A8B29C09DE}.Release.Build.0 = Release Console|Win32
		{6DA3DE28-FB6C-4A94-91F3-E9A8B29C09DE}.Release Console.ActiveCfg = Release Console|Win32
		{6DA3DE28-FB6C-4A94-91F3-E9A8B29C09DE}.Release Console.Build.0 = Release Console|Win32
		{6DA3DE28-FB6C-4A94-91F3-E9A8B29C09DE}.Release Dll.ActiveCfg = Release Console|Win32
		{6DA3DE28-FB6C-4A94-91F3-E9A8B29C09DE}.Release Dll.Build.0 = Release Console|Win32
		{6DA3DE28-FB6C-4A94-91F3-E9A8B29C09DE}.Release Service.ActiveCfg = Release Console|Win32
		{6DA3DE28-FB6C-4A94-91F3-E9A8B29C09DE}.Release Service.Build.0 = Release Console|Win32
		{6DA3DE28-FB6C-4A94-91F3-E9A8B29C09DE}.ReleaseU.ActiveCfg = Release Console|Win32
		{6DA3DE28-FB6C-4A94-91F3-E9A8B29C09DE}.ReleaseU.Build.0 = Release Console|Win32
		{6DA3DE28-FB6C-4A94-91F3-E9A8B29C09DE}.ReleaseU Dll.ActiveCfg = Release Console|Win32
		{6DA3DE28-FB6C-4A94-91F3-E9A8B29C09DE}.ReleaseU Dll.Build.0 = Release Console|Win32
		{C5B4C672-D2C2-491C-908A-301D2A89622D}.Debug.ActiveCfg = Debug|Win32
		{C5B4C672-D2C2-491C-908A-301D2A89622D}.Debug.Build.0 = Debug|Win32
		{C5B4C672-D2C2-491C-908A-301D2A89622D}.Debug Console.ActiveCfg = Debug|Win32
		{C5B4C672-D2C2-491C-908A-301D2A89622D}.Debug Console.Build.0 = Debug|Win32
		{C5B4C672-D2C2-491C-908A-301D2A89622D}.Debug Dll.ActiveCfg = Debug|Win32
		{C5B4C672-D2C2-491C-908A-301D2A89622D}.Debug Dll.Build.0 = Debug|Win32
		{C5B4C672-D2C2-491C-908A-301D2A89622D}.Debug Service.ActiveCfg = Debug|Win32
		{C5B4C672-D2C2-491C-908A-301D2A89622D}.Debug Service.Build.0 = Debug|Win32
		{C5B4C672-D2C2-491C-908A-301D2A89622D}.DebugU.ActiveCfg = DebugU|Win32
		{C5B4C672-D2C2-491C-908A-301D2A89622D}.DebugU.Build.0 = DebugU|Win32
		{C5B4C672-D2C2-491C-908A-301D2A89622D}.DebugU Dll.ActiveCfg = DebugU|Win32
		{C5B4C672-D2C2-491C-908A-301D2A89622D}.DebugU Dll.Build.0 = DebugU|Win32
		{C5B4C672-D2C2-491C-908A-301D2A89622D}.Release.ActiveCfg = Release|Win32
		{C5B4C672-D2C2-491C-908A-301D2A89622D}.Release.Build.0 = Release|Win32
		{C5B4C672-D2C2-491C-908A-301D2A89622D}.Release Console.ActiveCfg = Release|Win32
		{C5B4C672-D2C2-491C-908A-301D2A89622D}.Release Console.Build.0 = Release|Win32
		{C5B4C672-D2C2-491C-908A-301D2A89622D}.Release Dll.ActiveCfg = Release|Win32
		{C5B4C672-D2C2-491C-908A-301D2A89622D}.Release Dll.Build.0 = Release|Win32
		{C5B4C672-D2C2-491C-908A-301D2A89622D}.Release Service.ActiveCfg = Release|Win32
		{C5B4C672-D2C2-491C-908A-301D2A89622D}.Release Service.Build.0 = Release|Win32
		{C5B4C672-D2C2-491C-908A-301D2A89622D}.ReleaseU.ActiveCfg = ReleaseU|Win32
		{C5B4C672-D2C2-491C-908A-301D2A89622D}.ReleaseU.Build.0 = ReleaseU|Win32
		{C5B4C672-D2C2-491C-908A-301D2A89622D}.ReleaseU Dll.ActiveCfg = ReleaseU|Win32
		{C5B4C672-D2C2-491C-908A-301D2A89622D}.ReleaseU Dll.Build.0 = ReleaseU|Win32
	EndGlobalSection
	GlobalSection(ExtensibilityGlobals) = postSolution
	EndGlobalSection
	GlobalSection(ExtensibilityAddIns) = postSolution
	EndGlobalSection
EndGlobal
