
Microsoft Visual Studio Solution File, Format Version 12.00
# Visual Studio 15
VisualStudioVersion = 15.0.27004.2005
MinimumVisualStudioVersion = 10.0.40219.1
Project("{2150E333-8FDC-42A3-9474-1A3956D46DE8}") = "tutorial", "tutorial", "{0A2F5702-66C7-427F-BF7B-5B4227F8B86A}"
EndProject
Project("{2150E333-8FDC-42A3-9474-1A3956D46DE8}") = "AE", "AE", "{23939475-BA4F-4281-8A21-0D8F91155BBD}"
EndProject
Project("{2150E333-8FDC-42A3-9474-1A3956D46DE8}") = "DA", "DA", "{B022F7ED-405A-490E-95E7-7EB7202470F9}"
EndProject
Project("{2150E333-8FDC-42A3-9474-1A3956D46DE8}") = "Step1", "Step1", "{673CA965-C117-4CEB-9D0E-282B8C19D0E6}"
EndProject
Project("{2150E333-8FDC-42A3-9474-1A3956D46DE8}") = "Step2", "Step2", "{6F379A7E-7522-4A59-85D5-A122617CFA9A}"
EndProject
Project("{2150E333-8FDC-42A3-9474-1A3956D46DE8}") = "Step3", "Step3", "{D40D00C4-8A74-4E93-9F21-1CC7A185DC4A}"
EndProject
Project("{2150E333-8FDC-42A3-9474-1A3956D46DE8}") = "Step4", "Step4", "{18CDC2FB-6266-49F8-8FE9-11B888B6306E}"
EndProject
Project("{2150E333-8FDC-42A3-9474-1A3956D46DE8}") = "Step1", "Step1", "{A192BFC8-BA66-49FA-9875-C19FFD8EB92D}"
EndProject
Project("{2150E333-8FDC-42A3-9474-1A3956D46DE8}") = "Step2", "Step2", "{38F58383-9F4F-4015-981E-0A6B33F176E0}"
EndProject
Project("{2150E333-8FDC-42A3-9474-1A3956D46DE8}") = "Step3", "Step3", "{9EBEE19E-77AC-49A0-8C44-D7BF13D56FF2}"
EndProject
Project("{2150E333-8FDC-42A3-9474-1A3956D46DE8}") = "Step4", "Step4", "{404B8F11-C048-4230-973E-137E59FF2EF7}"
EndProject
Project("{8BC9CEB8-8B4A-11D0-8D11-00A0C91BC942}") = "AddressSpace", "C++\samples\server\AddressSpace\AddressSpace_VS2017.vcxproj", "{0BA09CF7-0AA6-4EA2-8B4E-B9D580A3232D}"
EndProject
Project("{8BC9CEB8-8B4A-11D0-8D11-00A0C91BC942}") = "AddressSpace_Service", "C++\samples\server\AddressSpace\AddressSpace_Service_VS2017.vcxproj", "{0A607C87-F713-4B8B-AAB4-00EC084A9BC9}"
EndProject
Project("{8BC9CEB8-8B4A-11D0-8D11-00A0C91BC942}") = "BisDemo", "C++\samples\server\BisDemo\BisDemo_VS2017.vcxproj", "{F7C6038D-9415-49C1-AD51-373D4ABB8A6A}"
EndProject
Project("{8BC9CEB8-8B4A-11D0-8D11-00A0C91BC942}") = "Console", "C++\samples\server\Console\Console_VS2017.vcxproj", "{FCBCAA79-133A-4765-A7CA-5C575950754F}"
EndProject
Project("{8BC9CEB8-8B4A-11D0-8D11-00A0C91BC942}") = "DemoServer", "C++\samples\server\DemoServer\DemoServer_VS2017.vcxproj", "{10FAB9E6-8363-4E97-B4F9-D4954D2B6B69}"
EndProject
Project("{8BC9CEB8-8B4A-11D0-8D11-00A0C91BC942}") = "SerialIO", "C++\samples\server\Serial_IO\SerialIO_VS2017.vcxproj", "{AF76FB49-FC04-43FC-BC9B-09F874C26E41}"
EndProject
Project("{8BC9CEB8-8B4A-11D0-8D11-00A0C91BC942}") = "OpcProject", "C++\samples\server\ServerDLL\OpcProject\OpcProject_VS2017.vcxproj", "{8864FCB8-C6FF-4D54-9312-8283C209A925}"
EndProject
Project("{8BC9CEB8-8B4A-11D0-8D11-00A0C91BC942}") = "TestDll", "C++\samples\server\ServerDLL\TestDll\TestDll_VS2017.vcxproj", "{FB34B33E-AC93-4F57-91D4-566A8214CB73}"
	ProjectSection(ProjectDependencies) = postProject
		{8864FCB8-C6FF-4D54-9312-8283C209A925} = {8864FCB8-C6FF-4D54-9312-8283C209A925}
	EndProjectSection
EndProject
Project("{8BC9CEB8-8B4A-11D0-8D11-00A0C91BC942}") = "UpdateMode", "C++\samples\server\UpdateMode\UpdateMode_VS2017.vcxproj", "{2C5EC054-7569-4E73-91A1-5D5BC62DB49E}"
EndProject
Project("{8BC9CEB8-8B4A-11D0-8D11-00A0C91BC942}") = "OpcProject", "C++\samples\server\tutorial\AE\Step1\OpcProject_VS2017.vcxproj", "{3A98F3F5-266E-41B2-B89E-6945F37A6054}"
EndProject
Project("{8BC9CEB8-8B4A-11D0-8D11-00A0C91BC942}") = "OpcProject", "C++\samples\server\tutorial\AE\Step2\OpcProject_VS2017.vcxproj", "{7A0CC27F-274D-4567-96C3-C97B0E5F10A7}"
EndProject
Project("{8BC9CEB8-8B4A-11D0-8D11-00A0C91BC942}") = "OpcProject", "C++\samples\server\tutorial\AE\Step3\OpcProject_VS2017.vcxproj", "{F0C9702C-C174-48FB-946D-EC236FF6400E}"
EndProject
Project("{8BC9CEB8-8B4A-11D0-8D11-00A0C91BC942}") = "OpcProject", "C++\samples\server\tutorial\AE\Step4\OpcProject_VS2017.vcxproj", "{C1428772-3B9B-43C1-98DD-79299FAAC251}"
EndProject
Project("{8BC9CEB8-8B4A-11D0-8D11-00A0C91BC942}") = "OpcProject", "C++\samples\server\tutorial\DA\Step1\OpcProject_VS2017.vcxproj", "{BB3BC5D3-AAFC-4656-B87B-8D62258B5251}"
EndProject
Project("{8BC9CEB8-8B4A-11D0-8D11-00A0C91BC942}") = "OpcProject", "C++\samples\server\tutorial\DA\Step2\OpcProject_VS2017.vcxproj", "{CA859DA1-7CAD-4C62-841B-8AA0A155D340}"
EndProject
Project("{8BC9CEB8-8B4A-11D0-8D11-00A0C91BC942}") = "OpcProject", "C++\samples\server\tutorial\DA\Step3\OpcProject_VS2017.vcxproj", "{A906FECC-1E73-42FC-AA32-892C85D2187B}"
EndProject
Project("{8BC9CEB8-8B4A-11D0-8D11-00A0C91BC942}") = "OpcProject", "C++\samples\server\tutorial\DA\Step4\OpcProject_VS2017.vcxproj", "{34116A29-A864-42FB-81BC-C2AA77831C6A}"
EndProject
Project("{8BC9CEB8-8B4A-11D0-8D11-00A0C91BC942}") = "Session", "C++\samples\server\Session\Session_VS2017.vcxproj", "{FB83939F-CEB9-4FDD-834A-BE77168A6AD8}"
EndProject
Project("{8BC9CEB8-8B4A-11D0-8D11-00A0C91BC942}") = "CTT", "C++\samples\server\CTT\ctt_VS2017.vcxproj", "{D3D167E3-62E6-4C24-BAAB-CFD22CEF7A77}"
EndProject
Global
	GlobalSection(SolutionConfigurationPlatforms) = preSolution
		Debug Console|Win32 = Debug Console|Win32
		Debug Console|x64 = Debug Console|x64
		Debug Dll|Win32 = Debug Dll|Win32
		Debug Dll|x64 = Debug Dll|x64
		Debug|Win32 = Debug|Win32
		Debug|x64 = Debug|x64
		DebugStatic|Win32 = DebugStatic|Win32
		DebugStatic|x64 = DebugStatic|x64
		DebugStaticU|Win32 = DebugStaticU|Win32
		DebugStaticU|x64 = DebugStaticU|x64
		DebugU|Win32 = DebugU|Win32
		DebugU|x64 = DebugU|x64
		Release Console|Win32 = Release Console|Win32
		Release Console|x64 = Release Console|x64
		Release Dll|Win32 = Release Dll|Win32
		Release Dll|x64 = Release Dll|x64
		Release|Win32 = Release|Win32
		Release|x64 = Release|x64
		ReleaseStatic|Win32 = ReleaseStatic|Win32
		ReleaseStatic|x64 = ReleaseStatic|x64
		ReleaseStaticU|Win32 = ReleaseStaticU|Win32
		ReleaseStaticU|x64 = ReleaseStaticU|x64
		ReleaseU|Win32 = ReleaseU|Win32
		ReleaseU|x64 = ReleaseU|x64
	EndGlobalSection
	GlobalSection(ProjectConfigurationPlatforms) = postSolution
		{0BA09CF7-0AA6-4EA2-8B4E-B9D580A3232D}.Debug Console|Win32.ActiveCfg = DebugU|Win32
		{0BA09CF7-0AA6-4EA2-8B4E-B9D580A3232D}.Debug Console|Win32.Build.0 = DebugU|Win32
		{0BA09CF7-0AA6-4EA2-8B4E-B9D580A3232D}.Debug Console|x64.ActiveCfg = Debug|x64
		{0BA09CF7-0AA6-4EA2-8B4E-B9D580A3232D}.Debug Console|x64.Build.0 = Debug|x64
		{0BA09CF7-0AA6-4EA2-8B4E-B9D580A3232D}.Debug Dll|Win32.ActiveCfg = Debug|Win32
		{0BA09CF7-0AA6-4EA2-8B4E-B9D580A3232D}.Debug Dll|Win32.Build.0 = Debug|Win32
		{0BA09CF7-0AA6-4EA2-8B4E-B9D580A3232D}.Debug Dll|x64.ActiveCfg = Debug|x64
		{0BA09CF7-0AA6-4EA2-8B4E-B9D580A3232D}.Debug Dll|x64.Build.0 = Debug|x64
		{0BA09CF7-0AA6-4EA2-8B4E-B9D580A3232D}.Debug|Win32.ActiveCfg = Debug|Win32
		{0BA09CF7-0AA6-4EA2-8B4E-B9D580A3232D}.Debug|Win32.Build.0 = Debug|Win32
		{0BA09CF7-0AA6-4EA2-8B4E-B9D580A3232D}.Debug|x64.ActiveCfg = Debug|x64
		{0BA09CF7-0AA6-4EA2-8B4E-B9D580A3232D}.Debug|x64.Build.0 = Debug|x64
		{0BA09CF7-0AA6-4EA2-8B4E-B9D580A3232D}.DebugStatic|Win32.ActiveCfg = Debug|Win32
		{0BA09CF7-0AA6-4EA2-8B4E-B9D580A3232D}.DebugStatic|Win32.Build.0 = Debug|Win32
		{0BA09CF7-0AA6-4EA2-8B4E-B9D580A3232D}.DebugStatic|x64.ActiveCfg = Debug|x64
		{0BA09CF7-0AA6-4EA2-8B4E-B9D580A3232D}.DebugStatic|x64.Build.0 = Debug|x64
		{0BA09CF7-0AA6-4EA2-8B4E-B9D580A3232D}.DebugStaticU|Win32.ActiveCfg = DebugU|Win32
		{0BA09CF7-0AA6-4EA2-8B4E-B9D580A3232D}.DebugStaticU|Win32.Build.0 = DebugU|Win32
		{0BA09CF7-0AA6-4EA2-8B4E-B9D580A3232D}.DebugStaticU|x64.ActiveCfg = DebugU|x64
		{0BA09CF7-0AA6-4EA2-8B4E-B9D580A3232D}.DebugStaticU|x64.Build.0 = DebugU|x64
		{0BA09CF7-0AA6-4EA2-8B4E-B9D580A3232D}.DebugU|Win32.ActiveCfg = DebugU|Win32
		{0BA09CF7-0AA6-4EA2-8B4E-B9D580A3232D}.DebugU|Win32.Build.0 = DebugU|Win32
		{0BA09CF7-0AA6-4EA2-8B4E-B9D580A3232D}.DebugU|x64.ActiveCfg = DebugU|x64
		{0BA09CF7-0AA6-4EA2-8B4E-B9D580A3232D}.DebugU|x64.Build.0 = DebugU|x64
		{0BA09CF7-0AA6-4EA2-8B4E-B9D580A3232D}.Release Console|Win32.ActiveCfg = Release|Win32
		{0BA09CF7-0AA6-4EA2-8B4E-B9D580A3232D}.Release Console|Win32.Build.0 = Release|Win32
		{0BA09CF7-0AA6-4EA2-8B4E-B9D580A3232D}.Release Console|x64.ActiveCfg = Release|x64
		{0BA09CF7-0AA6-4EA2-8B4E-B9D580A3232D}.Release Console|x64.Build.0 = Release|x64
		{0BA09CF7-0AA6-4EA2-8B4E-B9D580A3232D}.Release Dll|Win32.ActiveCfg = Release|Win32
		{0BA09CF7-0AA6-4EA2-8B4E-B9D580A3232D}.Release Dll|Win32.Build.0 = Release|Win32
		{0BA09CF7-0AA6-4EA2-8B4E-B9D580A3232D}.Release Dll|x64.ActiveCfg = Release|x64
		{0BA09CF7-0AA6-4EA2-8B4E-B9D580A3232D}.Release Dll|x64.Build.0 = Release|x64
		{0BA09CF7-0AA6-4EA2-8B4E-B9D580A3232D}.Release|Win32.ActiveCfg = Release|Win32
		{0BA09CF7-0AA6-4EA2-8B4E-B9D580A3232D}.Release|Win32.Build.0 = Release|Win32
		{0BA09CF7-0AA6-4EA2-8B4E-B9D580A3232D}.Release|x64.ActiveCfg = Release|x64
		{0BA09CF7-0AA6-4EA2-8B4E-B9D580A3232D}.Release|x64.Build.0 = Release|x64
		{0BA09CF7-0AA6-4EA2-8B4E-B9D580A3232D}.ReleaseStatic|Win32.ActiveCfg = Release|Win32
		{0BA09CF7-0AA6-4EA2-8B4E-B9D580A3232D}.ReleaseStatic|Win32.Build.0 = Release|Win32
		{0BA09CF7-0AA6-4EA2-8B4E-B9D580A3232D}.ReleaseStatic|x64.ActiveCfg = Release|x64
		{0BA09CF7-0AA6-4EA2-8B4E-B9D580A3232D}.ReleaseStatic|x64.Build.0 = Release|x64
		{0BA09CF7-0AA6-4EA2-8B4E-B9D580A3232D}.ReleaseStaticU|Win32.ActiveCfg = ReleaseU|Win32
		{0BA09CF7-0AA6-4EA2-8B4E-B9D580A3232D}.ReleaseStaticU|Win32.Build.0 = ReleaseU|Win32
		{0BA09CF7-0AA6-4EA2-8B4E-B9D580A3232D}.ReleaseStaticU|x64.ActiveCfg = ReleaseU|x64
		{0BA09CF7-0AA6-4EA2-8B4E-B9D580A3232D}.ReleaseStaticU|x64.Build.0 = ReleaseU|x64
		{0BA09CF7-0AA6-4EA2-8B4E-B9D580A3232D}.ReleaseU|Win32.ActiveCfg = ReleaseU|Win32
		{0BA09CF7-0AA6-4EA2-8B4E-B9D580A3232D}.ReleaseU|Win32.Build.0 = ReleaseU|Win32
		{0BA09CF7-0AA6-4EA2-8B4E-B9D580A3232D}.ReleaseU|x64.ActiveCfg = ReleaseU|x64
		{0BA09CF7-0AA6-4EA2-8B4E-B9D580A3232D}.ReleaseU|x64.Build.0 = ReleaseU|x64
		{0A607C87-F713-4B8B-AAB4-00EC084A9BC9}.Debug Console|Win32.ActiveCfg = DebugU|Win32
		{0A607C87-F713-4B8B-AAB4-00EC084A9BC9}.Debug Console|Win32.Build.0 = DebugU|Win32
		{0A607C87-F713-4B8B-AAB4-00EC084A9BC9}.Debug Console|x64.ActiveCfg = Debug|x64
		{0A607C87-F713-4B8B-AAB4-00EC084A9BC9}.Debug Console|x64.Build.0 = Debug|x64
		{0A607C87-F713-4B8B-AAB4-00EC084A9BC9}.Debug Dll|Win32.ActiveCfg = Debug|Win32
		{0A607C87-F713-4B8B-AAB4-00EC084A9BC9}.Debug Dll|Win32.Build.0 = Debug|Win32
		{0A607C87-F713-4B8B-AAB4-00EC084A9BC9}.Debug Dll|x64.ActiveCfg = Debug|x64
		{0A607C87-F713-4B8B-AAB4-00EC084A9BC9}.Debug Dll|x64.Build.0 = Debug|x64
		{0A607C87-F713-4B8B-AAB4-00EC084A9BC9}.Debug|Win32.ActiveCfg = Debug|Win32
		{0A607C87-F713-4B8B-AAB4-00EC084A9BC9}.Debug|Win32.Build.0 = Debug|Win32
		{0A607C87-F713-4B8B-AAB4-00EC084A9BC9}.Debug|x64.ActiveCfg = Debug|x64
		{0A607C87-F713-4B8B-AAB4-00EC084A9BC9}.Debug|x64.Build.0 = Debug|x64
		{0A607C87-F713-4B8B-AAB4-00EC084A9BC9}.DebugStatic|Win32.ActiveCfg = Debug|Win32
		{0A607C87-F713-4B8B-AAB4-00EC084A9BC9}.DebugStatic|Win32.Build.0 = Debug|Win32
		{0A607C87-F713-4B8B-AAB4-00EC084A9BC9}.DebugStatic|x64.ActiveCfg = Debug|x64
		{0A607C87-F713-4B8B-AAB4-00EC084A9BC9}.DebugStatic|x64.Build.0 = Debug|x64
		{0A607C87-F713-4B8B-AAB4-00EC084A9BC9}.DebugStaticU|Win32.ActiveCfg = DebugU|Win32
		{0A607C87-F713-4B8B-AAB4-00EC084A9BC9}.DebugStaticU|Win32.Build.0 = DebugU|Win32
		{0A607C87-F713-4B8B-AAB4-00EC084A9BC9}.DebugStaticU|x64.ActiveCfg = DebugU|x64
		{0A607C87-F713-4B8B-AAB4-00EC084A9BC9}.DebugStaticU|x64.Build.0 = DebugU|x64
		{0A607C87-F713-4B8B-AAB4-00EC084A9BC9}.DebugU|Win32.ActiveCfg = DebugU|Win32
		{0A607C87-F713-4B8B-AAB4-00EC084A9BC9}.DebugU|Win32.Build.0 = DebugU|Win32
		{0A607C87-F713-4B8B-AAB4-00EC084A9BC9}.DebugU|x64.ActiveCfg = DebugU|x64
		{0A607C87-F713-4B8B-AAB4-00EC084A9BC9}.DebugU|x64.Build.0 = DebugU|x64
		{0A607C87-F713-4B8B-AAB4-00EC084A9BC9}.Release Console|Win32.ActiveCfg = Release|Win32
		{0A607C87-F713-4B8B-AAB4-00EC084A9BC9}.Release Console|Win32.Build.0 = Release|Win32
		{0A607C87-F713-4B8B-AAB4-00EC084A9BC9}.Release Console|x64.ActiveCfg = Release|x64
		{0A607C87-F713-4B8B-AAB4-00EC084A9BC9}.Release Console|x64.Build.0 = Release|x64
		{0A607C87-F713-4B8B-AAB4-00EC084A9BC9}.Release Dll|Win32.ActiveCfg = Release|Win32
		{0A607C87-F713-4B8B-AAB4-00EC084A9BC9}.Release Dll|Win32.Build.0 = Release|Win32
		{0A607C87-F713-4B8B-AAB4-00EC084A9BC9}.Release Dll|x64.ActiveCfg = Release|x64
		{0A607C87-F713-4B8B-AAB4-00EC084A9BC9}.Release Dll|x64.Build.0 = Release|x64
		{0A607C87-F713-4B8B-AAB4-00EC084A9BC9}.Release|Win32.ActiveCfg = Release|Win32
		{0A607C87-F713-4B8B-AAB4-00EC084A9BC9}.Release|Win32.Build.0 = Release|Win32
		{0A607C87-F713-4B8B-AAB4-00EC084A9BC9}.Release|x64.ActiveCfg = Release|x64
		{0A607C87-F713-4B8B-AAB4-00EC084A9BC9}.Release|x64.Build.0 = Release|x64
		{0A607C87-F713-4B8B-AAB4-00EC084A9BC9}.ReleaseStatic|Win32.ActiveCfg = Release|Win32
		{0A607C87-F713-4B8B-AAB4-00EC084A9BC9}.ReleaseStatic|Win32.Build.0 = Release|Win32
		{0A607C87-F713-4B8B-AAB4-00EC084A9BC9}.ReleaseStatic|x64.ActiveCfg = Release|x64
		{0A607C87-F713-4B8B-AAB4-00EC084A9BC9}.ReleaseStatic|x64.Build.0 = Release|x64
		{0A607C87-F713-4B8B-AAB4-00EC084A9BC9}.ReleaseStaticU|Win32.ActiveCfg = ReleaseU|Win32
		{0A607C87-F713-4B8B-AAB4-00EC084A9BC9}.ReleaseStaticU|Win32.Build.0 = ReleaseU|Win32
		{0A607C87-F713-4B8B-AAB4-00EC084A9BC9}.ReleaseStaticU|x64.ActiveCfg = ReleaseU|x64
		{0A607C87-F713-4B8B-AAB4-00EC084A9BC9}.ReleaseStaticU|x64.Build.0 = ReleaseU|x64
		{0A607C87-F713-4B8B-AAB4-00EC084A9BC9}.ReleaseU|Win32.ActiveCfg = ReleaseU|Win32
		{0A607C87-F713-4B8B-AAB4-00EC084A9BC9}.ReleaseU|Win32.Build.0 = ReleaseU|Win32
		{0A607C87-F713-4B8B-AAB4-00EC084A9BC9}.ReleaseU|x64.ActiveCfg = ReleaseU|x64
		{0A607C87-F713-4B8B-AAB4-00EC084A9BC9}.ReleaseU|x64.Build.0 = ReleaseU|x64
		{F7C6038D-9415-49C1-AD51-373D4ABB8A6A}.Debug Console|Win32.ActiveCfg = DebugU|Win32
		{F7C6038D-9415-49C1-AD51-373D4ABB8A6A}.Debug Console|Win32.Build.0 = DebugU|Win32
		{F7C6038D-9415-49C1-AD51-373D4ABB8A6A}.Debug Console|x64.ActiveCfg = Debug|x64
		{F7C6038D-9415-49C1-AD51-373D4ABB8A6A}.Debug Console|x64.Build.0 = Debug|x64
		{F7C6038D-9415-49C1-AD51-373D4ABB8A6A}.Debug Dll|Win32.ActiveCfg = Debug|Win32
		{F7C6038D-9415-49C1-AD51-373D4ABB8A6A}.Debug Dll|Win32.Build.0 = Debug|Win32
		{F7C6038D-9415-49C1-AD51-373D4ABB8A6A}.Debug Dll|x64.ActiveCfg = Debug|x64
		{F7C6038D-9415-49C1-AD51-373D4ABB8A6A}.Debug Dll|x64.Build.0 = Debug|x64
		{F7C6038D-9415-49C1-AD51-373D4ABB8A6A}.Debug|Win32.ActiveCfg = Debug|Win32
		{F7C6038D-9415-49C1-AD51-373D4ABB8A6A}.Debug|Win32.Build.0 = Debug|Win32
		{F7C6038D-9415-49C1-AD51-373D4ABB8A6A}.Debug|x64.ActiveCfg = Debug|x64
		{F7C6038D-9415-49C1-AD51-373D4ABB8A6A}.Debug|x64.Build.0 = Debug|x64
		{F7C6038D-9415-49C1-AD51-373D4ABB8A6A}.DebugStatic|Win32.ActiveCfg = Debug|Win32
		{F7C6038D-9415-49C1-AD51-373D4ABB8A6A}.DebugStatic|Win32.Build.0 = Debug|Win32
		{F7C6038D-9415-49C1-AD51-373D4ABB8A6A}.DebugStatic|x64.ActiveCfg = Debug|x64
		{F7C6038D-9415-49C1-AD51-373D4ABB8A6A}.DebugStatic|x64.Build.0 = Debug|x64
		{F7C6038D-9415-49C1-AD51-373D4ABB8A6A}.DebugStaticU|Win32.ActiveCfg = DebugU|Win32
		{F7C6038D-9415-49C1-AD51-373D4ABB8A6A}.DebugStaticU|Win32.Build.0 = DebugU|Win32
		{F7C6038D-9415-49C1-AD51-373D4ABB8A6A}.DebugStaticU|x64.ActiveCfg = DebugU|x64
		{F7C6038D-9415-49C1-AD51-373D4ABB8A6A}.DebugStaticU|x64.Build.0 = DebugU|x64
		{F7C6038D-9415-49C1-AD51-373D4ABB8A6A}.DebugU|Win32.ActiveCfg = DebugU|Win32
		{F7C6038D-9415-49C1-AD51-373D4ABB8A6A}.DebugU|Win32.Build.0 = DebugU|Win32
		{F7C6038D-9415-49C1-AD51-373D4ABB8A6A}.DebugU|x64.ActiveCfg = DebugU|x64
		{F7C6038D-9415-49C1-AD51-373D4ABB8A6A}.DebugU|x64.Build.0 = DebugU|x64
		{F7C6038D-9415-49C1-AD51-373D4ABB8A6A}.Release Console|Win32.ActiveCfg = Release|Win32
		{F7C6038D-9415-49C1-AD51-373D4ABB8A6A}.Release Console|Win32.Build.0 = Release|Win32
		{F7C6038D-9415-49C1-AD51-373D4ABB8A6A}.Release Console|x64.ActiveCfg = Release|x64
		{F7C6038D-9415-49C1-AD51-373D4ABB8A6A}.Release Console|x64.Build.0 = Release|x64
		{F7C6038D-9415-49C1-AD51-373D4ABB8A6A}.Release Dll|Win32.ActiveCfg = Release|Win32
		{F7C6038D-9415-49C1-AD51-373D4ABB8A6A}.Release Dll|Win32.Build.0 = Release|Win32
		{F7C6038D-9415-49C1-AD51-373D4ABB8A6A}.Release Dll|x64.ActiveCfg = Release|x64
		{F7C6038D-9415-49C1-AD51-373D4ABB8A6A}.Release Dll|x64.Build.0 = Release|x64
		{F7C6038D-9415-49C1-AD51-373D4ABB8A6A}.Release|Win32.ActiveCfg = Release|Win32
		{F7C6038D-9415-49C1-AD51-373D4ABB8A6A}.Release|Win32.Build.0 = Release|Win32
		{F7C6038D-9415-49C1-AD51-373D4ABB8A6A}.Release|x64.ActiveCfg = Release|x64
		{F7C6038D-9415-49C1-AD51-373D4ABB8A6A}.Release|x64.Build.0 = Release|x64
		{F7C6038D-9415-49C1-AD51-373D4ABB8A6A}.ReleaseStatic|Win32.ActiveCfg = Release|Win32
		{F7C6038D-9415-49C1-AD51-373D4ABB8A6A}.ReleaseStatic|Win32.Build.0 = Release|Win32
		{F7C6038D-9415-49C1-AD51-373D4ABB8A6A}.ReleaseStatic|x64.ActiveCfg = Release|x64
		{F7C6038D-9415-49C1-AD51-373D4ABB8A6A}.ReleaseStatic|x64.Build.0 = Release|x64
		{F7C6038D-9415-49C1-AD51-373D4ABB8A6A}.ReleaseStaticU|Win32.ActiveCfg = ReleaseU|Win32
		{F7C6038D-9415-49C1-AD51-373D4ABB8A6A}.ReleaseStaticU|Win32.Build.0 = ReleaseU|Win32
		{F7C6038D-9415-49C1-AD51-373D4ABB8A6A}.ReleaseStaticU|x64.ActiveCfg = ReleaseU|x64
		{F7C6038D-9415-49C1-AD51-373D4ABB8A6A}.ReleaseStaticU|x64.Build.0 = ReleaseU|x64
		{F7C6038D-9415-49C1-AD51-373D4ABB8A6A}.ReleaseU|Win32.ActiveCfg = ReleaseU|Win32
		{F7C6038D-9415-49C1-AD51-373D4ABB8A6A}.ReleaseU|Win32.Build.0 = ReleaseU|Win32
		{F7C6038D-9415-49C1-AD51-373D4ABB8A6A}.ReleaseU|x64.ActiveCfg = ReleaseU|x64
		{F7C6038D-9415-49C1-AD51-373D4ABB8A6A}.ReleaseU|x64.Build.0 = ReleaseU|x64
		{FCBCAA79-133A-4765-A7CA-5C575950754F}.Debug Console|Win32.ActiveCfg = DebugU|Win32
		{FCBCAA79-133A-4765-A7CA-5C575950754F}.Debug Console|Win32.Build.0 = DebugU|Win32
		{FCBCAA79-133A-4765-A7CA-5C575950754F}.Debug Console|x64.ActiveCfg = Debug|x64
		{FCBCAA79-133A-4765-A7CA-5C575950754F}.Debug Console|x64.Build.0 = Debug|x64
		{FCBCAA79-133A-4765-A7CA-5C575950754F}.Debug Dll|Win32.ActiveCfg = Debug|Win32
		{FCBCAA79-133A-4765-A7CA-5C575950754F}.Debug Dll|Win32.Build.0 = Debug|Win32
		{FCBCAA79-133A-4765-A7CA-5C575950754F}.Debug Dll|x64.ActiveCfg = Debug|x64
		{FCBCAA79-133A-4765-A7CA-5C575950754F}.Debug Dll|x64.Build.0 = Debug|x64
		{FCBCAA79-133A-4765-A7CA-5C575950754F}.Debug|Win32.ActiveCfg = Debug|Win32
		{FCBCAA79-133A-4765-A7CA-5C575950754F}.Debug|Win32.Build.0 = Debug|Win32
		{FCBCAA79-133A-4765-A7CA-5C575950754F}.Debug|x64.ActiveCfg = Debug|x64
		{FCBCAA79-133A-4765-A7CA-5C575950754F}.Debug|x64.Build.0 = Debug|x64
		{FCBCAA79-133A-4765-A7CA-5C575950754F}.DebugStatic|Win32.ActiveCfg = Debug|Win32
		{FCBCAA79-133A-4765-A7CA-5C575950754F}.DebugStatic|Win32.Build.0 = Debug|Win32
		{FCBCAA79-133A-4765-A7CA-5C575950754F}.DebugStatic|x64.ActiveCfg = Debug|x64
		{FCBCAA79-133A-4765-A7CA-5C575950754F}.DebugStatic|x64.Build.0 = Debug|x64
		{FCBCAA79-133A-4765-A7CA-5C575950754F}.DebugStaticU|Win32.ActiveCfg = DebugU|Win32
		{FCBCAA79-133A-4765-A7CA-5C575950754F}.DebugStaticU|Win32.Build.0 = DebugU|Win32
		{FCBCAA79-133A-4765-A7CA-5C575950754F}.DebugStaticU|x64.ActiveCfg = DebugU|x64
		{FCBCAA79-133A-4765-A7CA-5C575950754F}.DebugStaticU|x64.Build.0 = DebugU|x64
		{FCBCAA79-133A-4765-A7CA-5C575950754F}.DebugU|Win32.ActiveCfg = DebugU|Win32
		{FCBCAA79-133A-4765-A7CA-5C575950754F}.DebugU|Win32.Build.0 = DebugU|Win32
		{FCBCAA79-133A-4765-A7CA-5C575950754F}.DebugU|x64.ActiveCfg = DebugU|x64
		{FCBCAA79-133A-4765-A7CA-5C575950754F}.DebugU|x64.Build.0 = DebugU|x64
		{FCBCAA79-133A-4765-A7CA-5C575950754F}.Release Console|Win32.ActiveCfg = Release|Win32
		{FCBCAA79-133A-4765-A7CA-5C575950754F}.Release Console|Win32.Build.0 = Release|Win32
		{FCBCAA79-133A-4765-A7CA-5C575950754F}.Release Console|x64.ActiveCfg = Release|x64
		{FCBCAA79-133A-4765-A7CA-5C575950754F}.Release Console|x64.Build.0 = Release|x64
		{FCBCAA79-133A-4765-A7CA-5C575950754F}.Release Dll|Win32.ActiveCfg = Release|Win32
		{FCBCAA79-133A-4765-A7CA-5C575950754F}.Release Dll|Win32.Build.0 = Release|Win32
		{FCBCAA79-133A-4765-A7CA-5C575950754F}.Release Dll|x64.ActiveCfg = Release|x64
		{FCBCAA79-133A-4765-A7CA-5C575950754F}.Release Dll|x64.Build.0 = Release|x64
		{FCBCAA79-133A-4765-A7CA-5C575950754F}.Release|Win32.ActiveCfg = Release|Win32
		{FCBCAA79-133A-4765-A7CA-5C575950754F}.Release|Win32.Build.0 = Release|Win32
		{FCBCAA79-133A-4765-A7CA-5C575950754F}.Release|x64.ActiveCfg = Release|x64
		{FCBCAA79-133A-4765-A7CA-5C575950754F}.Release|x64.Build.0 = Release|x64
		{FCBCAA79-133A-4765-A7CA-5C575950754F}.ReleaseStatic|Win32.ActiveCfg = Release|Win32
		{FCBCAA79-133A-4765-A7CA-5C575950754F}.ReleaseStatic|Win32.Build.0 = Release|Win32
		{FCBCAA79-133A-4765-A7CA-5C575950754F}.ReleaseStatic|x64.ActiveCfg = Release|x64
		{FCBCAA79-133A-4765-A7CA-5C575950754F}.ReleaseStatic|x64.Build.0 = Release|x64
		{FCBCAA79-133A-4765-A7CA-5C575950754F}.ReleaseStaticU|Win32.ActiveCfg = ReleaseU|Win32
		{FCBCAA79-133A-4765-A7CA-5C575950754F}.ReleaseStaticU|Win32.Build.0 = ReleaseU|Win32
		{FCBCAA79-133A-4765-A7CA-5C575950754F}.ReleaseStaticU|x64.ActiveCfg = ReleaseU|x64
		{FCBCAA79-133A-4765-A7CA-5C575950754F}.ReleaseStaticU|x64.Build.0 = ReleaseU|x64
		{FCBCAA79-133A-4765-A7CA-5C575950754F}.ReleaseU|Win32.ActiveCfg = ReleaseU|Win32
		{FCBCAA79-133A-4765-A7CA-5C575950754F}.ReleaseU|Win32.Build.0 = ReleaseU|Win32
		{FCBCAA79-133A-4765-A7CA-5C575950754F}.ReleaseU|x64.ActiveCfg = ReleaseU|x64
		{FCBCAA79-133A-4765-A7CA-5C575950754F}.ReleaseU|x64.Build.0 = ReleaseU|x64
		{10FAB9E6-8363-4E97-B4F9-D4954D2B6B69}.Debug Console|Win32.ActiveCfg = Debug|Win32
		{10FAB9E6-8363-4E97-B4F9-D4954D2B6B69}.Debug Console|Win32.Build.0 = Debug|Win32
		{10FAB9E6-8363-4E97-B4F9-D4954D2B6B69}.Debug Console|x64.ActiveCfg = Debug|x64
		{10FAB9E6-8363-4E97-B4F9-D4954D2B6B69}.Debug Console|x64.Build.0 = Debug|x64
		{10FAB9E6-8363-4E97-B4F9-D4954D2B6B69}.Debug Dll|Win32.ActiveCfg = Debug|Win32
		{10FAB9E6-8363-4E97-B4F9-D4954D2B6B69}.Debug Dll|Win32.Build.0 = Debug|Win32
		{10FAB9E6-8363-4E97-B4F9-D4954D2B6B69}.Debug Dll|x64.ActiveCfg = Debug|x64
		{10FAB9E6-8363-4E97-B4F9-D4954D2B6B69}.Debug Dll|x64.Build.0 = Debug|x64
		{10FAB9E6-8363-4E97-B4F9-D4954D2B6B69}.Debug|Win32.ActiveCfg = Debug|Win32
		{10FAB9E6-8363-4E97-B4F9-D4954D2B6B69}.Debug|Win32.Build.0 = Debug|Win32
		{10FAB9E6-8363-4E97-B4F9-D4954D2B6B69}.Debug|x64.ActiveCfg = Debug|x64
		{10FAB9E6-8363-4E97-B4F9-D4954D2B6B69}.Debug|x64.Build.0 = Debug|x64
		{10FAB9E6-8363-4E97-B4F9-D4954D2B6B69}.DebugStatic|Win32.ActiveCfg = Debug|Win32
		{10FAB9E6-8363-4E97-B4F9-D4954D2B6B69}.DebugStatic|Win32.Build.0 = Debug|Win32
		{10FAB9E6-8363-4E97-B4F9-D4954D2B6B69}.DebugStatic|x64.ActiveCfg = Debug|x64
		{10FAB9E6-8363-4E97-B4F9-D4954D2B6B69}.DebugStatic|x64.Build.0 = Debug|x64
		{10FAB9E6-8363-4E97-B4F9-D4954D2B6B69}.DebugStaticU|Win32.ActiveCfg = DebugU|Win32
		{10FAB9E6-8363-4E97-B4F9-D4954D2B6B69}.DebugStaticU|Win32.Build.0 = DebugU|Win32
		{10FAB9E6-8363-4E97-B4F9-D4954D2B6B69}.DebugStaticU|x64.ActiveCfg = DebugU|x64
		{10FAB9E6-8363-4E97-B4F9-D4954D2B6B69}.DebugStaticU|x64.Build.0 = DebugU|x64
		{10FAB9E6-8363-4E97-B4F9-D4954D2B6B69}.DebugU|Win32.ActiveCfg = DebugU|Win32
		{10FAB9E6-8363-4E97-B4F9-D4954D2B6B69}.DebugU|Win32.Build.0 = DebugU|Win32
		{10FAB9E6-8363-4E97-B4F9-D4954D2B6B69}.DebugU|x64.ActiveCfg = DebugU|x64
		{10FAB9E6-8363-4E97-B4F9-D4954D2B6B69}.DebugU|x64.Build.0 = DebugU|x64
		{10FAB9E6-8363-4E97-B4F9-D4954D2B6B69}.Release Console|Win32.ActiveCfg = Release|Win32
		{10FAB9E6-8363-4E97-B4F9-D4954D2B6B69}.Release Console|Win32.Build.0 = Release|Win32
		{10FAB9E6-8363-4E97-B4F9-D4954D2B6B69}.Release Console|x64.ActiveCfg = Release|x64
		{10FAB9E6-8363-4E97-B4F9-D4954D2B6B69}.Release Console|x64.Build.0 = Release|x64
		{10FAB9E6-8363-4E97-B4F9-D4954D2B6B69}.Release Dll|Win32.ActiveCfg = Release|Win32
		{10FAB9E6-8363-4E97-B4F9-D4954D2B6B69}.Release Dll|Win32.Build.0 = Release|Win32
		{10FAB9E6-8363-4E97-B4F9-D4954D2B6B69}.Release Dll|x64.ActiveCfg = Release|x64
		{10FAB9E6-8363-4E97-B4F9-D4954D2B6B69}.Release Dll|x64.Build.0 = Release|x64
		{10FAB9E6-8363-4E97-B4F9-D4954D2B6B69}.Release|Win32.ActiveCfg = Release|Win32
		{10FAB9E6-8363-4E97-B4F9-D4954D2B6B69}.Release|Win32.Build.0 = Release|Win32
		{10FAB9E6-8363-4E97-B4F9-D4954D2B6B69}.Release|x64.ActiveCfg = Release|x64
		{10FAB9E6-8363-4E97-B4F9-D4954D2B6B69}.Release|x64.Build.0 = Release|x64
		{10FAB9E6-8363-4E97-B4F9-D4954D2B6B69}.ReleaseStatic|Win32.ActiveCfg = Release|Win32
		{10FAB9E6-8363-4E97-B4F9-D4954D2B6B69}.ReleaseStatic|Win32.Build.0 = Release|Win32
		{10FAB9E6-8363-4E97-B4F9-D4954D2B6B69}.ReleaseStatic|x64.ActiveCfg = Release|x64
		{10FAB9E6-8363-4E97-B4F9-D4954D2B6B69}.ReleaseStatic|x64.Build.0 = Release|x64
		{10FAB9E6-8363-4E97-B4F9-D4954D2B6B69}.ReleaseStaticU|Win32.ActiveCfg = ReleaseU|Win32
		{10FAB9E6-8363-4E97-B4F9-D4954D2B6B69}.ReleaseStaticU|Win32.Build.0 = ReleaseU|Win32
		{10FAB9E6-8363-4E97-B4F9-D4954D2B6B69}.ReleaseStaticU|x64.ActiveCfg = ReleaseU|x64
		{10FAB9E6-8363-4E97-B4F9-D4954D2B6B69}.ReleaseStaticU|x64.Build.0 = ReleaseU|x64
		{10FAB9E6-8363-4E97-B4F9-D4954D2B6B69}.ReleaseU|Win32.ActiveCfg = ReleaseU|Win32
		{10FAB9E6-8363-4E97-B4F9-D4954D2B6B69}.ReleaseU|Win32.Build.0 = ReleaseU|Win32
		{10FAB9E6-8363-4E97-B4F9-D4954D2B6B69}.ReleaseU|x64.ActiveCfg = ReleaseU|x64
		{10FAB9E6-8363-4E97-B4F9-D4954D2B6B69}.ReleaseU|x64.Build.0 = ReleaseU|x64
		{AF76FB49-FC04-43FC-BC9B-09F874C26E41}.Debug Console|Win32.ActiveCfg = Debug|Win32
		{AF76FB49-FC04-43FC-BC9B-09F874C26E41}.Debug Console|Win32.Build.0 = Debug|Win32
		{AF76FB49-FC04-43FC-BC9B-09F874C26E41}.Debug Console|x64.ActiveCfg = Debug|x64
		{AF76FB49-FC04-43FC-BC9B-09F874C26E41}.Debug Console|x64.Build.0 = Debug|x64
		{AF76FB49-FC04-43FC-BC9B-09F874C26E41}.Debug Dll|Win32.ActiveCfg = Debug|Win32
		{AF76FB49-FC04-43FC-BC9B-09F874C26E41}.Debug Dll|Win32.Build.0 = Debug|Win32
		{AF76FB49-FC04-43FC-BC9B-09F874C26E41}.Debug Dll|x64.ActiveCfg = Debug|x64
		{AF76FB49-FC04-43FC-BC9B-09F874C26E41}.Debug Dll|x64.Build.0 = Debug|x64
		{AF76FB49-FC04-43FC-BC9B-09F874C26E41}.Debug|Win32.ActiveCfg = Debug|Win32
		{AF76FB49-FC04-43FC-BC9B-09F874C26E41}.Debug|Win32.Build.0 = Debug|Win32
		{AF76FB49-FC04-43FC-BC9B-09F874C26E41}.Debug|x64.ActiveCfg = Debug|x64
		{AF76FB49-FC04-43FC-BC9B-09F874C26E41}.Debug|x64.Build.0 = Debug|x64
		{AF76FB49-FC04-43FC-BC9B-09F874C26E41}.DebugStatic|Win32.ActiveCfg = Debug|Win32
		{AF76FB49-FC04-43FC-BC9B-09F874C26E41}.DebugStatic|Win32.Build.0 = Debug|Win32
		{AF76FB49-FC04-43FC-BC9B-09F874C26E41}.DebugStatic|x64.ActiveCfg = Debug|x64
		{AF76FB49-FC04-43FC-BC9B-09F874C26E41}.DebugStatic|x64.Build.0 = Debug|x64
		{AF76FB49-FC04-43FC-BC9B-09F874C26E41}.DebugStaticU|Win32.ActiveCfg = DebugU|Win32
		{AF76FB49-FC04-43FC-BC9B-09F874C26E41}.DebugStaticU|Win32.Build.0 = DebugU|Win32
		{AF76FB49-FC04-43FC-BC9B-09F874C26E41}.DebugStaticU|x64.ActiveCfg = DebugU|x64
		{AF76FB49-FC04-43FC-BC9B-09F874C26E41}.DebugStaticU|x64.Build.0 = DebugU|x64
		{AF76FB49-FC04-43FC-BC9B-09F874C26E41}.DebugU|Win32.ActiveCfg = DebugU|Win32
		{AF76FB49-FC04-43FC-BC9B-09F874C26E41}.DebugU|Win32.Build.0 = DebugU|Win32
		{AF76FB49-FC04-43FC-BC9B-09F874C26E41}.DebugU|x64.ActiveCfg = DebugU|x64
		{AF76FB49-FC04-43FC-BC9B-09F874C26E41}.DebugU|x64.Build.0 = DebugU|x64
		{AF76FB49-FC04-43FC-BC9B-09F874C26E41}.Release Console|Win32.ActiveCfg = Release|Win32
		{AF76FB49-FC04-43FC-BC9B-09F874C26E41}.Release Console|Win32.Build.0 = Release|Win32
		{AF76FB49-FC04-43FC-BC9B-09F874C26E41}.Release Console|x64.ActiveCfg = Release|x64
		{AF76FB49-FC04-43FC-BC9B-09F874C26E41}.Release Console|x64.Build.0 = Release|x64
		{AF76FB49-FC04-43FC-BC9B-09F874C26E41}.Release Dll|Win32.ActiveCfg = Release|Win32
		{AF76FB49-FC04-43FC-BC9B-09F874C26E41}.Release Dll|Win32.Build.0 = Release|Win32
		{AF76FB49-FC04-43FC-BC9B-09F874C26E41}.Release Dll|x64.ActiveCfg = Release|x64
		{AF76FB49-FC04-43FC-BC9B-09F874C26E41}.Release Dll|x64.Build.0 = Release|x64
		{AF76FB49-FC04-43FC-BC9B-09F874C26E41}.Release|Win32.ActiveCfg = Release|Win32
		{AF76FB49-FC04-43FC-BC9B-09F874C26E41}.Release|Win32.Build.0 = Release|Win32
		{AF76FB49-FC04-43FC-BC9B-09F874C26E41}.Release|x64.ActiveCfg = Release|x64
		{AF76FB49-FC04-43FC-BC9B-09F874C26E41}.Release|x64.Build.0 = Release|x64
		{AF76FB49-FC04-43FC-BC9B-09F874C26E41}.ReleaseStatic|Win32.ActiveCfg = Release|Win32
		{AF76FB49-FC04-43FC-BC9B-09F874C26E41}.ReleaseStatic|Win32.Build.0 = Release|Win32
		{AF76FB49-FC04-43FC-BC9B-09F874C26E41}.ReleaseStatic|x64.ActiveCfg = Release|x64
		{AF76FB49-FC04-43FC-BC9B-09F874C26E41}.ReleaseStatic|x64.Build.0 = Release|x64
		{AF76FB49-FC04-43FC-BC9B-09F874C26E41}.ReleaseStaticU|Win32.ActiveCfg = ReleaseU|Win32
		{AF76FB49-FC04-43FC-BC9B-09F874C26E41}.ReleaseStaticU|Win32.Build.0 = ReleaseU|Win32
		{AF76FB49-FC04-43FC-BC9B-09F874C26E41}.ReleaseStaticU|x64.ActiveCfg = ReleaseU|x64
		{AF76FB49-FC04-43FC-BC9B-09F874C26E41}.ReleaseStaticU|x64.Build.0 = ReleaseU|x64
		{AF76FB49-FC04-43FC-BC9B-09F874C26E41}.ReleaseU|Win32.ActiveCfg = ReleaseU|Win32
		{AF76FB49-FC04-43FC-BC9B-09F874C26E41}.ReleaseU|Win32.Build.0 = ReleaseU|Win32
		{AF76FB49-FC04-43FC-BC9B-09F874C26E41}.ReleaseU|x64.ActiveCfg = ReleaseU|x64
		{AF76FB49-FC04-43FC-BC9B-09F874C26E41}.ReleaseU|x64.Build.0 = ReleaseU|x64
		{8864FCB8-C6FF-4D54-9312-8283C209A925}.Debug Console|Win32.ActiveCfg = Debug Dll|Win32
		{8864FCB8-C6FF-4D54-9312-8283C209A925}.Debug Console|Win32.Build.0 = Debug Dll|Win32
		{8864FCB8-C6FF-4D54-9312-8283C209A925}.Debug Console|x64.ActiveCfg = Debug Dll|x64
		{8864FCB8-C6FF-4D54-9312-8283C209A925}.Debug Console|x64.Build.0 = Debug Dll|x64
		{8864FCB8-C6FF-4D54-9312-8283C209A925}.Debug Dll|Win32.ActiveCfg = Debug Dll|Win32
		{8864FCB8-C6FF-4D54-9312-8283C209A925}.Debug Dll|Win32.Build.0 = Debug Dll|Win32
		{8864FCB8-C6FF-4D54-9312-8283C209A925}.Debug Dll|x64.ActiveCfg = Debug Dll|x64
		{8864FCB8-C6FF-4D54-9312-8283C209A925}.Debug Dll|x64.Build.0 = Debug Dll|x64
		{8864FCB8-C6FF-4D54-9312-8283C209A925}.Debug|Win32.ActiveCfg = Debug Dll|Win32
		{8864FCB8-C6FF-4D54-9312-8283C209A925}.Debug|Win32.Build.0 = Debug Dll|Win32
		{8864FCB8-C6FF-4D54-9312-8283C209A925}.Debug|x64.ActiveCfg = Debug Dll|x64
		{8864FCB8-C6FF-4D54-9312-8283C209A925}.Debug|x64.Build.0 = Debug Dll|x64
		{8864FCB8-C6FF-4D54-9312-8283C209A925}.DebugStatic|Win32.ActiveCfg = Debug Dll|Win32
		{8864FCB8-C6FF-4D54-9312-8283C209A925}.DebugStatic|Win32.Build.0 = Debug Dll|Win32
		{8864FCB8-C6FF-4D54-9312-8283C209A925}.DebugStatic|x64.ActiveCfg = Debug Dll|x64
		{8864FCB8-C6FF-4D54-9312-8283C209A925}.DebugStatic|x64.Build.0 = Debug Dll|x64
		{8864FCB8-C6FF-4D54-9312-8283C209A925}.DebugStaticU|Win32.ActiveCfg = Debug Dll|Win32
		{8864FCB8-C6FF-4D54-9312-8283C209A925}.DebugStaticU|Win32.Build.0 = Debug Dll|Win32
		{8864FCB8-C6FF-4D54-9312-8283C209A925}.DebugStaticU|x64.ActiveCfg = Debug Dll|x64
		{8864FCB8-C6FF-4D54-9312-8283C209A925}.DebugStaticU|x64.Build.0 = Debug Dll|x64
		{8864FCB8-C6FF-4D54-9312-8283C209A925}.DebugU|Win32.ActiveCfg = Debug Dll|Win32
		{8864FCB8-C6FF-4D54-9312-8283C209A925}.DebugU|Win32.Build.0 = Debug Dll|Win32
		{8864FCB8-C6FF-4D54-9312-8283C209A925}.DebugU|x64.ActiveCfg = Debug Dll|x64
		{8864FCB8-C6FF-4D54-9312-8283C209A925}.DebugU|x64.Build.0 = Debug Dll|x64
		{8864FCB8-C6FF-4D54-9312-8283C209A925}.Release Console|Win32.ActiveCfg = Release Dll|Win32
		{8864FCB8-C6FF-4D54-9312-8283C209A925}.Release Console|Win32.Build.0 = Release Dll|Win32
		{8864FCB8-C6FF-4D54-9312-8283C209A925}.Release Console|x64.ActiveCfg = Release Dll|x64
		{8864FCB8-C6FF-4D54-9312-8283C209A925}.Release Console|x64.Build.0 = Release Dll|x64
		{8864FCB8-C6FF-4D54-9312-8283C209A925}.Release Dll|Win32.ActiveCfg = Release Dll|Win32
		{8864FCB8-C6FF-4D54-9312-8283C209A925}.Release Dll|Win32.Build.0 = Release Dll|Win32
		{8864FCB8-C6FF-4D54-9312-8283C209A925}.Release Dll|x64.ActiveCfg = Release Dll|x64
		{8864FCB8-C6FF-4D54-9312-8283C209A925}.Release Dll|x64.Build.0 = Release Dll|x64
		{8864FCB8-C6FF-4D54-9312-8283C209A925}.Release|Win32.ActiveCfg = Release Dll|Win32
		{8864FCB8-C6FF-4D54-9312-8283C209A925}.Release|Win32.Build.0 = Release Dll|Win32
		{8864FCB8-C6FF-4D54-9312-8283C209A925}.Release|x64.ActiveCfg = Release Dll|x64
		{8864FCB8-C6FF-4D54-9312-8283C209A925}.Release|x64.Build.0 = Release Dll|x64
		{8864FCB8-C6FF-4D54-9312-8283C209A925}.ReleaseStatic|Win32.ActiveCfg = Release Dll|Win32
		{8864FCB8-C6FF-4D54-9312-8283C209A925}.ReleaseStatic|Win32.Build.0 = Release Dll|Win32
		{8864FCB8-C6FF-4D54-9312-8283C209A925}.ReleaseStatic|x64.ActiveCfg = Release Dll|x64
		{8864FCB8-C6FF-4D54-9312-8283C209A925}.ReleaseStatic|x64.Build.0 = Release Dll|x64
		{8864FCB8-C6FF-4D54-9312-8283C209A925}.ReleaseStaticU|Win32.ActiveCfg = Release Dll|Win32
		{8864FCB8-C6FF-4D54-9312-8283C209A925}.ReleaseStaticU|Win32.Build.0 = Release Dll|Win32
		{8864FCB8-C6FF-4D54-9312-8283C209A925}.ReleaseStaticU|x64.ActiveCfg = Release Dll|x64
		{8864FCB8-C6FF-4D54-9312-8283C209A925}.ReleaseStaticU|x64.Build.0 = Release Dll|x64
		{8864FCB8-C6FF-4D54-9312-8283C209A925}.ReleaseU|Win32.ActiveCfg = Release Dll|Win32
		{8864FCB8-C6FF-4D54-9312-8283C209A925}.ReleaseU|Win32.Build.0 = Release Dll|Win32
		{8864FCB8-C6FF-4D54-9312-8283C209A925}.ReleaseU|x64.ActiveCfg = Release Dll|x64
		{8864FCB8-C6FF-4D54-9312-8283C209A925}.ReleaseU|x64.Build.0 = Release Dll|x64
		{FB34B33E-AC93-4F57-91D4-566A8214CB73}.Debug Console|Win32.ActiveCfg = Debug|Win32
		{FB34B33E-AC93-4F57-91D4-566A8214CB73}.Debug Console|Win32.Build.0 = Debug|Win32
		{FB34B33E-AC93-4F57-91D4-566A8214CB73}.Debug Console|x64.ActiveCfg = Debug|x64
		{FB34B33E-AC93-4F57-91D4-566A8214CB73}.Debug Console|x64.Build.0 = Debug|x64
		{FB34B33E-AC93-4F57-91D4-566A8214CB73}.Debug Dll|Win32.ActiveCfg = Debug|Win32
		{FB34B33E-AC93-4F57-91D4-566A8214CB73}.Debug Dll|Win32.Build.0 = Debug|Win32
		{FB34B33E-AC93-4F57-91D4-566A8214CB73}.Debug Dll|x64.ActiveCfg = Debug|x64
		{FB34B33E-AC93-4F57-91D4-566A8214CB73}.Debug Dll|x64.Build.0 = Debug|x64
		{FB34B33E-AC93-4F57-91D4-566A8214CB73}.Debug|Win32.ActiveCfg = Debug|Win32
		{FB34B33E-AC93-4F57-91D4-566A8214CB73}.Debug|Win32.Build.0 = Debug|Win32
		{FB34B33E-AC93-4F57-91D4-566A8214CB73}.Debug|x64.ActiveCfg = Debug|x64
		{FB34B33E-AC93-4F57-91D4-566A8214CB73}.Debug|x64.Build.0 = Debug|x64
		{FB34B33E-AC93-4F57-91D4-566A8214CB73}.DebugStatic|Win32.ActiveCfg = Debug|Win32
		{FB34B33E-AC93-4F57-91D4-566A8214CB73}.DebugStatic|Win32.Build.0 = Debug|Win32
		{FB34B33E-AC93-4F57-91D4-566A8214CB73}.DebugStatic|x64.ActiveCfg = Debug|x64
		{FB34B33E-AC93-4F57-91D4-566A8214CB73}.DebugStatic|x64.Build.0 = Debug|x64
		{FB34B33E-AC93-4F57-91D4-566A8214CB73}.DebugStaticU|Win32.ActiveCfg = Debug|Win32
		{FB34B33E-AC93-4F57-91D4-566A8214CB73}.DebugStaticU|Win32.Build.0 = Debug|Win32
		{FB34B33E-AC93-4F57-91D4-566A8214CB73}.DebugStaticU|x64.ActiveCfg = Debug|x64
		{FB34B33E-AC93-4F57-91D4-566A8214CB73}.DebugStaticU|x64.Build.0 = Debug|x64
		{FB34B33E-AC93-4F57-91D4-566A8214CB73}.DebugU|Win32.ActiveCfg = Debug|Win32
		{FB34B33E-AC93-4F57-91D4-566A8214CB73}.DebugU|Win32.Build.0 = Debug|Win32
		{FB34B33E-AC93-4F57-91D4-566A8214CB73}.DebugU|x64.ActiveCfg = Debug|x64
		{FB34B33E-AC93-4F57-91D4-566A8214CB73}.DebugU|x64.Build.0 = Debug|x64
		{FB34B33E-AC93-4F57-91D4-566A8214CB73}.Release Console|Win32.ActiveCfg = Release|Win32
		{FB34B33E-AC93-4F57-91D4-566A8214CB73}.Release Console|Win32.Build.0 = Release|Win32
		{FB34B33E-AC93-4F57-91D4-566A8214CB73}.Release Console|x64.ActiveCfg = Release|x64
		{FB34B33E-AC93-4F57-91D4-566A8214CB73}.Release Console|x64.Build.0 = Release|x64
		{FB34B33E-AC93-4F57-91D4-566A8214CB73}.Release Dll|Win32.ActiveCfg = Release|Win32
		{FB34B33E-AC93-4F57-91D4-566A8214CB73}.Release Dll|Win32.Build.0 = Release|Win32
		{FB34B33E-AC93-4F57-91D4-566A8214CB73}.Release Dll|x64.ActiveCfg = Release|x64
		{FB34B33E-AC93-4F57-91D4-566A8214CB73}.Release Dll|x64.Build.0 = Release|x64
		{FB34B33E-AC93-4F57-91D4-566A8214CB73}.Release|Win32.ActiveCfg = Release|Win32
		{FB34B33E-AC93-4F57-91D4-566A8214CB73}.Release|Win32.Build.0 = Release|Win32
		{FB34B33E-AC93-4F57-91D4-566A8214CB73}.Release|x64.ActiveCfg = Release|x64
		{FB34B33E-AC93-4F57-91D4-566A8214CB73}.Release|x64.Build.0 = Release|x64
		{FB34B33E-AC93-4F57-91D4-566A8214CB73}.ReleaseStatic|Win32.ActiveCfg = Release|Win32
		{FB34B33E-AC93-4F57-91D4-566A8214CB73}.ReleaseStatic|Win32.Build.0 = Release|Win32
		{FB34B33E-AC93-4F57-91D4-566A8214CB73}.ReleaseStatic|x64.ActiveCfg = Release|x64
		{FB34B33E-AC93-4F57-91D4-566A8214CB73}.ReleaseStatic|x64.Build.0 = Release|x64
		{FB34B33E-AC93-4F57-91D4-566A8214CB73}.ReleaseStaticU|Win32.ActiveCfg = Release|Win32
		{FB34B33E-AC93-4F57-91D4-566A8214CB73}.ReleaseStaticU|Win32.Build.0 = Release|Win32
		{FB34B33E-AC93-4F57-91D4-566A8214CB73}.ReleaseStaticU|x64.ActiveCfg = Release|x64
		{FB34B33E-AC93-4F57-91D4-566A8214CB73}.ReleaseStaticU|x64.Build.0 = Release|x64
		{FB34B33E-AC93-4F57-91D4-566A8214CB73}.ReleaseU|Win32.ActiveCfg = Release|Win32
		{FB34B33E-AC93-4F57-91D4-566A8214CB73}.ReleaseU|Win32.Build.0 = Release|Win32
		{FB34B33E-AC93-4F57-91D4-566A8214CB73}.ReleaseU|x64.ActiveCfg = Release|x64
		{FB34B33E-AC93-4F57-91D4-566A8214CB73}.ReleaseU|x64.Build.0 = Release|x64
		{2C5EC054-7569-4E73-91A1-5D5BC62DB49E}.Debug Console|Win32.ActiveCfg = Debug|Win32
		{2C5EC054-7569-4E73-91A1-5D5BC62DB49E}.Debug Console|Win32.Build.0 = Debug|Win32
		{2C5EC054-7569-4E73-91A1-5D5BC62DB49E}.Debug Console|x64.ActiveCfg = Debug|x64
		{2C5EC054-7569-4E73-91A1-5D5BC62DB49E}.Debug Console|x64.Build.0 = Debug|x64
		{2C5EC054-7569-4E73-91A1-5D5BC62DB49E}.Debug Dll|Win32.ActiveCfg = Debug|Win32
		{2C5EC054-7569-4E73-91A1-5D5BC62DB49E}.Debug Dll|Win32.Build.0 = Debug|Win32
		{2C5EC054-7569-4E73-91A1-5D5BC62DB49E}.Debug Dll|x64.ActiveCfg = Debug|x64
		{2C5EC054-7569-4E73-91A1-5D5BC62DB49E}.Debug Dll|x64.Build.0 = Debug|x64
		{2C5EC054-7569-4E73-91A1-5D5BC62DB49E}.Debug|Win32.ActiveCfg = Debug|Win32
		{2C5EC054-7569-4E73-91A1-5D5BC62DB49E}.Debug|Win32.Build.0 = Debug|Win32
		{2C5EC054-7569-4E73-91A1-5D5BC62DB49E}.Debug|x64.ActiveCfg = Debug|x64
		{2C5EC054-7569-4E73-91A1-5D5BC62DB49E}.Debug|x64.Build.0 = Debug|x64
		{2C5EC054-7569-4E73-91A1-5D5BC62DB49E}.DebugStatic|Win32.ActiveCfg = Debug|Win32
		{2C5EC054-7569-4E73-91A1-5D5BC62DB49E}.DebugStatic|Win32.Build.0 = Debug|Win32
		{2C5EC054-7569-4E73-91A1-5D5BC62DB49E}.DebugStatic|x64.ActiveCfg = Debug|x64
		{2C5EC054-7569-4E73-91A1-5D5BC62DB49E}.DebugStatic|x64.Build.0 = Debug|x64
		{2C5EC054-7569-4E73-91A1-5D5BC62DB49E}.DebugStaticU|Win32.ActiveCfg = DebugU|Win32
		{2C5EC054-7569-4E73-91A1-5D5BC62DB49E}.DebugStaticU|Win32.Build.0 = DebugU|Win32
		{2C5EC054-7569-4E73-91A1-5D5BC62DB49E}.DebugStaticU|x64.ActiveCfg = DebugU|x64
		{2C5EC054-7569-4E73-91A1-5D5BC62DB49E}.DebugStaticU|x64.Build.0 = DebugU|x64
		{2C5EC054-7569-4E73-91A1-5D5BC62DB49E}.DebugU|Win32.ActiveCfg = DebugU|Win32
		{2C5EC054-7569-4E73-91A1-5D5BC62DB49E}.DebugU|Win32.Build.0 = DebugU|Win32
		{2C5EC054-7569-4E73-91A1-5D5BC62DB49E}.DebugU|x64.ActiveCfg = DebugU|x64
		{2C5EC054-7569-4E73-91A1-5D5BC62DB49E}.DebugU|x64.Build.0 = DebugU|x64
		{2C5EC054-7569-4E73-91A1-5D5BC62DB49E}.Release Console|Win32.ActiveCfg = Release|Win32
		{2C5EC054-7569-4E73-91A1-5D5BC62DB49E}.Release Console|Win32.Build.0 = Release|Win32
		{2C5EC054-7569-4E73-91A1-5D5BC62DB49E}.Release Console|x64.ActiveCfg = Release|x64
		{2C5EC054-7569-4E73-91A1-5D5BC62DB49E}.Release Console|x64.Build.0 = Release|x64
		{2C5EC054-7569-4E73-91A1-5D5BC62DB49E}.Release Dll|Win32.ActiveCfg = Release|Win32
		{2C5EC054-7569-4E73-91A1-5D5BC62DB49E}.Release Dll|Win32.Build.0 = Release|Win32
		{2C5EC054-7569-4E73-91A1-5D5BC62DB49E}.Release Dll|x64.ActiveCfg = Release|x64
		{2C5EC054-7569-4E73-91A1-5D5BC62DB49E}.Release Dll|x64.Build.0 = Release|x64
		{2C5EC054-7569-4E73-91A1-5D5BC62DB49E}.Release|Win32.ActiveCfg = Release|Win32
		{2C5EC054-7569-4E73-91A1-5D5BC62DB49E}.Release|Win32.Build.0 = Release|Win32
		{2C5EC054-7569-4E73-91A1-5D5BC62DB49E}.Release|x64.ActiveCfg = Release|x64
		{2C5EC054-7569-4E73-91A1-5D5BC62DB49E}.Release|x64.Build.0 = Release|x64
		{2C5EC054-7569-4E73-91A1-5D5BC62DB49E}.ReleaseStatic|Win32.ActiveCfg = Release|Win32
		{2C5EC054-7569-4E73-91A1-5D5BC62DB49E}.ReleaseStatic|Win32.Build.0 = Release|Win32
		{2C5EC054-7569-4E73-91A1-5D5BC62DB49E}.ReleaseStatic|x64.ActiveCfg = Release|x64
		{2C5EC054-7569-4E73-91A1-5D5BC62DB49E}.ReleaseStatic|x64.Build.0 = Release|x64
		{2C5EC054-7569-4E73-91A1-5D5BC62DB49E}.ReleaseStaticU|Win32.ActiveCfg = ReleaseU|Win32
		{2C5EC054-7569-4E73-91A1-5D5BC62DB49E}.ReleaseStaticU|Win32.Build.0 = ReleaseU|Win32
		{2C5EC054-7569-4E73-91A1-5D5BC62DB49E}.ReleaseStaticU|x64.ActiveCfg = ReleaseU|x64
		{2C5EC054-7569-4E73-91A1-5D5BC62DB49E}.ReleaseStaticU|x64.Build.0 = ReleaseU|x64
		{2C5EC054-7569-4E73-91A1-5D5BC62DB49E}.ReleaseU|Win32.ActiveCfg = ReleaseU|Win32
		{2C5EC054-7569-4E73-91A1-5D5BC62DB49E}.ReleaseU|Win32.Build.0 = ReleaseU|Win32
		{2C5EC054-7569-4E73-91A1-5D5BC62DB49E}.ReleaseU|x64.ActiveCfg = ReleaseU|x64
		{2C5EC054-7569-4E73-91A1-5D5BC62DB49E}.ReleaseU|x64.Build.0 = ReleaseU|x64
		{3A98F3F5-266E-41B2-B89E-6945F37A6054}.Debug Console|Win32.ActiveCfg = Debug Console|Win32
		{3A98F3F5-266E-41B2-B89E-6945F37A6054}.Debug Console|Win32.Build.0 = Debug Console|Win32
		{3A98F3F5-266E-41B2-B89E-6945F37A6054}.Debug Console|x64.ActiveCfg = Debug Console|x64
		{3A98F3F5-266E-41B2-B89E-6945F37A6054}.Debug Console|x64.Build.0 = Debug Console|x64
		{3A98F3F5-266E-41B2-B89E-6945F37A6054}.Debug Dll|Win32.ActiveCfg = Debug Console|Win32
		{3A98F3F5-266E-41B2-B89E-6945F37A6054}.Debug Dll|Win32.Build.0 = Debug Console|Win32
		{3A98F3F5-266E-41B2-B89E-6945F37A6054}.Debug Dll|x64.ActiveCfg = Debug Console|x64
		{3A98F3F5-266E-41B2-B89E-6945F37A6054}.Debug Dll|x64.Build.0 = Debug Console|x64
		{3A98F3F5-266E-41B2-B89E-6945F37A6054}.Debug|Win32.ActiveCfg = Debug Console|Win32
		{3A98F3F5-266E-41B2-B89E-6945F37A6054}.Debug|Win32.Build.0 = Debug Console|Win32
		{3A98F3F5-266E-41B2-B89E-6945F37A6054}.Debug|x64.ActiveCfg = Debug Console|x64
		{3A98F3F5-266E-41B2-B89E-6945F37A6054}.Debug|x64.Build.0 = Debug Console|x64
		{3A98F3F5-266E-41B2-B89E-6945F37A6054}.DebugStatic|Win32.ActiveCfg = Debug Console|Win32
		{3A98F3F5-266E-41B2-B89E-6945F37A6054}.DebugStatic|Win32.Build.0 = Debug Console|Win32
		{3A98F3F5-266E-41B2-B89E-6945F37A6054}.DebugStatic|x64.ActiveCfg = Debug Console|x64
		{3A98F3F5-266E-41B2-B89E-6945F37A6054}.DebugStatic|x64.Build.0 = Debug Console|x64
		{3A98F3F5-266E-41B2-B89E-6945F37A6054}.DebugStaticU|Win32.ActiveCfg = Debug Console|Win32
		{3A98F3F5-266E-41B2-B89E-6945F37A6054}.DebugStaticU|Win32.Build.0 = Debug Console|Win32
		{3A98F3F5-266E-41B2-B89E-6945F37A6054}.DebugStaticU|x64.ActiveCfg = Debug Console|x64
		{3A98F3F5-266E-41B2-B89E-6945F37A6054}.DebugStaticU|x64.Build.0 = Debug Console|x64
		{3A98F3F5-266E-41B2-B89E-6945F37A6054}.DebugU|Win32.ActiveCfg = Debug Console|Win32
		{3A98F3F5-266E-41B2-B89E-6945F37A6054}.DebugU|Win32.Build.0 = Debug Console|Win32
		{3A98F3F5-266E-41B2-B89E-6945F37A6054}.DebugU|x64.ActiveCfg = Debug Console|x64
		{3A98F3F5-266E-41B2-B89E-6945F37A6054}.DebugU|x64.Build.0 = Debug Console|x64
		{3A98F3F5-266E-41B2-B89E-6945F37A6054}.Release Console|Win32.ActiveCfg = Release Console|Win32
		{3A98F3F5-266E-41B2-B89E-6945F37A6054}.Release Console|Win32.Build.0 = Release Console|Win32
		{3A98F3F5-266E-41B2-B89E-6945F37A6054}.Release Console|x64.ActiveCfg = Release Console|x64
		{3A98F3F5-266E-41B2-B89E-6945F37A6054}.Release Console|x64.Build.0 = Release Console|x64
		{3A98F3F5-266E-41B2-B89E-6945F37A6054}.Release Dll|Win32.ActiveCfg = Release Console|Win32
		{3A98F3F5-266E-41B2-B89E-6945F37A6054}.Release Dll|Win32.Build.0 = Release Console|Win32
		{3A98F3F5-266E-41B2-B89E-6945F37A6054}.Release Dll|x64.ActiveCfg = Release Console|x64
		{3A98F3F5-266E-41B2-B89E-6945F37A6054}.Release Dll|x64.Build.0 = Release Console|x64
		{3A98F3F5-266E-41B2-B89E-6945F37A6054}.Release|Win32.ActiveCfg = Release Console|Win32
		{3A98F3F5-266E-41B2-B89E-6945F37A6054}.Release|Win32.Build.0 = Release Console|Win32
		{3A98F3F5-266E-41B2-B89E-6945F37A6054}.Release|x64.ActiveCfg = Release Console|x64
		{3A98F3F5-266E-41B2-B89E-6945F37A6054}.Release|x64.Build.0 = Release Console|x64
		{3A98F3F5-266E-41B2-B89E-6945F37A6054}.ReleaseStatic|Win32.ActiveCfg = Release Console|Win32
		{3A98F3F5-266E-41B2-B89E-6945F37A6054}.ReleaseStatic|Win32.Build.0 = Release Console|Win32
		{3A98F3F5-266E-41B2-B89E-6945F37A6054}.ReleaseStatic|x64.ActiveCfg = Release Console|x64
		{3A98F3F5-266E-41B2-B89E-6945F37A6054}.ReleaseStatic|x64.Build.0 = Release Console|x64
		{3A98F3F5-266E-41B2-B89E-6945F37A6054}.ReleaseStaticU|Win32.ActiveCfg = Release Console|Win32
		{3A98F3F5-266E-41B2-B89E-6945F37A6054}.ReleaseStaticU|Win32.Build.0 = Release Console|Win32
		{3A98F3F5-266E-41B2-B89E-6945F37A6054}.ReleaseStaticU|x64.ActiveCfg = Release Console|x64
		{3A98F3F5-266E-41B2-B89E-6945F37A6054}.ReleaseStaticU|x64.Build.0 = Release Console|x64
		{3A98F3F5-266E-41B2-B89E-6945F37A6054}.ReleaseU|Win32.ActiveCfg = Release Console|Win32
		{3A98F3F5-266E-41B2-B89E-6945F37A6054}.ReleaseU|Win32.Build.0 = Release Console|Win32
		{3A98F3F5-266E-41B2-B89E-6945F37A6054}.ReleaseU|x64.ActiveCfg = Release Console|x64
		{3A98F3F5-266E-41B2-B89E-6945F37A6054}.ReleaseU|x64.Build.0 = Release Console|x64
		{7A0CC27F-274D-4567-96C3-C97B0E5F10A7}.Debug Console|Win32.ActiveCfg = Debug Console|Win32
		{7A0CC27F-274D-4567-96C3-C97B0E5F10A7}.Debug Console|Win32.Build.0 = Debug Console|Win32
		{7A0CC27F-274D-4567-96C3-C97B0E5F10A7}.Debug Console|x64.ActiveCfg = Debug Console|x64
		{7A0CC27F-274D-4567-96C3-C97B0E5F10A7}.Debug Console|x64.Build.0 = Debug Console|x64
		{7A0CC27F-274D-4567-96C3-C97B0E5F10A7}.Debug Dll|Win32.ActiveCfg = Debug Console|Win32
		{7A0CC27F-274D-4567-96C3-C97B0E5F10A7}.Debug Dll|Win32.Build.0 = Debug Console|Win32
		{7A0CC27F-274D-4567-96C3-C97B0E5F10A7}.Debug Dll|x64.ActiveCfg = Debug Console|x64
		{7A0CC27F-274D-4567-96C3-C97B0E5F10A7}.Debug Dll|x64.Build.0 = Debug Console|x64
		{7A0CC27F-274D-4567-96C3-C97B0E5F10A7}.Debug|Win32.ActiveCfg = Debug Console|Win32
		{7A0CC27F-274D-4567-96C3-C97B0E5F10A7}.Debug|Win32.Build.0 = Debug Console|Win32
		{7A0CC27F-274D-4567-96C3-C97B0E5F10A7}.Debug|x64.ActiveCfg = Debug Console|x64
		{7A0CC27F-274D-4567-96C3-C97B0E5F10A7}.Debug|x64.Build.0 = Debug Console|x64
		{7A0CC27F-274D-4567-96C3-C97B0E5F10A7}.DebugStatic|Win32.ActiveCfg = Debug Console|Win32
		{7A0CC27F-274D-4567-96C3-C97B0E5F10A7}.DebugStatic|Win32.Build.0 = Debug Console|Win32
		{7A0CC27F-274D-4567-96C3-C97B0E5F10A7}.DebugStatic|x64.ActiveCfg = Debug Console|x64
		{7A0CC27F-274D-4567-96C3-C97B0E5F10A7}.DebugStatic|x64.Build.0 = Debug Console|x64
		{7A0CC27F-274D-4567-96C3-C97B0E5F10A7}.DebugStaticU|Win32.ActiveCfg = Debug Console|Win32
		{7A0CC27F-274D-4567-96C3-C97B0E5F10A7}.DebugStaticU|Win32.Build.0 = Debug Console|Win32
		{7A0CC27F-274D-4567-96C3-C97B0E5F10A7}.DebugStaticU|x64.ActiveCfg = Debug Console|x64
		{7A0CC27F-274D-4567-96C3-C97B0E5F10A7}.DebugStaticU|x64.Build.0 = Debug Console|x64
		{7A0CC27F-274D-4567-96C3-C97B0E5F10A7}.DebugU|Win32.ActiveCfg = Debug Console|Win32
		{7A0CC27F-274D-4567-96C3-C97B0E5F10A7}.DebugU|Win32.Build.0 = Debug Console|Win32
		{7A0CC27F-274D-4567-96C3-C97B0E5F10A7}.DebugU|x64.ActiveCfg = Debug Console|x64
		{7A0CC27F-274D-4567-96C3-C97B0E5F10A7}.DebugU|x64.Build.0 = Debug Console|x64
		{7A0CC27F-274D-4567-96C3-C97B0E5F10A7}.Release Console|Win32.ActiveCfg = Release Console|Win32
		{7A0CC27F-274D-4567-96C3-C97B0E5F10A7}.Release Console|Win32.Build.0 = Release Console|Win32
		{7A0CC27F-274D-4567-96C3-C97B0E5F10A7}.Release Console|x64.ActiveCfg = Release Console|x64
		{7A0CC27F-274D-4567-96C3-C97B0E5F10A7}.Release Console|x64.Build.0 = Release Console|x64
		{7A0CC27F-274D-4567-96C3-C97B0E5F10A7}.Release Dll|Win32.ActiveCfg = Release Console|Win32
		{7A0CC27F-274D-4567-96C3-C97B0E5F10A7}.Release Dll|Win32.Build.0 = Release Console|Win32
		{7A0CC27F-274D-4567-96C3-C97B0E5F10A7}.Release Dll|x64.ActiveCfg = Release Console|x64
		{7A0CC27F-274D-4567-96C3-C97B0E5F10A7}.Release Dll|x64.Build.0 = Release Console|x64
		{7A0CC27F-274D-4567-96C3-C97B0E5F10A7}.Release|Win32.ActiveCfg = Release Console|Win32
		{7A0CC27F-274D-4567-96C3-C97B0E5F10A7}.Release|Win32.Build.0 = Release Console|Win32
		{7A0CC27F-274D-4567-96C3-C97B0E5F10A7}.Release|x64.ActiveCfg = Release Console|x64
		{7A0CC27F-274D-4567-96C3-C97B0E5F10A7}.Release|x64.Build.0 = Release Console|x64
		{7A0CC27F-274D-4567-96C3-C97B0E5F10A7}.ReleaseStatic|Win32.ActiveCfg = Release Console|Win32
		{7A0CC27F-274D-4567-96C3-C97B0E5F10A7}.ReleaseStatic|Win32.Build.0 = Release Console|Win32
		{7A0CC27F-274D-4567-96C3-C97B0E5F10A7}.ReleaseStatic|x64.ActiveCfg = Release Console|x64
		{7A0CC27F-274D-4567-96C3-C97B0E5F10A7}.ReleaseStatic|x64.Build.0 = Release Console|x64
		{7A0CC27F-274D-4567-96C3-C97B0E5F10A7}.ReleaseStaticU|Win32.ActiveCfg = Release Console|Win32
		{7A0CC27F-274D-4567-96C3-C97B0E5F10A7}.ReleaseStaticU|Win32.Build.0 = Release Console|Win32
		{7A0CC27F-274D-4567-96C3-C97B0E5F10A7}.ReleaseStaticU|x64.ActiveCfg = Release Console|x64
		{7A0CC27F-274D-4567-96C3-C97B0E5F10A7}.ReleaseStaticU|x64.Build.0 = Release Console|x64
		{7A0CC27F-274D-4567-96C3-C97B0E5F10A7}.ReleaseU|Win32.ActiveCfg = Release Console|Win32
		{7A0CC27F-274D-4567-96C3-C97B0E5F10A7}.ReleaseU|Win32.Build.0 = Release Console|Win32
		{7A0CC27F-274D-4567-96C3-C97B0E5F10A7}.ReleaseU|x64.ActiveCfg = Release Console|x64
		{7A0CC27F-274D-4567-96C3-C97B0E5F10A7}.ReleaseU|x64.Build.0 = Release Console|x64
		{F0C9702C-C174-48FB-946D-EC236FF6400E}.Debug Console|Win32.ActiveCfg = Debug Console|Win32
		{F0C9702C-C174-48FB-946D-EC236FF6400E}.Debug Console|Win32.Build.0 = Debug Console|Win32
		{F0C9702C-C174-48FB-946D-EC236FF6400E}.Debug Console|x64.ActiveCfg = Debug Console|x64
		{F0C9702C-C174-48FB-946D-EC236FF6400E}.Debug Console|x64.Build.0 = Debug Console|x64
		{F0C9702C-C174-48FB-946D-EC236FF6400E}.Debug Dll|Win32.ActiveCfg = Debug Console|Win32
		{F0C9702C-C174-48FB-946D-EC236FF6400E}.Debug Dll|Win32.Build.0 = Debug Console|Win32
		{F0C9702C-C174-48FB-946D-EC236FF6400E}.Debug Dll|x64.ActiveCfg = Debug Console|x64
		{F0C9702C-C174-48FB-946D-EC236FF6400E}.Debug Dll|x64.Build.0 = Debug Console|x64
		{F0C9702C-C174-48FB-946D-EC236FF6400E}.Debug|Win32.ActiveCfg = Debug Console|Win32
		{F0C9702C-C174-48FB-946D-EC236FF6400E}.Debug|Win32.Build.0 = Debug Console|Win32
		{F0C9702C-C174-48FB-946D-EC236FF6400E}.Debug|x64.ActiveCfg = Debug Console|x64
		{F0C9702C-C174-48FB-946D-EC236FF6400E}.Debug|x64.Build.0 = Debug Console|x64
		{F0C9702C-C174-48FB-946D-EC236FF6400E}.DebugStatic|Win32.ActiveCfg = Debug Console|Win32
		{F0C9702C-C174-48FB-946D-EC236FF6400E}.DebugStatic|Win32.Build.0 = Debug Console|Win32
		{F0C9702C-C174-48FB-946D-EC236FF6400E}.DebugStatic|x64.ActiveCfg = Debug Console|x64
		{F0C9702C-C174-48FB-946D-EC236FF6400E}.DebugStatic|x64.Build.0 = Debug Console|x64
		{F0C9702C-C174-48FB-946D-EC236FF6400E}.DebugStaticU|Win32.ActiveCfg = Debug Console|Win32
		{F0C9702C-C174-48FB-946D-EC236FF6400E}.DebugStaticU|Win32.Build.0 = Debug Console|Win32
		{F0C9702C-C174-48FB-946D-EC236FF6400E}.DebugStaticU|x64.ActiveCfg = Debug Console|x64
		{F0C9702C-C174-48FB-946D-EC236FF6400E}.DebugStaticU|x64.Build.0 = Debug Console|x64
		{F0C9702C-C174-48FB-946D-EC236FF6400E}.DebugU|Win32.ActiveCfg = Debug Console|Win32
		{F0C9702C-C174-48FB-946D-EC236FF6400E}.DebugU|Win32.Build.0 = Debug Console|Win32
		{F0C9702C-C174-48FB-946D-EC236FF6400E}.DebugU|x64.ActiveCfg = Debug Console|x64
		{F0C9702C-C174-48FB-946D-EC236FF6400E}.DebugU|x64.Build.0 = Debug Console|x64
		{F0C9702C-C174-48FB-946D-EC236FF6400E}.Release Console|Win32.ActiveCfg = Release Console|Win32
		{F0C9702C-C174-48FB-946D-EC236FF6400E}.Release Console|Win32.Build.0 = Release Console|Win32
		{F0C9702C-C174-48FB-946D-EC236FF6400E}.Release Console|x64.ActiveCfg = Release Console|x64
		{F0C9702C-C174-48FB-946D-EC236FF6400E}.Release Console|x64.Build.0 = Release Console|x64
		{F0C9702C-C174-48FB-946D-EC236FF6400E}.Release Dll|Win32.ActiveCfg = Release Console|Win32
		{F0C9702C-C174-48FB-946D-EC236FF6400E}.Release Dll|Win32.Build.0 = Release Console|Win32
		{F0C9702C-C174-48FB-946D-EC236FF6400E}.Release Dll|x64.ActiveCfg = Release Console|x64
		{F0C9702C-C174-48FB-946D-EC236FF6400E}.Release Dll|x64.Build.0 = Release Console|x64
		{F0C9702C-C174-48FB-946D-EC236FF6400E}.Release|Win32.ActiveCfg = Release Console|Win32
		{F0C9702C-C174-48FB-946D-EC236FF6400E}.Release|Win32.Build.0 = Release Console|Win32
		{F0C9702C-C174-48FB-946D-EC236FF6400E}.Release|x64.ActiveCfg = Release Console|x64
		{F0C9702C-C174-48FB-946D-EC236FF6400E}.Release|x64.Build.0 = Release Console|x64
		{F0C9702C-C174-48FB-946D-EC236FF6400E}.ReleaseStatic|Win32.ActiveCfg = Release Console|Win32
		{F0C9702C-C174-48FB-946D-EC236FF6400E}.ReleaseStatic|Win32.Build.0 = Release Console|Win32
		{F0C9702C-C174-48FB-946D-EC236FF6400E}.ReleaseStatic|x64.ActiveCfg = Release Console|x64
		{F0C9702C-C174-48FB-946D-EC236FF6400E}.ReleaseStatic|x64.Build.0 = Release Console|x64
		{F0C9702C-C174-48FB-946D-EC236FF6400E}.ReleaseStaticU|Win32.ActiveCfg = Release Console|Win32
		{F0C9702C-C174-48FB-946D-EC236FF6400E}.ReleaseStaticU|Win32.Build.0 = Release Console|Win32
		{F0C9702C-C174-48FB-946D-EC236FF6400E}.ReleaseStaticU|x64.ActiveCfg = Release Console|x64
		{F0C9702C-C174-48FB-946D-EC236FF6400E}.ReleaseStaticU|x64.Build.0 = Release Console|x64
		{F0C9702C-C174-48FB-946D-EC236FF6400E}.ReleaseU|Win32.ActiveCfg = Release Console|Win32
		{F0C9702C-C174-48FB-946D-EC236FF6400E}.ReleaseU|Win32.Build.0 = Release Console|Win32
		{F0C9702C-C174-48FB-946D-EC236FF6400E}.ReleaseU|x64.ActiveCfg = Release Console|x64
		{F0C9702C-C174-48FB-946D-EC236FF6400E}.ReleaseU|x64.Build.0 = Release Console|x64
		{C1428772-3B9B-43C1-98DD-79299FAAC251}.Debug Console|Win32.ActiveCfg = Debug Console|Win32
		{C1428772-3B9B-43C1-98DD-79299FAAC251}.Debug Console|Win32.Build.0 = Debug Console|Win32
		{C1428772-3B9B-43C1-98DD-79299FAAC251}.Debug Console|x64.ActiveCfg = Debug Console|x64
		{C1428772-3B9B-43C1-98DD-79299FAAC251}.Debug Console|x64.Build.0 = Debug Console|x64
		{C1428772-3B9B-43C1-98DD-79299FAAC251}.Debug Dll|Win32.ActiveCfg = Debug Console|Win32
		{C1428772-3B9B-43C1-98DD-79299FAAC251}.Debug Dll|Win32.Build.0 = Debug Console|Win32
		{C1428772-3B9B-43C1-98DD-79299FAAC251}.Debug Dll|x64.ActiveCfg = Debug Console|x64
		{C1428772-3B9B-43C1-98DD-79299FAAC251}.Debug Dll|x64.Build.0 = Debug Console|x64
		{C1428772-3B9B-43C1-98DD-79299FAAC251}.Debug|Win32.ActiveCfg = Debug Console|Win32
		{C1428772-3B9B-43C1-98DD-79299FAAC251}.Debug|Win32.Build.0 = Debug Console|Win32
		{C1428772-3B9B-43C1-98DD-79299FAAC251}.Debug|x64.ActiveCfg = Debug Console|x64
		{C1428772-3B9B-43C1-98DD-79299FAAC251}.Debug|x64.Build.0 = Debug Console|x64
		{C1428772-3B9B-43C1-98DD-79299FAAC251}.DebugStatic|Win32.ActiveCfg = Debug Console|Win32
		{C1428772-3B9B-43C1-98DD-79299FAAC251}.DebugStatic|Win32.Build.0 = Debug Console|Win32
		{C1428772-3B9B-43C1-98DD-79299FAAC251}.DebugStatic|x64.ActiveCfg = Debug Console|x64
		{C1428772-3B9B-43C1-98DD-79299FAAC251}.DebugStatic|x64.Build.0 = Debug Console|x64
		{C1428772-3B9B-43C1-98DD-79299FAAC251}.DebugStaticU|Win32.ActiveCfg = Debug Console|Win32
		{C1428772-3B9B-43C1-98DD-79299FAAC251}.DebugStaticU|Win32.Build.0 = Debug Console|Win32
		{C1428772-3B9B-43C1-98DD-79299FAAC251}.DebugStaticU|x64.ActiveCfg = Debug Console|x64
		{C1428772-3B9B-43C1-98DD-79299FAAC251}.DebugStaticU|x64.Build.0 = Debug Console|x64
		{C1428772-3B9B-43C1-98DD-79299FAAC251}.DebugU|Win32.ActiveCfg = Debug Console|Win32
		{C1428772-3B9B-43C1-98DD-79299FAAC251}.DebugU|Win32.Build.0 = Debug Console|Win32
		{C1428772-3B9B-43C1-98DD-79299FAAC251}.DebugU|x64.ActiveCfg = Debug Console|x64
		{C1428772-3B9B-43C1-98DD-79299FAAC251}.DebugU|x64.Build.0 = Debug Console|x64
		{C1428772-3B9B-43C1-98DD-79299FAAC251}.Release Console|Win32.ActiveCfg = Release Console|Win32
		{C1428772-3B9B-43C1-98DD-79299FAAC251}.Release Console|Win32.Build.0 = Release Console|Win32
		{C1428772-3B9B-43C1-98DD-79299FAAC251}.Release Console|x64.ActiveCfg = Release Console|x64
		{C1428772-3B9B-43C1-98DD-79299FAAC251}.Release Console|x64.Build.0 = Release Console|x64
		{C1428772-3B9B-43C1-98DD-79299FAAC251}.Release Dll|Win32.ActiveCfg = Release Console|Win32
		{C1428772-3B9B-43C1-98DD-79299FAAC251}.Release Dll|Win32.Build.0 = Release Console|Win32
		{C1428772-3B9B-43C1-98DD-79299FAAC251}.Release Dll|x64.ActiveCfg = Release Console|x64
		{C1428772-3B9B-43C1-98DD-79299FAAC251}.Release Dll|x64.Build.0 = Release Console|x64
		{C1428772-3B9B-43C1-98DD-79299FAAC251}.Release|Win32.ActiveCfg = Release Console|Win32
		{C1428772-3B9B-43C1-98DD-79299FAAC251}.Release|Win32.Build.0 = Release Console|Win32
		{C1428772-3B9B-43C1-98DD-79299FAAC251}.Release|x64.ActiveCfg = Release Console|x64
		{C1428772-3B9B-43C1-98DD-79299FAAC251}.Release|x64.Build.0 = Release Console|x64
		{C1428772-3B9B-43C1-98DD-79299FAAC251}.ReleaseStatic|Win32.ActiveCfg = Release Console|Win32
		{C1428772-3B9B-43C1-98DD-79299FAAC251}.ReleaseStatic|Win32.Build.0 = Release Console|Win32
		{C1428772-3B9B-43C1-98DD-79299FAAC251}.ReleaseStatic|x64.ActiveCfg = Release Console|x64
		{C1428772-3B9B-43C1-98DD-79299FAAC251}.ReleaseStatic|x64.Build.0 = Release Console|x64
		{C1428772-3B9B-43C1-98DD-79299FAAC251}.ReleaseStaticU|Win32.ActiveCfg = Release Console|Win32
		{C1428772-3B9B-43C1-98DD-79299FAAC251}.ReleaseStaticU|Win32.Build.0 = Release Console|Win32
		{C1428772-3B9B-43C1-98DD-79299FAAC251}.ReleaseStaticU|x64.ActiveCfg = Release Console|x64
		{C1428772-3B9B-43C1-98DD-79299FAAC251}.ReleaseStaticU|x64.Build.0 = Release Console|x64
		{C1428772-3B9B-43C1-98DD-79299FAAC251}.ReleaseU|Win32.ActiveCfg = Release Console|Win32
		{C1428772-3B9B-43C1-98DD-79299FAAC251}.ReleaseU|Win32.Build.0 = Release Console|Win32
		{C1428772-3B9B-43C1-98DD-79299FAAC251}.ReleaseU|x64.ActiveCfg = Release Console|x64
		{C1428772-3B9B-43C1-98DD-79299FAAC251}.ReleaseU|x64.Build.0 = Release Console|x64
		{BB3BC5D3-AAFC-4656-B87B-8D62258B5251}.Debug Console|Win32.ActiveCfg = Debug Console|Win32
		{BB3BC5D3-AAFC-4656-B87B-8D62258B5251}.Debug Console|Win32.Build.0 = Debug Console|Win32
		{BB3BC5D3-AAFC-4656-B87B-8D62258B5251}.Debug Console|x64.ActiveCfg = Debug Console|x64
		{BB3BC5D3-AAFC-4656-B87B-8D62258B5251}.Debug Console|x64.Build.0 = Debug Console|x64
		{BB3BC5D3-AAFC-4656-B87B-8D62258B5251}.Debug Dll|Win32.ActiveCfg = Debug Console|Win32
		{BB3BC5D3-AAFC-4656-B87B-8D62258B5251}.Debug Dll|Win32.Build.0 = Debug Console|Win32
		{BB3BC5D3-AAFC-4656-B87B-8D62258B5251}.Debug Dll|x64.ActiveCfg = Debug Console|x64
		{BB3BC5D3-AAFC-4656-B87B-8D62258B5251}.Debug Dll|x64.Build.0 = Debug Console|x64
		{BB3BC5D3-AAFC-4656-B87B-8D62258B5251}.Debug|Win32.ActiveCfg = Debug Console|Win32
		{BB3BC5D3-AAFC-4656-B87B-8D62258B5251}.Debug|Win32.Build.0 = Debug Console|Win32
		{BB3BC5D3-AAFC-4656-B87B-8D62258B5251}.Debug|x64.ActiveCfg = Debug Console|x64
		{BB3BC5D3-AAFC-4656-B87B-8D62258B5251}.Debug|x64.Build.0 = Debug Console|x64
		{BB3BC5D3-AAFC-4656-B87B-8D62258B5251}.DebugStatic|Win32.ActiveCfg = Debug Console|Win32
		{BB3BC5D3-AAFC-4656-B87B-8D62258B5251}.DebugStatic|Win32.Build.0 = Debug Console|Win32
		{BB3BC5D3-AAFC-4656-B87B-8D62258B5251}.DebugStatic|x64.ActiveCfg = Debug Console|x64
		{BB3BC5D3-AAFC-4656-B87B-8D62258B5251}.DebugStatic|x64.Build.0 = Debug Console|x64
		{BB3BC5D3-AAFC-4656-B87B-8D62258B5251}.DebugStaticU|Win32.ActiveCfg = Debug Console|Win32
		{BB3BC5D3-AAFC-4656-B87B-8D62258B5251}.DebugStaticU|Win32.Build.0 = Debug Console|Win32
		{BB3BC5D3-AAFC-4656-B87B-8D62258B5251}.DebugStaticU|x64.ActiveCfg = Debug Console|x64
		{BB3BC5D3-AAFC-4656-B87B-8D62258B5251}.DebugStaticU|x64.Build.0 = Debug Console|x64
		{BB3BC5D3-AAFC-4656-B87B-8D62258B5251}.DebugU|Win32.ActiveCfg = Debug Console|Win32
		{BB3BC5D3-AAFC-4656-B87B-8D62258B5251}.DebugU|Win32.Build.0 = Debug Console|Win32
		{BB3BC5D3-AAFC-4656-B87B-8D62258B5251}.DebugU|x64.ActiveCfg = Debug Console|x64
		{BB3BC5D3-AAFC-4656-B87B-8D62258B5251}.DebugU|x64.Build.0 = Debug Console|x64
		{BB3BC5D3-AAFC-4656-B87B-8D62258B5251}.Release Console|Win32.ActiveCfg = Release Console|Win32
		{BB3BC5D3-AAFC-4656-B87B-8D62258B5251}.Release Console|Win32.Build.0 = Release Console|Win32
		{BB3BC5D3-AAFC-4656-B87B-8D62258B5251}.Release Console|x64.ActiveCfg = Release Console|x64
		{BB3BC5D3-AAFC-4656-B87B-8D62258B5251}.Release Console|x64.Build.0 = Release Console|x64
		{BB3BC5D3-AAFC-4656-B87B-8D62258B5251}.Release Dll|Win32.ActiveCfg = Release Console|Win32
		{BB3BC5D3-AAFC-4656-B87B-8D62258B5251}.Release Dll|Win32.Build.0 = Release Console|Win32
		{BB3BC5D3-AAFC-4656-B87B-8D62258B5251}.Release Dll|x64.ActiveCfg = Release Console|x64
		{BB3BC5D3-AAFC-4656-B87B-8D62258B5251}.Release Dll|x64.Build.0 = Release Console|x64
		{BB3BC5D3-AAFC-4656-B87B-8D62258B5251}.Release|Win32.ActiveCfg = Release Console|Win32
		{BB3BC5D3-AAFC-4656-B87B-8D62258B5251}.Release|Win32.Build.0 = Release Console|Win32
		{BB3BC5D3-AAFC-4656-B87B-8D62258B5251}.Release|x64.ActiveCfg = Release Console|x64
		{BB3BC5D3-AAFC-4656-B87B-8D62258B5251}.Release|x64.Build.0 = Release Console|x64
		{BB3BC5D3-AAFC-4656-B87B-8D62258B5251}.ReleaseStatic|Win32.ActiveCfg = Release Console|Win32
		{BB3BC5D3-AAFC-4656-B87B-8D62258B5251}.ReleaseStatic|Win32.Build.0 = Release Console|Win32
		{BB3BC5D3-AAFC-4656-B87B-8D62258B5251}.ReleaseStatic|x64.ActiveCfg = Release Console|x64
		{BB3BC5D3-AAFC-4656-B87B-8D62258B5251}.ReleaseStatic|x64.Build.0 = Release Console|x64
		{BB3BC5D3-AAFC-4656-B87B-8D62258B5251}.ReleaseStaticU|Win32.ActiveCfg = Release Console|Win32
		{BB3BC5D3-AAFC-4656-B87B-8D62258B5251}.ReleaseStaticU|Win32.Build.0 = Release Console|Win32
		{BB3BC5D3-AAFC-4656-B87B-8D62258B5251}.ReleaseStaticU|x64.ActiveCfg = Release Console|x64
		{BB3BC5D3-AAFC-4656-B87B-8D62258B5251}.ReleaseStaticU|x64.Build.0 = Release Console|x64
		{BB3BC5D3-AAFC-4656-B87B-8D62258B5251}.ReleaseU|Win32.ActiveCfg = Release Console|Win32
		{BB3BC5D3-AAFC-4656-B87B-8D62258B5251}.ReleaseU|Win32.Build.0 = Release Console|Win32
		{BB3BC5D3-AAFC-4656-B87B-8D62258B5251}.ReleaseU|x64.ActiveCfg = Release Console|x64
		{BB3BC5D3-AAFC-4656-B87B-8D62258B5251}.ReleaseU|x64.Build.0 = Release Console|x64
		{CA859DA1-7CAD-4C62-841B-8AA0A155D340}.Debug Console|Win32.ActiveCfg = Debug Console|Win32
		{CA859DA1-7CAD-4C62-841B-8AA0A155D340}.Debug Console|Win32.Build.0 = Debug Console|Win32
		{CA859DA1-7CAD-4C62-841B-8AA0A155D340}.Debug Console|x64.ActiveCfg = Debug Console|x64
		{CA859DA1-7CAD-4C62-841B-8AA0A155D340}.Debug Console|x64.Build.0 = Debug Console|x64
		{CA859DA1-7CAD-4C62-841B-8AA0A155D340}.Debug Dll|Win32.ActiveCfg = Debug Console|Win32
		{CA859DA1-7CAD-4C62-841B-8AA0A155D340}.Debug Dll|Win32.Build.0 = Debug Console|Win32
		{CA859DA1-7CAD-4C62-841B-8AA0A155D340}.Debug Dll|x64.ActiveCfg = Debug Console|x64
		{CA859DA1-7CAD-4C62-841B-8AA0A155D340}.Debug Dll|x64.Build.0 = Debug Console|x64
		{CA859DA1-7CAD-4C62-841B-8AA0A155D340}.Debug|Win32.ActiveCfg = Debug Console|Win32
		{CA859DA1-7CAD-4C62-841B-8AA0A155D340}.Debug|Win32.Build.0 = Debug Console|Win32
		{CA859DA1-7CAD-4C62-841B-8AA0A155D340}.Debug|x64.ActiveCfg = Debug Console|x64
		{CA859DA1-7CAD-4C62-841B-8AA0A155D340}.Debug|x64.Build.0 = Debug Console|x64
		{CA859DA1-7CAD-4C62-841B-8AA0A155D340}.DebugStatic|Win32.ActiveCfg = Debug Console|Win32
		{CA859DA1-7CAD-4C62-841B-8AA0A155D340}.DebugStatic|Win32.Build.0 = Debug Console|Win32
		{CA859DA1-7CAD-4C62-841B-8AA0A155D340}.DebugStatic|x64.ActiveCfg = Debug Console|x64
		{CA859DA1-7CAD-4C62-841B-8AA0A155D340}.DebugStatic|x64.Build.0 = Debug Console|x64
		{CA859DA1-7CAD-4C62-841B-8AA0A155D340}.DebugStaticU|Win32.ActiveCfg = Debug Console|Win32
		{CA859DA1-7CAD-4C62-841B-8AA0A155D340}.DebugStaticU|Win32.Build.0 = Debug Console|Win32
		{CA859DA1-7CAD-4C62-841B-8AA0A155D340}.DebugStaticU|x64.ActiveCfg = Debug Console|x64
		{CA859DA1-7CAD-4C62-841B-8AA0A155D340}.DebugStaticU|x64.Build.0 = Debug Console|x64
		{CA859DA1-7CAD-4C62-841B-8AA0A155D340}.DebugU|Win32.ActiveCfg = Debug Console|Win32
		{CA859DA1-7CAD-4C62-841B-8AA0A155D340}.DebugU|Win32.Build.0 = Debug Console|Win32
		{CA859DA1-7CAD-4C62-841B-8AA0A155D340}.DebugU|x64.ActiveCfg = Debug Console|x64
		{CA859DA1-7CAD-4C62-841B-8AA0A155D340}.DebugU|x64.Build.0 = Debug Console|x64
		{CA859DA1-7CAD-4C62-841B-8AA0A155D340}.Release Console|Win32.ActiveCfg = Release Console|Win32
		{CA859DA1-7CAD-4C62-841B-8AA0A155D340}.Release Console|Win32.Build.0 = Release Console|Win32
		{CA859DA1-7CAD-4C62-841B-8AA0A155D340}.Release Console|x64.ActiveCfg = Release Console|x64
		{CA859DA1-7CAD-4C62-841B-8AA0A155D340}.Release Console|x64.Build.0 = Release Console|x64
		{CA859DA1-7CAD-4C62-841B-8AA0A155D340}.Release Dll|Win32.ActiveCfg = Release Console|Win32
		{CA859DA1-7CAD-4C62-841B-8AA0A155D340}.Release Dll|Win32.Build.0 = Release Console|Win32
		{CA859DA1-7CAD-4C62-841B-8AA0A155D340}.Release Dll|x64.ActiveCfg = Release Console|x64
		{CA859DA1-7CAD-4C62-841B-8AA0A155D340}.Release Dll|x64.Build.0 = Release Console|x64
		{CA859DA1-7CAD-4C62-841B-8AA0A155D340}.Release|Win32.ActiveCfg = Release Console|Win32
		{CA859DA1-7CAD-4C62-841B-8AA0A155D340}.Release|Win32.Build.0 = Release Console|Win32
		{CA859DA1-7CAD-4C62-841B-8AA0A155D340}.Release|x64.ActiveCfg = Release Console|x64
		{CA859DA1-7CAD-4C62-841B-8AA0A155D340}.Release|x64.Build.0 = Release Console|x64
		{CA859DA1-7CAD-4C62-841B-8AA0A155D340}.ReleaseStatic|Win32.ActiveCfg = Release Console|Win32
		{CA859DA1-7CAD-4C62-841B-8AA0A155D340}.ReleaseStatic|Win32.Build.0 = Release Console|Win32
		{CA859DA1-7CAD-4C62-841B-8AA0A155D340}.ReleaseStatic|x64.ActiveCfg = Release Console|x64
		{CA859DA1-7CAD-4C62-841B-8AA0A155D340}.ReleaseStatic|x64.Build.0 = Release Console|x64
		{CA859DA1-7CAD-4C62-841B-8AA0A155D340}.ReleaseStaticU|Win32.ActiveCfg = Release Console|Win32
		{CA859DA1-7CAD-4C62-841B-8AA0A155D340}.ReleaseStaticU|Win32.Build.0 = Release Console|Win32
		{CA859DA1-7CAD-4C62-841B-8AA0A155D340}.ReleaseStaticU|x64.ActiveCfg = Release Console|x64
		{CA859DA1-7CAD-4C62-841B-8AA0A155D340}.ReleaseStaticU|x64.Build.0 = Release Console|x64
		{CA859DA1-7CAD-4C62-841B-8AA0A155D340}.ReleaseU|Win32.ActiveCfg = Release Console|Win32
		{CA859DA1-7CAD-4C62-841B-8AA0A155D340}.ReleaseU|Win32.Build.0 = Release Console|Win32
		{CA859DA1-7CAD-4C62-841B-8AA0A155D340}.ReleaseU|x64.ActiveCfg = Release Console|x64
		{CA859DA1-7CAD-4C62-841B-8AA0A155D340}.ReleaseU|x64.Build.0 = Release Console|x64
		{A906FECC-1E73-42FC-AA32-892C85D2187B}.Debug Console|Win32.ActiveCfg = Debug Console|Win32
		{A906FECC-1E73-42FC-AA32-892C85D2187B}.Debug Console|Win32.Build.0 = Debug Console|Win32
		{A906FECC-1E73-42FC-AA32-892C85D2187B}.Debug Console|x64.ActiveCfg = Debug Console|x64
		{A906FECC-1E73-42FC-AA32-892C85D2187B}.Debug Console|x64.Build.0 = Debug Console|x64
		{A906FECC-1E73-42FC-AA32-892C85D2187B}.Debug Dll|Win32.ActiveCfg = Debug Console|Win32
		{A906FECC-1E73-42FC-AA32-892C85D2187B}.Debug Dll|Win32.Build.0 = Debug Console|Win32
		{A906FECC-1E73-42FC-AA32-892C85D2187B}.Debug Dll|x64.ActiveCfg = Debug Console|x64
		{A906FECC-1E73-42FC-AA32-892C85D2187B}.Debug Dll|x64.Build.0 = Debug Console|x64
		{A906FECC-1E73-42FC-AA32-892C85D2187B}.Debug|Win32.ActiveCfg = Debug Console|Win32
		{A906FECC-1E73-42FC-AA32-892C85D2187B}.Debug|Win32.Build.0 = Debug Console|Win32
		{A906FECC-1E73-42FC-AA32-892C85D2187B}.Debug|x64.ActiveCfg = Debug Console|x64
		{A906FECC-1E73-42FC-AA32-892C85D2187B}.Debug|x64.Build.0 = Debug Console|x64
		{A906FECC-1E73-42FC-AA32-892C85D2187B}.DebugStatic|Win32.ActiveCfg = Debug Console|Win32
		{A906FECC-1E73-42FC-AA32-892C85D2187B}.DebugStatic|Win32.Build.0 = Debug Console|Win32
		{A906FECC-1E73-42FC-AA32-892C85D2187B}.DebugStatic|x64.ActiveCfg = Debug Console|x64
		{A906FECC-1E73-42FC-AA32-892C85D2187B}.DebugStatic|x64.Build.0 = Debug Console|x64
		{A906FECC-1E73-42FC-AA32-892C85D2187B}.DebugStaticU|Win32.ActiveCfg = Debug Console|Win32
		{A906FECC-1E73-42FC-AA32-892C85D2187B}.DebugStaticU|Win32.Build.0 = Debug Console|Win32
		{A906FECC-1E73-42FC-AA32-892C85D2187B}.DebugStaticU|x64.ActiveCfg = Debug Console|x64
		{A906FECC-1E73-42FC-AA32-892C85D2187B}.DebugStaticU|x64.Build.0 = Debug Console|x64
		{A906FECC-1E73-42FC-AA32-892C85D2187B}.DebugU|Win32.ActiveCfg = Debug Console|Win32
		{A906FECC-1E73-42FC-AA32-892C85D2187B}.DebugU|Win32.Build.0 = Debug Console|Win32
		{A906FECC-1E73-42FC-AA32-892C85D2187B}.DebugU|x64.ActiveCfg = Debug Console|x64
		{A906FECC-1E73-42FC-AA32-892C85D2187B}.DebugU|x64.Build.0 = Debug Console|x64
		{A906FECC-1E73-42FC-AA32-892C85D2187B}.Release Console|Win32.ActiveCfg = Release Console|Win32
		{A906FECC-1E73-42FC-AA32-892C85D2187B}.Release Console|Win32.Build.0 = Release Console|Win32
		{A906FECC-1E73-42FC-AA32-892C85D2187B}.Release Console|x64.ActiveCfg = Release Console|x64
		{A906FECC-1E73-42FC-AA32-892C85D2187B}.Release Console|x64.Build.0 = Release Console|x64
		{A906FECC-1E73-42FC-AA32-892C85D2187B}.Release Dll|Win32.ActiveCfg = Release Console|Win32
		{A906FECC-1E73-42FC-AA32-892C85D2187B}.Release Dll|Win32.Build.0 = Release Console|Win32
		{A906FECC-1E73-42FC-AA32-892C85D2187B}.Release Dll|x64.ActiveCfg = Release Console|x64
		{A906FECC-1E73-42FC-AA32-892C85D2187B}.Release Dll|x64.Build.0 = Release Console|x64
		{A906FECC-1E73-42FC-AA32-892C85D2187B}.Release|Win32.ActiveCfg = Release Console|Win32
		{A906FECC-1E73-42FC-AA32-892C85D2187B}.Release|Win32.Build.0 = Release Console|Win32
		{A906FECC-1E73-42FC-AA32-892C85D2187B}.Release|x64.ActiveCfg = Release Console|x64
		{A906FECC-1E73-42FC-AA32-892C85D2187B}.Release|x64.Build.0 = Release Console|x64
		{A906FECC-1E73-42FC-AA32-892C85D2187B}.ReleaseStatic|Win32.ActiveCfg = Release Console|Win32
		{A906FECC-1E73-42FC-AA32-892C85D2187B}.ReleaseStatic|Win32.Build.0 = Release Console|Win32
		{A906FECC-1E73-42FC-AA32-892C85D2187B}.ReleaseStatic|x64.ActiveCfg = Release Console|x64
		{A906FECC-1E73-42FC-AA32-892C85D2187B}.ReleaseStatic|x64.Build.0 = Release Console|x64
		{A906FECC-1E73-42FC-AA32-892C85D2187B}.ReleaseStaticU|Win32.ActiveCfg = Release Console|Win32
		{A906FECC-1E73-42FC-AA32-892C85D2187B}.ReleaseStaticU|Win32.Build.0 = Release Console|Win32
		{A906FECC-1E73-42FC-AA32-892C85D2187B}.ReleaseStaticU|x64.ActiveCfg = Release Console|x64
		{A906FECC-1E73-42FC-AA32-892C85D2187B}.ReleaseStaticU|x64.Build.0 = Release Console|x64
		{A906FECC-1E73-42FC-AA32-892C85D2187B}.ReleaseU|Win32.ActiveCfg = Release Console|Win32
		{A906FECC-1E73-42FC-AA32-892C85D2187B}.ReleaseU|Win32.Build.0 = Release Console|Win32
		{A906FECC-1E73-42FC-AA32-892C85D2187B}.ReleaseU|x64.ActiveCfg = Release Console|x64
		{A906FECC-1E73-42FC-AA32-892C85D2187B}.ReleaseU|x64.Build.0 = Release Console|x64
		{34116A29-A864-42FB-81BC-C2AA77831C6A}.Debug Console|Win32.ActiveCfg = Debug Console|Win32
		{34116A29-A864-42FB-81BC-C2AA77831C6A}.Debug Console|Win32.Build.0 = Debug Console|Win32
		{34116A29-A864-42FB-81BC-C2AA77831C6A}.Debug Console|x64.ActiveCfg = Debug Console|x64
		{34116A29-A864-42FB-81BC-C2AA77831C6A}.Debug Console|x64.Build.0 = Debug Console|x64
		{34116A29-A864-42FB-81BC-C2AA77831C6A}.Debug Dll|Win32.ActiveCfg = Debug Console|Win32
		{34116A29-A864-42FB-81BC-C2AA77831C6A}.Debug Dll|Win32.Build.0 = Debug Console|Win32
		{34116A29-A864-42FB-81BC-C2AA77831C6A}.Debug Dll|x64.ActiveCfg = Debug Console|x64
		{34116A29-A864-42FB-81BC-C2AA77831C6A}.Debug Dll|x64.Build.0 = Debug Console|x64
		{34116A29-A864-42FB-81BC-C2AA77831C6A}.Debug|Win32.ActiveCfg = Debug Console|Win32
		{34116A29-A864-42FB-81BC-C2AA77831C6A}.Debug|Win32.Build.0 = Debug Console|Win32
		{34116A29-A864-42FB-81BC-C2AA77831C6A}.Debug|x64.ActiveCfg = Debug Console|x64
		{34116A29-A864-42FB-81BC-C2AA77831C6A}.Debug|x64.Build.0 = Debug Console|x64
		{34116A29-A864-42FB-81BC-C2AA77831C6A}.DebugStatic|Win32.ActiveCfg = Debug Console|Win32
		{34116A29-A864-42FB-81BC-C2AA77831C6A}.DebugStatic|Win32.Build.0 = Debug Console|Win32
		{34116A29-A864-42FB-81BC-C2AA77831C6A}.DebugStatic|x64.ActiveCfg = Debug Console|x64
		{34116A29-A864-42FB-81BC-C2AA77831C6A}.DebugStatic|x64.Build.0 = Debug Console|x64
		{34116A29-A864-42FB-81BC-C2AA77831C6A}.DebugStaticU|Win32.ActiveCfg = Debug Console|Win32
		{34116A29-A864-42FB-81BC-C2AA77831C6A}.DebugStaticU|Win32.Build.0 = Debug Console|Win32
		{34116A29-A864-42FB-81BC-C2AA77831C6A}.DebugStaticU|x64.ActiveCfg = Debug Console|x64
		{34116A29-A864-42FB-81BC-C2AA77831C6A}.DebugStaticU|x64.Build.0 = Debug Console|x64
		{34116A29-A864-42FB-81BC-C2AA77831C6A}.DebugU|Win32.ActiveCfg = Debug Console|Win32
		{34116A29-A864-42FB-81BC-C2AA77831C6A}.DebugU|Win32.Build.0 = Debug Console|Win32
		{34116A29-A864-42FB-81BC-C2AA77831C6A}.DebugU|x64.ActiveCfg = Debug Console|x64
		{34116A29-A864-42FB-81BC-C2AA77831C6A}.DebugU|x64.Build.0 = Debug Console|x64
		{34116A29-A864-42FB-81BC-C2AA77831C6A}.Release Console|Win32.ActiveCfg = Release Console|Win32
		{34116A29-A864-42FB-81BC-C2AA77831C6A}.Release Console|Win32.Build.0 = Release Console|Win32
		{34116A29-A864-42FB-81BC-C2AA77831C6A}.Release Console|x64.ActiveCfg = Release Console|x64
		{34116A29-A864-42FB-81BC-C2AA77831C6A}.Release Console|x64.Build.0 = Release Console|x64
		{34116A29-A864-42FB-81BC-C2AA77831C6A}.Release Dll|Win32.ActiveCfg = Release Console|Win32
		{34116A29-A864-42FB-81BC-C2AA77831C6A}.Release Dll|Win32.Build.0 = Release Console|Win32
		{34116A29-A864-42FB-81BC-C2AA77831C6A}.Release Dll|x64.ActiveCfg = Release Console|x64
		{34116A29-A864-42FB-81BC-C2AA77831C6A}.Release Dll|x64.Build.0 = Release Console|x64
		{34116A29-A864-42FB-81BC-C2AA77831C6A}.Release|Win32.ActiveCfg = Release Console|Win32
		{34116A29-A864-42FB-81BC-C2AA77831C6A}.Release|Win32.Build.0 = Release Console|Win32
		{34116A29-A864-42FB-81BC-C2AA77831C6A}.Release|x64.ActiveCfg = Release Console|x64
		{34116A29-A864-42FB-81BC-C2AA77831C6A}.Release|x64.Build.0 = Release Console|x64
		{34116A29-A864-42FB-81BC-C2AA77831C6A}.ReleaseStatic|Win32.ActiveCfg = Release Console|Win32
		{34116A29-A864-42FB-81BC-C2AA77831C6A}.ReleaseStatic|Win32.Build.0 = Release Console|Win32
		{34116A29-A864-42FB-81BC-C2AA77831C6A}.ReleaseStatic|x64.ActiveCfg = Release Console|x64
		{34116A29-A864-42FB-81BC-C2AA77831C6A}.ReleaseStatic|x64.Build.0 = Release Console|x64
		{34116A29-A864-42FB-81BC-C2AA77831C6A}.ReleaseStaticU|Win32.ActiveCfg = Release Console|Win32
		{34116A29-A864-42FB-81BC-C2AA77831C6A}.ReleaseStaticU|Win32.Build.0 = Release Console|Win32
		{34116A29-A864-42FB-81BC-C2AA77831C6A}.ReleaseStaticU|x64.ActiveCfg = Release Console|x64
		{34116A29-A864-42FB-81BC-C2AA77831C6A}.ReleaseStaticU|x64.Build.0 = Release Console|x64
		{34116A29-A864-42FB-81BC-C2AA77831C6A}.ReleaseU|Win32.ActiveCfg = Release Console|Win32
		{34116A29-A864-42FB-81BC-C2AA77831C6A}.ReleaseU|Win32.Build.0 = Release Console|Win32
		{34116A29-A864-42FB-81BC-C2AA77831C6A}.ReleaseU|x64.ActiveCfg = Release Console|x64
		{34116A29-A864-42FB-81BC-C2AA77831C6A}.ReleaseU|x64.Build.0 = Release Console|x64
		{FB83939F-CEB9-4FDD-834A-BE77168A6AD8}.Debug Console|Win32.ActiveCfg = Debug Console|Win32
		{FB83939F-CEB9-4FDD-834A-BE77168A6AD8}.Debug Console|Win32.Build.0 = Debug Console|Win32
		{FB83939F-CEB9-4FDD-834A-BE77168A6AD8}.Debug Console|x64.ActiveCfg = Debug Console|x64
		{FB83939F-CEB9-4FDD-834A-BE77168A6AD8}.Debug Console|x64.Build.0 = Debug Console|x64
		{FB83939F-CEB9-4FDD-834A-BE77168A6AD8}.Debug Dll|Win32.ActiveCfg = Debug Console|Win32
		{FB83939F-CEB9-4FDD-834A-BE77168A6AD8}.Debug Dll|Win32.Build.0 = Debug Console|Win32
		{FB83939F-CEB9-4FDD-834A-BE77168A6AD8}.Debug Dll|x64.ActiveCfg = Debug Console|x64
		{FB83939F-CEB9-4FDD-834A-BE77168A6AD8}.Debug Dll|x64.Build.0 = Debug Console|x64
		{FB83939F-CEB9-4FDD-834A-BE77168A6AD8}.Debug|Win32.ActiveCfg = Debug Console|Win32
		{FB83939F-CEB9-4FDD-834A-BE77168A6AD8}.Debug|Win32.Build.0 = Debug Console|Win32
		{FB83939F-CEB9-4FDD-834A-BE77168A6AD8}.Debug|x64.ActiveCfg = Debug Console|x64
		{FB83939F-CEB9-4FDD-834A-BE77168A6AD8}.Debug|x64.Build.0 = Debug Console|x64
		{FB83939F-CEB9-4FDD-834A-BE77168A6AD8}.DebugStatic|Win32.ActiveCfg = Debug Console|Win32
		{FB83939F-CEB9-4FDD-834A-BE77168A6AD8}.DebugStatic|Win32.Build.0 = Debug Console|Win32
		{FB83939F-CEB9-4FDD-834A-BE77168A6AD8}.DebugStatic|x64.ActiveCfg = Debug Console|x64
		{FB83939F-CEB9-4FDD-834A-BE77168A6AD8}.DebugStatic|x64.Build.0 = Debug Console|x64
		{FB83939F-CEB9-4FDD-834A-BE77168A6AD8}.DebugStaticU|Win32.ActiveCfg = Debug Console|Win32
		{FB83939F-CEB9-4FDD-834A-BE77168A6AD8}.DebugStaticU|Win32.Build.0 = Debug Console|Win32
		{FB83939F-CEB9-4FDD-834A-BE77168A6AD8}.DebugStaticU|x64.ActiveCfg = Debug Console|x64
		{FB83939F-CEB9-4FDD-834A-BE77168A6AD8}.DebugStaticU|x64.Build.0 = Debug Console|x64
		{FB83939F-CEB9-4FDD-834A-BE77168A6AD8}.DebugU|Win32.ActiveCfg = Debug Console|Win32
		{FB83939F-CEB9-4FDD-834A-BE77168A6AD8}.DebugU|Win32.Build.0 = Debug Console|Win32
		{FB83939F-CEB9-4FDD-834A-BE77168A6AD8}.DebugU|x64.ActiveCfg = Debug Console|x64
		{FB83939F-CEB9-4FDD-834A-BE77168A6AD8}.DebugU|x64.Build.0 = Debug Console|x64
		{FB83939F-CEB9-4FDD-834A-BE77168A6AD8}.Release Console|Win32.ActiveCfg = Release Console|Win32
		{FB83939F-CEB9-4FDD-834A-BE77168A6AD8}.Release Console|Win32.Build.0 = Release Console|Win32
		{FB83939F-CEB9-4FDD-834A-BE77168A6AD8}.Release Console|x64.ActiveCfg = Release Console|x64
		{FB83939F-CEB9-4FDD-834A-BE77168A6AD8}.Release Console|x64.Build.0 = Release Console|x64
		{FB83939F-CEB9-4FDD-834A-BE77168A6AD8}.Release Dll|Win32.ActiveCfg = Release Console|Win32
		{FB83939F-CEB9-4FDD-834A-BE77168A6AD8}.Release Dll|Win32.Build.0 = Release Console|Win32
		{FB83939F-CEB9-4FDD-834A-BE77168A6AD8}.Release Dll|x64.ActiveCfg = Release Console|x64
		{FB83939F-CEB9-4FDD-834A-BE77168A6AD8}.Release Dll|x64.Build.0 = Release Console|x64
		{FB83939F-CEB9-4FDD-834A-BE77168A6AD8}.Release|Win32.ActiveCfg = Release Console|Win32
		{FB83939F-CEB9-4FDD-834A-BE77168A6AD8}.Release|Win32.Build.0 = Release Console|Win32
		{FB83939F-CEB9-4FDD-834A-BE77168A6AD8}.Release|x64.ActiveCfg = Release Console|x64
		{FB83939F-CEB9-4FDD-834A-BE77168A6AD8}.Release|x64.Build.0 = Release Console|x64
		{FB83939F-CEB9-4FDD-834A-BE77168A6AD8}.ReleaseStatic|Win32.ActiveCfg = Release Console|Win32
		{FB83939F-CEB9-4FDD-834A-BE77168A6AD8}.ReleaseStatic|Win32.Build.0 = Release Console|Win32
		{FB83939F-CEB9-4FDD-834A-BE77168A6AD8}.ReleaseStatic|x64.ActiveCfg = Release Console|x64
		{FB83939F-CEB9-4FDD-834A-BE77168A6AD8}.ReleaseStatic|x64.Build.0 = Release Console|x64
		{FB83939F-CEB9-4FDD-834A-BE77168A6AD8}.ReleaseStaticU|Win32.ActiveCfg = Release Console|Win32
		{FB83939F-CEB9-4FDD-834A-BE77168A6AD8}.ReleaseStaticU|Win32.Build.0 = Release Console|Win32
		{FB83939F-CEB9-4FDD-834A-BE77168A6AD8}.ReleaseStaticU|x64.ActiveCfg = Release Console|x64
		{FB83939F-CEB9-4FDD-834A-BE77168A6AD8}.ReleaseStaticU|x64.Build.0 = Release Console|x64
		{FB83939F-CEB9-4FDD-834A-BE77168A6AD8}.ReleaseU|Win32.ActiveCfg = Release Console|Win32
		{FB83939F-CEB9-4FDD-834A-BE77168A6AD8}.ReleaseU|Win32.Build.0 = Release Console|Win32
		{FB83939F-CEB9-4FDD-834A-BE77168A6AD8}.ReleaseU|x64.ActiveCfg = Release Console|x64
		{FB83939F-CEB9-4FDD-834A-BE77168A6AD8}.ReleaseU|x64.Build.0 = Release Console|x64
		{D3D167E3-62E6-4C24-BAAB-CFD22CEF7A77}.Debug Console|Win32.ActiveCfg = Debug|Win32
		{D3D167E3-62E6-4C24-BAAB-CFD22CEF7A77}.Debug Console|Win32.Build.0 = Debug|Win32
		{D3D167E3-62E6-4C24-BAAB-CFD22CEF7A77}.Debug Console|x64.ActiveCfg = DebugStaticU|x64
		{D3D167E3-62E6-4C24-BAAB-CFD22CEF7A77}.Debug Console|x64.Build.0 = DebugStaticU|x64
		{D3D167E3-62E6-4C24-BAAB-CFD22CEF7A77}.Debug Dll|Win32.ActiveCfg = Debug|Win32
		{D3D167E3-62E6-4C24-BAAB-CFD22CEF7A77}.Debug Dll|Win32.Build.0 = Debug|Win32
		{D3D167E3-62E6-4C24-BAAB-CFD22CEF7A77}.Debug Dll|x64.ActiveCfg = DebugStaticU|x64
		{D3D167E3-62E6-4C24-BAAB-CFD22CEF7A77}.Debug Dll|x64.Build.0 = DebugStaticU|x64
		{D3D167E3-62E6-4C24-BAAB-CFD22CEF7A77}.Debug|Win32.ActiveCfg = Debug|Win32
		{D3D167E3-62E6-4C24-BAAB-CFD22CEF7A77}.Debug|Win32.Build.0 = Debug|Win32
		{D3D167E3-62E6-4C24-BAAB-CFD22CEF7A77}.Debug|x64.ActiveCfg = Debug|x64
		{D3D167E3-62E6-4C24-BAAB-CFD22CEF7A77}.Debug|x64.Build.0 = Debug|x64
		{D3D167E3-62E6-4C24-BAAB-CFD22CEF7A77}.DebugStatic|Win32.ActiveCfg = Debug|Win32
		{D3D167E3-62E6-4C24-BAAB-CFD22CEF7A77}.DebugStatic|Win32.Build.0 = Debug|Win32
		{D3D167E3-62E6-4C24-BAAB-CFD22CEF7A77}.DebugStatic|x64.ActiveCfg = DebugStaticU|x64
		{D3D167E3-62E6-4C24-BAAB-CFD22CEF7A77}.DebugStatic|x64.Build.0 = DebugStaticU|x64
		{D3D167E3-62E6-4C24-BAAB-CFD22CEF7A77}.DebugStaticU|Win32.ActiveCfg = DebugStaticU|Win32
		{D3D167E3-62E6-4C24-BAAB-CFD22CEF7A77}.DebugStaticU|Win32.Build.0 = DebugStaticU|Win32
		{D3D167E3-62E6-4C24-BAAB-CFD22CEF7A77}.DebugStaticU|x64.ActiveCfg = DebugStaticU|x64
		{D3D167E3-62E6-4C24-BAAB-CFD22CEF7A77}.DebugStaticU|x64.Build.0 = DebugStaticU|x64
		{D3D167E3-62E6-4C24-BAAB-CFD22CEF7A77}.DebugU|Win32.ActiveCfg = DebugU|Win32
		{D3D167E3-62E6-4C24-BAAB-CFD22CEF7A77}.DebugU|Win32.Build.0 = DebugU|Win32
		{D3D167E3-62E6-4C24-BAAB-CFD22CEF7A77}.DebugU|x64.ActiveCfg = DebugU|x64
		{D3D167E3-62E6-4C24-BAAB-CFD22CEF7A77}.DebugU|x64.Build.0 = DebugU|x64
		{D3D167E3-62E6-4C24-BAAB-CFD22CEF7A77}.Release Console|Win32.ActiveCfg = Release|Win32
		{D3D167E3-62E6-4C24-BAAB-CFD22CEF7A77}.Release Console|Win32.Build.0 = Release|Win32
		{D3D167E3-62E6-4C24-BAAB-CFD22CEF7A77}.Release Console|x64.ActiveCfg = Release|x64
		{D3D167E3-62E6-4C24-BAAB-CFD22CEF7A77}.Release Console|x64.Build.0 = Release|x64
		{D3D167E3-62E6-4C24-BAAB-CFD22CEF7A77}.Release Dll|Win32.ActiveCfg = Release|Win32
		{D3D167E3-62E6-4C24-BAAB-CFD22CEF7A77}.Release Dll|Win32.Build.0 = Release|Win32
		{D3D167E3-62E6-4C24-BAAB-CFD22CEF7A77}.Release Dll|x64.ActiveCfg = Release|x64
		{D3D167E3-62E6-4C24-BAAB-CFD22CEF7A77}.Release Dll|x64.Build.0 = Release|x64
		{D3D167E3-62E6-4C24-BAAB-CFD22CEF7A77}.Release|Win32.ActiveCfg = Release|Win32
		{D3D167E3-62E6-4C24-BAAB-CFD22CEF7A77}.Release|Win32.Build.0 = Release|Win32
		{D3D167E3-62E6-4C24-BAAB-CFD22CEF7A77}.Release|x64.ActiveCfg = Release|x64
		{D3D167E3-62E6-4C24-BAAB-CFD22CEF7A77}.Release|x64.Build.0 = Release|x64
		{D3D167E3-62E6-4C24-BAAB-CFD22CEF7A77}.ReleaseStatic|Win32.ActiveCfg = Release|Win32
		{D3D167E3-62E6-4C24-BAAB-CFD22CEF7A77}.ReleaseStatic|Win32.Build.0 = Release|Win32
		{D3D167E3-62E6-4C24-BAAB-CFD22CEF7A77}.ReleaseStatic|x64.ActiveCfg = Release|x64
		{D3D167E3-62E6-4C24-BAAB-CFD22CEF7A77}.ReleaseStatic|x64.Build.0 = Release|x64
		{D3D167E3-62E6-4C24-BAAB-CFD22CEF7A77}.ReleaseStaticU|Win32.ActiveCfg = ReleaseStaticU|Win32
		{D3D167E3-62E6-4C24-BAAB-CFD22CEF7A77}.ReleaseStaticU|Win32.Build.0 = ReleaseStaticU|Win32
		{D3D167E3-62E6-4C24-BAAB-CFD22CEF7A77}.ReleaseStaticU|x64.ActiveCfg = ReleaseStaticU|x64
		{D3D167E3-62E6-4C24-BAAB-CFD22CEF7A77}.ReleaseStaticU|x64.Build.0 = ReleaseStaticU|x64
		{D3D167E3-62E6-4C24-BAAB-CFD22CEF7A77}.ReleaseU|Win32.ActiveCfg = ReleaseU|Win32
		{D3D167E3-62E6-4C24-BAAB-CFD22CEF7A77}.ReleaseU|Win32.Build.0 = ReleaseU|Win32
		{D3D167E3-62E6-4C24-BAAB-CFD22CEF7A77}.ReleaseU|x64.ActiveCfg = ReleaseU|x64
		{D3D167E3-62E6-4C24-BAAB-CFD22CEF7A77}.ReleaseU|x64.Build.0 = ReleaseU|x64
	EndGlobalSection
	GlobalSection(SolutionProperties) = preSolution
		HideSolutionNode = FALSE
	EndGlobalSection
	GlobalSection(NestedProjects) = preSolution
		{23939475-BA4F-4281-8A21-0D8F91155BBD} = {0A2F5702-66C7-427F-BF7B-5B4227F8B86A}
		{B022F7ED-405A-490E-95E7-7EB7202470F9} = {0A2F5702-66C7-427F-BF7B-5B4227F8B86A}
		{673CA965-C117-4CEB-9D0E-282B8C19D0E6} = {23939475-BA4F-4281-8A21-0D8F91155BBD}
		{6F379A7E-7522-4A59-85D5-A122617CFA9A} = {23939475-BA4F-4281-8A21-0D8F91155BBD}
		{D40D00C4-8A74-4E93-9F21-1CC7A185DC4A} = {23939475-BA4F-4281-8A21-0D8F91155BBD}
		{18CDC2FB-6266-49F8-8FE9-11B888B6306E} = {23939475-BA4F-4281-8A21-0D8F91155BBD}
		{A192BFC8-BA66-49FA-9875-C19FFD8EB92D} = {B022F7ED-405A-490E-95E7-7EB7202470F9}
		{38F58383-9F4F-4015-981E-0A6B33F176E0} = {B022F7ED-405A-490E-95E7-7EB7202470F9}
		{9EBEE19E-77AC-49A0-8C44-D7BF13D56FF2} = {B022F7ED-405A-490E-95E7-7EB7202470F9}
		{404B8F11-C048-4230-973E-137E59FF2EF7} = {B022F7ED-405A-490E-95E7-7EB7202470F9}
		{3A98F3F5-266E-41B2-B89E-6945F37A6054} = {673CA965-C117-4CEB-9D0E-282B8C19D0E6}
		{7A0CC27F-274D-4567-96C3-C97B0E5F10A7} = {6F379A7E-7522-4A59-85D5-A122617CFA9A}
		{F0C9702C-C174-48FB-946D-EC236FF6400E} = {D40D00C4-8A74-4E93-9F21-1CC7A185DC4A}
		{C1428772-3B9B-43C1-98DD-79299FAAC251} = {18CDC2FB-6266-49F8-8FE9-11B888B6306E}
		{BB3BC5D3-AAFC-4656-B87B-8D62258B5251} = {A192BFC8-BA66-49FA-9875-C19FFD8EB92D}
		{CA859DA1-7CAD-4C62-841B-8AA0A155D340} = {38F58383-9F4F-4015-981E-0A6B33F176E0}
		{A906FECC-1E73-42FC-AA32-892C85D2187B} = {9EBEE19E-77AC-49A0-8C44-D7BF13D56FF2}
		{34116A29-A864-42FB-81BC-C2AA77831C6A} = {404B8F11-C048-4230-973E-137E59FF2EF7}
	EndGlobalSection
EndGlobal
