Microsoft Visual Studio Solution File, Format Version 8.00
Project("{8BC9CEB8-8B4A-11D0-8D11-00A0C91BC942}") = "AddressSpace_Service", "C++\samples\server\AddressSpace\AddressSpace_Service_VS2003.vcproj", "{10FAB9E6-8363-4E97-B4F9-D4954D2B6B69}"
	ProjectSection(ProjectDependencies) = postProject
	EndProjectSection
EndProject
Project("{8BC9CEB8-8B4A-11D0-8D11-00A0C91BC942}") = "AddressSpace", "C++\samples\server\AddressSpace\AddressSpace_VS2003.vcproj", "{10FAB9E6-8363-4E97-B4F9-D4954D2B6B69}"
	ProjectSection(ProjectDependencies) = postProject
	EndProjectSection
EndProject
Project("{8BC9CEB8-8B4A-11D0-8D11-00A0C91BC942}") = "BisDemo", "C++\samples\server\BisDemo\BisDemo_VS2003.vcproj", "{10FAB9E6-8363-4E97-B4F9-D4954D2B6B69}"
	ProjectSection(ProjectDependencies) = postProject
	EndProjectSection
EndProject
Project("{8BC9CEB8-8B4A-11D0-8D11-00A0C91BC942}") = "Console", "C++\samples\server\Console\Console_VS2003.vcproj", "{10FAB9E6-8363-4E97-B4F9-D4954D2B6B69}"
	ProjectSection(ProjectDependencies) = postProject
	EndProjectSection
EndProject
Project("{8BC9CEB8-8B4A-11D0-8D11-00A0C91BC942}") = "CTT", "C++\samples\server\CTT\ctt_VS2003.vcproj", "{10FAB9E6-8363-4E97-B4F9-D4954D2B6B69}"
	ProjectSection(ProjectDependencies) = postProject
	EndProjectSection
EndProject
Project("{8BC9CEB8-8B4A-11D0-8D11-00A0C91BC942}") = "DemoServer", "C++\samples\server\DemoServer\DemoServer_VS2003.vcproj", "{10FAB9E6-8363-4E97-B4F9-D4954D2B6B69}"
	ProjectSection(ProjectDependencies) = postProject
	EndProjectSection
EndProject
Project("{8BC9CEB8-8B4A-11D0-8D11-00A0C91BC942}") = "SerialIO", "C++\samples\server\Serial_IO\SerialIO_VS2003.vcproj", "{10FAB9E6-8363-4E97-B4F9-D4954D2B6B69}"
	ProjectSection(ProjectDependencies) = postProject
	EndProjectSection
EndProject
Project("{8BC9CEB8-8B4A-11D0-8D11-00A0C91BC942}") = "OpcProject", "C++\samples\server\ServerDLL\OpcProject\OpcProject_VS2003.vcproj", "{8864FCB8-C6FF-4D54-9312-8283C209A925}"
	ProjectSection(ProjectDependencies) = postProject
	EndProjectSection
EndProject
Project("{8BC9CEB8-8B4A-11D0-8D11-00A0C91BC942}") = "TestDll", "C++\samples\server\ServerDLL\TestDll\TestDll_VS2003.vcproj", "{FB34B33E-AC93-4F57-91D4-566A8214CB73}"
	ProjectSection(ProjectDependencies) = postProject
	EndProjectSection
EndProject
Project("{8BC9CEB8-8B4A-11D0-8D11-00A0C91BC942}") = "Session", "C++\samples\server\Session\Session_VS2003.vcproj", "{FB83939F-CEB9-4FDD-834A-BE77168A6AD8}"
	ProjectSection(ProjectDependencies) = postProject
	EndProjectSection
EndProject
Project("{8BC9CEB8-8B4A-11D0-8D11-00A0C91BC942}") = "UpdateMode", "C++\samples\server\UpdateMode\UpdateMode_VS2003.vcproj", "{2C5EC054-7569-4E73-91A1-5D5BC62DB49E}"
	ProjectSection(ProjectDependencies) = postProject
	EndProjectSection
EndProject
Global
	GlobalSection(SolutionConfiguration) = preSolution
		Debug = Debug
		Debug Console = Debug Console
		Debug Dll = Debug Dll
		DebugStatic = DebugStatic
		DebugStaticU = DebugStaticU
		DebugU = DebugU
		Release = Release
		Release Console = Release Console
		Release Dll = Release Dll
		ReleaseStatic = ReleaseStatic
		ReleaseStaticU = ReleaseStaticU
		ReleaseU = ReleaseU
	EndGlobalSection
	GlobalSection(ProjectDependencies) = postSolution
	EndGlobalSection
	GlobalSection(ProjectConfiguration) = postSolution
		{10FAB9E6-8363-4E97-B4F9-D4954D2B6B69}.Debug.ActiveCfg = Debug|Win32
		{10FAB9E6-8363-4E97-B4F9-D4954D2B6B69}.Debug.Build.0 = Debug|Win32
		{10FAB9E6-8363-4E97-B4F9-D4954D2B6B69}.Debug Console.ActiveCfg = Debug|Win32
		{10FAB9E6-8363-4E97-B4F9-D4954D2B6B69}.Debug Console.Build.0 = Debug|Win32
		{10FAB9E6-8363-4E97-B4F9-D4954D2B6B69}.Debug Dll.ActiveCfg = Debug|Win32
		{10FAB9E6-8363-4E97-B4F9-D4954D2B6B69}.Debug Dll.Build.0 = Debug|Win32
		{10FAB9E6-8363-4E97-B4F9-D4954D2B6B69}.DebugStatic.ActiveCfg = DebugU|Win32
		{10FAB9E6-8363-4E97-B4F9-D4954D2B6B69}.DebugStatic.Build.0 = DebugU|Win32
		{10FAB9E6-8363-4E97-B4F9-D4954D2B6B69}.DebugStaticU.ActiveCfg = DebugU|Win32
		{10FAB9E6-8363-4E97-B4F9-D4954D2B6B69}.DebugStaticU.Build.0 = DebugU|Win32
		{10FAB9E6-8363-4E97-B4F9-D4954D2B6B69}.DebugU.ActiveCfg = DebugU|Win32
		{10FAB9E6-8363-4E97-B4F9-D4954D2B6B69}.DebugU.Build.0 = DebugU|Win32
		{10FAB9E6-8363-4E97-B4F9-D4954D2B6B69}.Release.ActiveCfg = Release|Win32
		{10FAB9E6-8363-4E97-B4F9-D4954D2B6B69}.Release.Build.0 = Release|Win32
		{10FAB9E6-8363-4E97-B4F9-D4954D2B6B69}.Release Console.ActiveCfg = Release|Win32
		{10FAB9E6-8363-4E97-B4F9-D4954D2B6B69}.Release Console.Build.0 = Release|Win32
		{10FAB9E6-8363-4E97-B4F9-D4954D2B6B69}.Release Dll.ActiveCfg = Release|Win32
		{10FAB9E6-8363-4E97-B4F9-D4954D2B6B69}.Release Dll.Build.0 = Release|Win32
		{10FAB9E6-8363-4E97-B4F9-D4954D2B6B69}.ReleaseStatic.ActiveCfg = ReleaseU|Win32
		{10FAB9E6-8363-4E97-B4F9-D4954D2B6B69}.ReleaseStatic.Build.0 = ReleaseU|Win32
		{10FAB9E6-8363-4E97-B4F9-D4954D2B6B69}.ReleaseStaticU.ActiveCfg = ReleaseU|Win32
		{10FAB9E6-8363-4E97-B4F9-D4954D2B6B69}.ReleaseStaticU.Build.0 = ReleaseU|Win32
		{10FAB9E6-8363-4E97-B4F9-D4954D2B6B69}.ReleaseU.ActiveCfg = ReleaseU|Win32
		{10FAB9E6-8363-4E97-B4F9-D4954D2B6B69}.ReleaseU.Build.0 = ReleaseU|Win32
		{10FAB9E6-8363-4E97-B4F9-D4954D2B6B69}.Debug.ActiveCfg = Debug|Win32
		{10FAB9E6-8363-4E97-B4F9-D4954D2B6B69}.Debug.Build.0 = Debug|Win32
		{10FAB9E6-8363-4E97-B4F9-D4954D2B6B69}.Debug Console.ActiveCfg = Debug|Win32
		{10FAB9E6-8363-4E97-B4F9-D4954D2B6B69}.Debug Console.Build.0 = Debug|Win32
		{10FAB9E6-8363-4E97-B4F9-D4954D2B6B69}.Debug Dll.ActiveCfg = Debug|Win32
		{10FAB9E6-8363-4E97-B4F9-D4954D2B6B69}.Debug Dll.Build.0 = Debug|Win32
		{10FAB9E6-8363-4E97-B4F9-D4954D2B6B69}.DebugStatic.ActiveCfg = DebugU|Win32
		{10FAB9E6-8363-4E97-B4F9-D4954D2B6B69}.DebugStatic.Build.0 = DebugU|Win32
		{10FAB9E6-8363-4E97-B4F9-D4954D2B6B69}.DebugStaticU.ActiveCfg = DebugU|Win32
		{10FAB9E6-8363-4E97-B4F9-D4954D2B6B69}.DebugStaticU.Build.0 = DebugU|Win32
		{10FAB9E6-8363-4E97-B4F9-D4954D2B6B69}.DebugU.ActiveCfg = DebugU|Win32
		{10FAB9E6-8363-4E97-B4F9-D4954D2B6B69}.DebugU.Build.0 = DebugU|Win32
		{10FAB9E6-8363-4E97-B4F9-D4954D2B6B69}.Release.ActiveCfg = Release|Win32
		{10FAB9E6-8363-4E97-B4F9-D4954D2B6B69}.Release.Build.0 = Release|Win32
		{10FAB9E6-8363-4E97-B4F9-D4954D2B6B69}.Release Console.ActiveCfg = Release|Win32
		{10FAB9E6-8363-4E97-B4F9-D4954D2B6B69}.Release Console.Build.0 = Release|Win32
		{10FAB9E6-8363-4E97-B4F9-D4954D2B6B69}.Release Dll.ActiveCfg = Release|Win32
		{10FAB9E6-8363-4E97-B4F9-D4954D2B6B69}.Release Dll.Build.0 = Release|Win32
		{10FAB9E6-8363-4E97-B4F9-D4954D2B6B69}.ReleaseStatic.ActiveCfg = ReleaseU|Win32
		{10FAB9E6-8363-4E97-B4F9-D4954D2B6B69}.ReleaseStatic.Build.0 = ReleaseU|Win32
		{10FAB9E6-8363-4E97-B4F9-D4954D2B6B69}.ReleaseStaticU.ActiveCfg = ReleaseU|Win32
		{10FAB9E6-8363-4E97-B4F9-D4954D2B6B69}.ReleaseStaticU.Build.0 = ReleaseU|Win32
		{10FAB9E6-8363-4E97-B4F9-D4954D2B6B69}.ReleaseU.ActiveCfg = ReleaseU|Win32
		{10FAB9E6-8363-4E97-B4F9-D4954D2B6B69}.ReleaseU.Build.0 = ReleaseU|Win32
		{10FAB9E6-8363-4E97-B4F9-D4954D2B6B69}.Debug.ActiveCfg = Debug|Win32
		{10FAB9E6-8363-4E97-B4F9-D4954D2B6B69}.Debug.Build.0 = Debug|Win32
		{10FAB9E6-8363-4E97-B4F9-D4954D2B6B69}.Debug Console.ActiveCfg = Debug|Win32
		{10FAB9E6-8363-4E97-B4F9-D4954D2B6B69}.Debug Console.Build.0 = Debug|Win32
		{10FAB9E6-8363-4E97-B4F9-D4954D2B6B69}.Debug Dll.ActiveCfg = Debug|Win32
		{10FAB9E6-8363-4E97-B4F9-D4954D2B6B69}.Debug Dll.Build.0 = Debug|Win32
		{10FAB9E6-8363-4E97-B4F9-D4954D2B6B69}.DebugStatic.ActiveCfg = DebugU|Win32
		{10FAB9E6-8363-4E97-B4F9-D4954D2B6B69}.DebugStatic.Build.0 = DebugU|Win32
		{10FAB9E6-8363-4E97-B4F9-D4954D2B6B69}.DebugStaticU.ActiveCfg = DebugU|Win32
		{10FAB9E6-8363-4E97-B4F9-D4954D2B6B69}.DebugStaticU.Build.0 = DebugU|Win32
		{10FAB9E6-8363-4E97-B4F9-D4954D2B6B69}.DebugU.ActiveCfg = DebugU|Win32
		{10FAB9E6-8363-4E97-B4F9-D4954D2B6B69}.DebugU.Build.0 = DebugU|Win32
		{10FAB9E6-8363-4E97-B4F9-D4954D2B6B69}.Release.ActiveCfg = Release|Win32
		{10FAB9E6-8363-4E97-B4F9-D4954D2B6B69}.Release.Build.0 = Release|Win32
		{10FAB9E6-8363-4E97-B4F9-D4954D2B6B69}.Release Console.ActiveCfg = Release|Win32
		{10FAB9E6-8363-4E97-B4F9-D4954D2B6B69}.Release Console.Build.0 = Release|Win32
		{10FAB9E6-8363-4E97-B4F9-D4954D2B6B69}.Release Dll.ActiveCfg = Release|Win32
		{10FAB9E6-8363-4E97-B4F9-D4954D2B6B69}.Release Dll.Build.0 = Release|Win32
		{10FAB9E6-8363-4E97-B4F9-D4954D2B6B69}.ReleaseStatic.ActiveCfg = ReleaseU|Win32
		{10FAB9E6-8363-4E97-B4F9-D4954D2B6B69}.ReleaseStatic.Build.0 = ReleaseU|Win32
		{10FAB9E6-8363-4E97-B4F9-D4954D2B6B69}.ReleaseStaticU.ActiveCfg = ReleaseU|Win32
		{10FAB9E6-8363-4E97-B4F9-D4954D2B6B69}.ReleaseStaticU.Build.0 = ReleaseU|Win32
		{10FAB9E6-8363-4E97-B4F9-D4954D2B6B69}.ReleaseU.ActiveCfg = ReleaseU|Win32
		{10FAB9E6-8363-4E97-B4F9-D4954D2B6B69}.ReleaseU.Build.0 = ReleaseU|Win32
		{10FAB9E6-8363-4E97-B4F9-D4954D2B6B69}.Debug.ActiveCfg = Debug|Win32
		{10FAB9E6-8363-4E97-B4F9-D4954D2B6B69}.Debug.Build.0 = Debug|Win32
		{10FAB9E6-8363-4E97-B4F9-D4954D2B6B69}.Debug Console.ActiveCfg = Debug|Win32
		{10FAB9E6-8363-4E97-B4F9-D4954D2B6B69}.Debug Console.Build.0 = Debug|Win32
		{10FAB9E6-8363-4E97-B4F9-D4954D2B6B69}.Debug Dll.ActiveCfg = Debug|Win32
		{10FAB9E6-8363-4E97-B4F9-D4954D2B6B69}.Debug Dll.Build.0 = Debug|Win32
		{10FAB9E6-8363-4E97-B4F9-D4954D2B6B69}.DebugStatic.ActiveCfg = DebugU|Win32
		{10FAB9E6-8363-4E97-B4F9-D4954D2B6B69}.DebugStatic.Build.0 = DebugU|Win32
		{10FAB9E6-8363-4E97-B4F9-D4954D2B6B69}.DebugStaticU.ActiveCfg = DebugU|Win32
		{10FAB9E6-8363-4E97-B4F9-D4954D2B6B69}.DebugStaticU.Build.0 = DebugU|Win32
		{10FAB9E6-8363-4E97-B4F9-D4954D2B6B69}.DebugU.ActiveCfg = DebugU|Win32
		{10FAB9E6-8363-4E97-B4F9-D4954D2B6B69}.DebugU.Build.0 = DebugU|Win32
		{10FAB9E6-8363-4E97-B4F9-D4954D2B6B69}.Release.ActiveCfg = Release|Win32
		{10FAB9E6-8363-4E97-B4F9-D4954D2B6B69}.Release.Build.0 = Release|Win32
		{10FAB9E6-8363-4E97-B4F9-D4954D2B6B69}.Release Console.ActiveCfg = Release|Win32
		{10FAB9E6-8363-4E97-B4F9-D4954D2B6B69}.Release Console.Build.0 = Release|Win32
		{10FAB9E6-8363-4E97-B4F9-D4954D2B6B69}.Release Dll.ActiveCfg = Release|Win32
		{10FAB9E6-8363-4E97-B4F9-D4954D2B6B69}.Release Dll.Build.0 = Release|Win32
		{10FAB9E6-8363-4E97-B4F9-D4954D2B6B69}.ReleaseStatic.ActiveCfg = ReleaseU|Win32
		{10FAB9E6-8363-4E97-B4F9-D4954D2B6B69}.ReleaseStatic.Build.0 = ReleaseU|Win32
		{10FAB9E6-8363-4E97-B4F9-D4954D2B6B69}.ReleaseStaticU.ActiveCfg = ReleaseU|Win32
		{10FAB9E6-8363-4E97-B4F9-D4954D2B6B69}.ReleaseStaticU.Build.0 = ReleaseU|Win32
		{10FAB9E6-8363-4E97-B4F9-D4954D2B6B69}.ReleaseU.ActiveCfg = ReleaseU|Win32
		{10FAB9E6-8363-4E97-B4F9-D4954D2B6B69}.ReleaseU.Build.0 = ReleaseU|Win32
		{10FAB9E6-8363-4E97-B4F9-D4954D2B6B69}.Debug.ActiveCfg = Debug|Win32
		{10FAB9E6-8363-4E97-B4F9-D4954D2B6B69}.Debug.Build.0 = Debug|Win32
		{10FAB9E6-8363-4E97-B4F9-D4954D2B6B69}.Debug Console.ActiveCfg = Debug|Win32
		{10FAB9E6-8363-4E97-B4F9-D4954D2B6B69}.Debug Console.Build.0 = Debug|Win32
		{10FAB9E6-8363-4E97-B4F9-D4954D2B6B69}.Debug Dll.ActiveCfg = Debug|Win32
		{10FAB9E6-8363-4E97-B4F9-D4954D2B6B69}.Debug Dll.Build.0 = Debug|Win32
		{10FAB9E6-8363-4E97-B4F9-D4954D2B6B69}.DebugStatic.ActiveCfg = DebugStatic|Win32
		{10FAB9E6-8363-4E97-B4F9-D4954D2B6B69}.DebugStatic.Build.0 = DebugStatic|Win32
		{10FAB9E6-8363-4E97-B4F9-D4954D2B6B69}.DebugStaticU.ActiveCfg = DebugStaticU|Win32
		{10FAB9E6-8363-4E97-B4F9-D4954D2B6B69}.DebugStaticU.Build.0 = DebugStaticU|Win32
		{10FAB9E6-8363-4E97-B4F9-D4954D2B6B69}.DebugU.ActiveCfg = DebugU|Win32
		{10FAB9E6-8363-4E97-B4F9-D4954D2B6B69}.DebugU.Build.0 = DebugU|Win32
		{10FAB9E6-8363-4E97-B4F9-D4954D2B6B69}.Release.ActiveCfg = Release|Win32
		{10FAB9E6-8363-4E97-B4F9-D4954D2B6B69}.Release.Build.0 = Release|Win32
		{10FAB9E6-8363-4E97-B4F9-D4954D2B6B69}.Release Console.ActiveCfg = Release|Win32
		{10FAB9E6-8363-4E97-B4F9-D4954D2B6B69}.Release Console.Build.0 = Release|Win32
		{10FAB9E6-8363-4E97-B4F9-D4954D2B6B69}.Release Dll.ActiveCfg = Release|Win32
		{10FAB9E6-8363-4E97-B4F9-D4954D2B6B69}.Release Dll.Build.0 = Release|Win32
		{10FAB9E6-8363-4E97-B4F9-D4954D2B6B69}.ReleaseStatic.ActiveCfg = ReleaseStatic|Win32
		{10FAB9E6-8363-4E97-B4F9-D4954D2B6B69}.ReleaseStatic.Build.0 = ReleaseStatic|Win32
		{10FAB9E6-8363-4E97-B4F9-D4954D2B6B69}.ReleaseStaticU.ActiveCfg = ReleaseStaticU|Win32
		{10FAB9E6-8363-4E97-B4F9-D4954D2B6B69}.ReleaseStaticU.Build.0 = ReleaseStaticU|Win32
		{10FAB9E6-8363-4E97-B4F9-D4954D2B6B69}.ReleaseU.ActiveCfg = ReleaseU|Win32
		{10FAB9E6-8363-4E97-B4F9-D4954D2B6B69}.ReleaseU.Build.0 = ReleaseU|Win32
		{10FAB9E6-8363-4E97-B4F9-D4954D2B6B69}.Debug.ActiveCfg = Debug|Win32
		{10FAB9E6-8363-4E97-B4F9-D4954D2B6B69}.Debug.Build.0 = Debug|Win32
		{10FAB9E6-8363-4E97-B4F9-D4954D2B6B69}.Debug Console.ActiveCfg = Debug|Win32
		{10FAB9E6-8363-4E97-B4F9-D4954D2B6B69}.Debug Console.Build.0 = Debug|Win32
		{10FAB9E6-8363-4E97-B4F9-D4954D2B6B69}.Debug Dll.ActiveCfg = Debug|Win32
		{10FAB9E6-8363-4E97-B4F9-D4954D2B6B69}.Debug Dll.Build.0 = Debug|Win32
		{10FAB9E6-8363-4E97-B4F9-D4954D2B6B69}.DebugStatic.ActiveCfg = DebugU|Win32
		{10FAB9E6-8363-4E97-B4F9-D4954D2B6B69}.DebugStatic.Build.0 = DebugU|Win32
		{10FAB9E6-8363-4E97-B4F9-D4954D2B6B69}.DebugStaticU.ActiveCfg = DebugU|Win32
		{10FAB9E6-8363-4E97-B4F9-D4954D2B6B69}.DebugStaticU.Build.0 = DebugU|Win32
		{10FAB9E6-8363-4E97-B4F9-D4954D2B6B69}.DebugU.ActiveCfg = DebugU|Win32
		{10FAB9E6-8363-4E97-B4F9-D4954D2B6B69}.DebugU.Build.0 = DebugU|Win32
		{10FAB9E6-8363-4E97-B4F9-D4954D2B6B69}.Release.ActiveCfg = Release|Win32
		{10FAB9E6-8363-4E97-B4F9-D4954D2B6B69}.Release.Build.0 = Release|Win32
		{10FAB9E6-8363-4E97-B4F9-D4954D2B6B69}.Release Console.ActiveCfg = Release|Win32
		{10FAB9E6-8363-4E97-B4F9-D4954D2B6B69}.Release Console.Build.0 = Release|Win32
		{10FAB9E6-8363-4E97-B4F9-D4954D2B6B69}.Release Dll.ActiveCfg = Release|Win32
		{10FAB9E6-8363-4E97-B4F9-D4954D2B6B69}.Release Dll.Build.0 = Release|Win32
		{10FAB9E6-8363-4E97-B4F9-D4954D2B6B69}.ReleaseStatic.ActiveCfg = ReleaseU|Win32
		{10FAB9E6-8363-4E97-B4F9-D4954D2B6B69}.ReleaseStatic.Build.0 = ReleaseU|Win32
		{10FAB9E6-8363-4E97-B4F9-D4954D2B6B69}.ReleaseStaticU.ActiveCfg = ReleaseU|Win32
		{10FAB9E6-8363-4E97-B4F9-D4954D2B6B69}.ReleaseStaticU.Build.0 = ReleaseU|Win32
		{10FAB9E6-8363-4E97-B4F9-D4954D2B6B69}.ReleaseU.ActiveCfg = ReleaseU|Win32
		{10FAB9E6-8363-4E97-B4F9-D4954D2B6B69}.ReleaseU.Build.0 = ReleaseU|Win32
		{10FAB9E6-8363-4E97-B4F9-D4954D2B6B69}.Debug.ActiveCfg = Debug|Win32
		{10FAB9E6-8363-4E97-B4F9-D4954D2B6B69}.Debug.Build.0 = Debug|Win32
		{10FAB9E6-8363-4E97-B4F9-D4954D2B6B69}.Debug Console.ActiveCfg = Debug|Win32
		{10FAB9E6-8363-4E97-B4F9-D4954D2B6B69}.Debug Console.Build.0 = Debug|Win32
		{10FAB9E6-8363-4E97-B4F9-D4954D2B6B69}.Debug Dll.ActiveCfg = Debug|Win32
		{10FAB9E6-8363-4E97-B4F9-D4954D2B6B69}.Debug Dll.Build.0 = Debug|Win32
		{10FAB9E6-8363-4E97-B4F9-D4954D2B6B69}.DebugStatic.ActiveCfg = DebugU|Win32
		{10FAB9E6-8363-4E97-B4F9-D4954D2B6B69}.DebugStatic.Build.0 = DebugU|Win32
		{10FAB9E6-8363-4E97-B4F9-D4954D2B6B69}.DebugStaticU.ActiveCfg = DebugU|Win32
		{10FAB9E6-8363-4E97-B4F9-D4954D2B6B69}.DebugStaticU.Build.0 = DebugU|Win32
		{10FAB9E6-8363-4E97-B4F9-D4954D2B6B69}.DebugU.ActiveCfg = DebugU|Win32
		{10FAB9E6-8363-4E97-B4F9-D4954D2B6B69}.DebugU.Build.0 = DebugU|Win32
		{10FAB9E6-8363-4E97-B4F9-D4954D2B6B69}.Release.ActiveCfg = Release|Win32
		{10FAB9E6-8363-4E97-B4F9-D4954D2B6B69}.Release.Build.0 = Release|Win32
		{10FAB9E6-8363-4E97-B4F9-D4954D2B6B69}.Release Console.ActiveCfg = Release|Win32
		{10FAB9E6-8363-4E97-B4F9-D4954D2B6B69}.Release Console.Build.0 = Release|Win32
		{10FAB9E6-8363-4E97-B4F9-D4954D2B6B69}.Release Dll.ActiveCfg = Release|Win32
		{10FAB9E6-8363-4E97-B4F9-D4954D2B6B69}.Release Dll.Build.0 = Release|Win32
		{10FAB9E6-8363-4E97-B4F9-D4954D2B6B69}.ReleaseStatic.ActiveCfg = ReleaseU|Win32
		{10FAB9E6-8363-4E97-B4F9-D4954D2B6B69}.ReleaseStatic.Build.0 = ReleaseU|Win32
		{10FAB9E6-8363-4E97-B4F9-D4954D2B6B69}.ReleaseStaticU.ActiveCfg = ReleaseU|Win32
		{10FAB9E6-8363-4E97-B4F9-D4954D2B6B69}.ReleaseStaticU.Build.0 = ReleaseU|Win32
		{10FAB9E6-8363-4E97-B4F9-D4954D2B6B69}.ReleaseU.ActiveCfg = ReleaseU|Win32
		{10FAB9E6-8363-4E97-B4F9-D4954D2B6B69}.ReleaseU.Build.0 = ReleaseU|Win32
		{8864FCB8-C6FF-4D54-9312-8283C209A925}.Debug.ActiveCfg = Debug Dll|Win32
		{8864FCB8-C6FF-4D54-9312-8283C209A925}.Debug.Build.0 = Debug Dll|Win32
		{8864FCB8-C6FF-4D54-9312-8283C209A925}.Debug Console.ActiveCfg = Debug Dll|Win32
		{8864FCB8-C6FF-4D54-9312-8283C209A925}.Debug Console.Build.0 = Debug Dll|Win32
		{8864FCB8-C6FF-4D54-9312-8283C209A925}.Debug Dll.ActiveCfg = Debug Dll|Win32
		{8864FCB8-C6FF-4D54-9312-8283C209A925}.Debug Dll.Build.0 = Debug Dll|Win32
		{8864FCB8-C6FF-4D54-9312-8283C209A925}.DebugStatic.ActiveCfg = Debug Dll|Win32
		{8864FCB8-C6FF-4D54-9312-8283C209A925}.DebugStatic.Build.0 = Debug Dll|Win32
		{8864FCB8-C6FF-4D54-9312-8283C209A925}.DebugStaticU.ActiveCfg = Debug Dll|Win32
		{8864FCB8-C6FF-4D54-9312-8283C209A925}.DebugStaticU.Build.0 = Debug Dll|Win32
		{8864FCB8-C6FF-4D54-9312-8283C209A925}.DebugU.ActiveCfg = Debug Dll|Win32
		{8864FCB8-C6FF-4D54-9312-8283C209A925}.DebugU.Build.0 = Debug Dll|Win32
		{8864FCB8-C6FF-4D54-9312-8283C209A925}.Release.ActiveCfg = Release Dll|Win32
		{8864FCB8-C6FF-4D54-9312-8283C209A925}.Release.Build.0 = Release Dll|Win32
		{8864FCB8-C6FF-4D54-9312-8283C209A925}.Release Console.ActiveCfg = Release Dll|Win32
		{8864FCB8-C6FF-4D54-9312-8283C209A925}.Release Console.Build.0 = Release Dll|Win32
		{8864FCB8-C6FF-4D54-9312-8283C209A925}.Release Dll.ActiveCfg = Release Dll|Win32
		{8864FCB8-C6FF-4D54-9312-8283C209A925}.Release Dll.Build.0 = Release Dll|Win32
		{8864FCB8-C6FF-4D54-9312-8283C209A925}.ReleaseStatic.ActiveCfg = Release Dll|Win32
		{8864FCB8-C6FF-4D54-9312-8283C209A925}.ReleaseStatic.Build.0 = Release Dll|Win32
		{8864FCB8-C6FF-4D54-9312-8283C209A925}.ReleaseStaticU.ActiveCfg = Release Dll|Win32
		{8864FCB8-C6FF-4D54-9312-8283C209A925}.ReleaseStaticU.Build.0 = Release Dll|Win32
		{8864FCB8-C6FF-4D54-9312-8283C209A925}.ReleaseU.ActiveCfg = Release Dll|Win32
		{8864FCB8-C6FF-4D54-9312-8283C209A925}.ReleaseU.Build.0 = Release Dll|Win32
		{FB34B33E-AC93-4F57-91D4-566A8214CB73}.Debug.ActiveCfg = Debug|Win32
		{FB34B33E-AC93-4F57-91D4-566A8214CB73}.Debug.Build.0 = Debug|Win32
		{FB34B33E-AC93-4F57-91D4-566A8214CB73}.Debug Console.ActiveCfg = Debug|Win32
		{FB34B33E-AC93-4F57-91D4-566A8214CB73}.Debug Console.Build.0 = Debug|Win32
		{FB34B33E-AC93-4F57-91D4-566A8214CB73}.Debug Dll.ActiveCfg = Debug|Win32
		{FB34B33E-AC93-4F57-91D4-566A8214CB73}.Debug Dll.Build.0 = Debug|Win32
		{FB34B33E-AC93-4F57-91D4-566A8214CB73}.DebugStatic.ActiveCfg = Debug|Win32
		{FB34B33E-AC93-4F57-91D4-566A8214CB73}.DebugStatic.Build.0 = Debug|Win32
		{FB34B33E-AC93-4F57-91D4-566A8214CB73}.DebugStaticU.ActiveCfg = Debug|Win32
		{FB34B33E-AC93-4F57-91D4-566A8214CB73}.DebugStaticU.Build.0 = Debug|Win32
		{FB34B33E-AC93-4F57-91D4-566A8214CB73}.DebugU.ActiveCfg = Debug|Win32
		{FB34B33E-AC93-4F57-91D4-566A8214CB73}.DebugU.Build.0 = Debug|Win32
		{FB34B33E-AC93-4F57-91D4-566A8214CB73}.Release.ActiveCfg = Release|Win32
		{FB34B33E-AC93-4F57-91D4-566A8214CB73}.Release.Build.0 = Release|Win32
		{FB34B33E-AC93-4F57-91D4-566A8214CB73}.Release Console.ActiveCfg = Release|Win32
		{FB34B33E-AC93-4F57-91D4-566A8214CB73}.Release Console.Build.0 = Release|Win32
		{FB34B33E-AC93-4F57-91D4-566A8214CB73}.Release Dll.ActiveCfg = Release|Win32
		{FB34B33E-AC93-4F57-91D4-566A8214CB73}.Release Dll.Build.0 = Release|Win32
		{FB34B33E-AC93-4F57-91D4-566A8214CB73}.ReleaseStatic.ActiveCfg = Release|Win32
		{FB34B33E-AC93-4F57-91D4-566A8214CB73}.ReleaseStatic.Build.0 = Release|Win32
		{FB34B33E-AC93-4F57-91D4-566A8214CB73}.ReleaseStaticU.ActiveCfg = Release|Win32
		{FB34B33E-AC93-4F57-91D4-566A8214CB73}.ReleaseStaticU.Build.0 = Release|Win32
		{FB34B33E-AC93-4F57-91D4-566A8214CB73}.ReleaseU.ActiveCfg = Release|Win32
		{FB34B33E-AC93-4F57-91D4-566A8214CB73}.ReleaseU.Build.0 = Release|Win32
		{FB83939F-CEB9-4FDD-834A-BE77168A6AD8}.Debug.ActiveCfg = Debug Console|Win32
		{FB83939F-CEB9-4FDD-834A-BE77168A6AD8}.Debug.Build.0 = Debug Console|Win32
		{FB83939F-CEB9-4FDD-834A-BE77168A6AD8}.Debug Console.ActiveCfg = Debug Console|Win32
		{FB83939F-CEB9-4FDD-834A-BE77168A6AD8}.Debug Console.Build.0 = Debug Console|Win32
		{FB83939F-CEB9-4FDD-834A-BE77168A6AD8}.Debug Dll.ActiveCfg = Debug Console|Win32
		{FB83939F-CEB9-4FDD-834A-BE77168A6AD8}.Debug Dll.Build.0 = Debug Console|Win32
		{FB83939F-CEB9-4FDD-834A-BE77168A6AD8}.DebugStatic.ActiveCfg = Debug Console|Win32
		{FB83939F-CEB9-4FDD-834A-BE77168A6AD8}.DebugStatic.Build.0 = Debug Console|Win32
		{FB83939F-CEB9-4FDD-834A-BE77168A6AD8}.DebugStaticU.ActiveCfg = Debug Console|Win32
		{FB83939F-CEB9-4FDD-834A-BE77168A6AD8}.DebugStaticU.Build.0 = Debug Console|Win32
		{FB83939F-CEB9-4FDD-834A-BE77168A6AD8}.DebugU.ActiveCfg = Debug Console|Win32
		{FB83939F-CEB9-4FDD-834A-BE77168A6AD8}.DebugU.Build.0 = Debug Console|Win32
		{FB83939F-CEB9-4FDD-834A-BE77168A6AD8}.Release.ActiveCfg = Release Console|Win32
		{FB83939F-CEB9-4FDD-834A-BE77168A6AD8}.Release.Build.0 = Release Console|Win32
		{FB83939F-CEB9-4FDD-834A-BE77168A6AD8}.Release Console.ActiveCfg = Release Console|Win32
		{FB83939F-CEB9-4FDD-834A-BE77168A6AD8}.Release Console.Build.0 = Release Console|Win32
		{FB83939F-CEB9-4FDD-834A-BE77168A6AD8}.Release Dll.ActiveCfg = Release Console|Win32
		{FB83939F-CEB9-4FDD-834A-BE77168A6AD8}.Release Dll.Build.0 = Release Console|Win32
		{FB83939F-CEB9-4FDD-834A-BE77168A6AD8}.ReleaseStatic.ActiveCfg = Release Console|Win32
		{FB83939F-CEB9-4FDD-834A-BE77168A6AD8}.ReleaseStatic.Build.0 = Release Console|Win32
		{FB83939F-CEB9-4FDD-834A-BE77168A6AD8}.ReleaseStaticU.ActiveCfg = Release Console|Win32
		{FB83939F-CEB9-4FDD-834A-BE77168A6AD8}.ReleaseStaticU.Build.0 = Release Console|Win32
		{FB83939F-CEB9-4FDD-834A-BE77168A6AD8}.ReleaseU.ActiveCfg = Release Console|Win32
		{FB83939F-CEB9-4FDD-834A-BE77168A6AD8}.ReleaseU.Build.0 = Release Console|Win32
		{2C5EC054-7569-4E73-91A1-5D5BC62DB49E}.Debug.ActiveCfg = Debug|Win32
		{2C5EC054-7569-4E73-91A1-5D5BC62DB49E}.Debug.Build.0 = Debug|Win32
		{2C5EC054-7569-4E73-91A1-5D5BC62DB49E}.Debug Console.ActiveCfg = Debug|Win32
		{2C5EC054-7569-4E73-91A1-5D5BC62DB49E}.Debug Console.Build.0 = Debug|Win32
		{2C5EC054-7569-4E73-91A1-5D5BC62DB49E}.Debug Dll.ActiveCfg = Debug|Win32
		{2C5EC054-7569-4E73-91A1-5D5BC62DB49E}.Debug Dll.Build.0 = Debug|Win32
		{2C5EC054-7569-4E73-91A1-5D5BC62DB49E}.DebugStatic.ActiveCfg = DebugU|Win32
		{2C5EC054-7569-4E73-91A1-5D5BC62DB49E}.DebugStatic.Build.0 = DebugU|Win32
		{2C5EC054-7569-4E73-91A1-5D5BC62DB49E}.DebugStaticU.ActiveCfg = DebugU|Win32
		{2C5EC054-7569-4E73-91A1-5D5BC62DB49E}.DebugStaticU.Build.0 = DebugU|Win32
		{2C5EC054-7569-4E73-91A1-5D5BC62DB49E}.DebugU.ActiveCfg = DebugU|Win32
		{2C5EC054-7569-4E73-91A1-5D5BC62DB49E}.DebugU.Build.0 = DebugU|Win32
		{2C5EC054-7569-4E73-91A1-5D5BC62DB49E}.Release.ActiveCfg = Release|Win32
		{2C5EC054-7569-4E73-91A1-5D5BC62DB49E}.Release.Build.0 = Release|Win32
		{2C5EC054-7569-4E73-91A1-5D5BC62DB49E}.Release Console.ActiveCfg = Release|Win32
		{2C5EC054-7569-4E73-91A1-5D5BC62DB49E}.Release Console.Build.0 = Release|Win32
		{2C5EC054-7569-4E73-91A1-5D5BC62DB49E}.Release Dll.ActiveCfg = Release|Win32
		{2C5EC054-7569-4E73-91A1-5D5BC62DB49E}.Release Dll.Build.0 = Release|Win32
		{2C5EC054-7569-4E73-91A1-5D5BC62DB49E}.ReleaseStatic.ActiveCfg = ReleaseU|Win32
		{2C5EC054-7569-4E73-91A1-5D5BC62DB49E}.ReleaseStatic.Build.0 = ReleaseU|Win32
		{2C5EC054-7569-4E73-91A1-5D5BC62DB49E}.ReleaseStaticU.ActiveCfg = ReleaseU|Win32
		{2C5EC054-7569-4E73-91A1-5D5BC62DB49E}.ReleaseStaticU.Build.0 = ReleaseU|Win32
		{2C5EC054-7569-4E73-91A1-5D5BC62DB49E}.ReleaseU.ActiveCfg = ReleaseU|Win32
		{2C5EC054-7569-4E73-91A1-5D5BC62DB49E}.ReleaseU.Build.0 = ReleaseU|Win32
	EndGlobalSection
	GlobalSection(ExtensibilityGlobals) = postSolution
	EndGlobalSection
	GlobalSection(ExtensibilityAddIns) = postSolution
	EndGlobalSection
EndGlobal
