
Microsoft Visual Studio Solution File, Format Version 12.00
# Visual Studio 2012
Project("{FAE04EC0-301F-11D3-BF4B-00C04F79EFBC}") = "AddressSpace_Console_VS2012", "NET\samples\server\AddressSpace\CS\AddressSpace_Console_VS2012.csproj", "{EAB2D9CC-F5CD-48FD-B97D-C3F2FA3DDADE}"
EndProject
Project("{FAE04EC0-301F-11D3-BF4B-00C04F79EFBC}") = "AddressSpace_Service_VS2012", "NET\samples\server\AddressSpace\CS\AddressSpace_Service_VS2012.csproj", "{B9CF45D2-11B8-48B5-A303-D42F43504241}"
EndProject
Project("{FAE04EC0-301F-11D3-BF4B-00C04F79EFBC}") = "BISDemo_VS2012", "NET\samples\server\BISDemo\CS\BISDemo_VS2012.csproj", "{9BBF9B60-EBF3-4E77-BB07-782205CA6A70}"
EndProject
Project("{FAE04EC0-301F-11D3-BF4B-00C04F79EFBC}") = "Console_VS2012", "NET\samples\server\Console\CS\Console_VS2012.csproj", "{D590E5FB-F176-4413-85A6-C264047F0B04}"
EndProject
Project("{FAE04EC0-301F-11D3-BF4B-00C04F79EFBC}") = "DemoServer_VS2012", "NET\samples\server\DemoServer\CS\DemoServer_VS2012.csproj", "{3B4B4662-BAB9-4A24-ADC9-AD7487AC0355}"
EndProject
Project("{FAE04EC0-301F-11D3-BF4B-00C04F79EFBC}") = "OpcServerSerialIO_VS2012", "NET\samples\server\Serial_IO\CS\OpcServerSerialIO_VS2012.csproj", "{EE42889F-4C8E-479E-982D-A129B6FA91E9}"
EndProject
Project("{FAE04EC0-301F-11D3-BF4B-00C04F79EFBC}") = "TestDll_VS2012", "NET\samples\server\ServerDLL\CS\TestDll\TestDll_VS2012.csproj", "{77D4CE26-C215-45FA-947F-564B90E81C79}"
	ProjectSection(ProjectDependencies) = postProject
		{D6D67451-AD8A-471E-B270-C7D9CB32B42D} = {D6D67451-AD8A-471E-B270-C7D9CB32B42D}
	EndProjectSection
EndProject
Project("{FAE04EC0-301F-11D3-BF4B-00C04F79EFBC}") = "OpcProject_Dll_VS2012", "NET\samples\server\ServerDLL\CS\OpcProject\OpcProject_Dll_VS2012.csproj", "{D6D67451-AD8A-471E-B270-C7D9CB32B42D}"
EndProject
Project("{FAE04EC0-301F-11D3-BF4B-00C04F79EFBC}") = "Session_VS2012", "NET\samples\server\Session\CS\Session_VS2012.csproj", "{721543FA-021B-4355-9C37-1F19C61962E5}"
EndProject
Project("{FAE04EC0-301F-11D3-BF4B-00C04F79EFBC}") = "UpdateMode_VS2012", "NET\samples\server\UpdateMode\CS\UpdateMode_VS2012.csproj", "{41A3209B-BA97-4A2A-9A15-ABA91A2EA974}"
EndProject
Project("{FAE04EC0-301F-11D3-BF4B-00C04F79EFBC}") = "ConsoleCtt_VS2012", "NET\samples\server\ctt\CS\ConsoleCtt_VS2012.csproj", "{CA052795-5BB1-45F5-AE13-DBD522D2C295}"
EndProject
Global
	GlobalSection(SolutionConfigurationPlatforms) = preSolution
		Debug|x64 = Debug|x64
		Debug|x86 = Debug|x86
		Release|x64 = Release|x64
		Release|x86 = Release|x86
	EndGlobalSection
	GlobalSection(ProjectConfigurationPlatforms) = postSolution
		{EAB2D9CC-F5CD-48FD-B97D-C3F2FA3DDADE}.Debug|x64.ActiveCfg = Debug|x64
		{EAB2D9CC-F5CD-48FD-B97D-C3F2FA3DDADE}.Debug|x64.Build.0 = Debug|x64
		{EAB2D9CC-F5CD-48FD-B97D-C3F2FA3DDADE}.Debug|x86.ActiveCfg = Debug|x86
		{EAB2D9CC-F5CD-48FD-B97D-C3F2FA3DDADE}.Debug|x86.Build.0 = Debug|x86
		{EAB2D9CC-F5CD-48FD-B97D-C3F2FA3DDADE}.Release|x64.ActiveCfg = Release|x64
		{EAB2D9CC-F5CD-48FD-B97D-C3F2FA3DDADE}.Release|x64.Build.0 = Release|x64
		{EAB2D9CC-F5CD-48FD-B97D-C3F2FA3DDADE}.Release|x86.ActiveCfg = Release|x86
		{EAB2D9CC-F5CD-48FD-B97D-C3F2FA3DDADE}.Release|x86.Build.0 = Release|x86
		{B9CF45D2-11B8-48B5-A303-D42F43504241}.Debug|x64.ActiveCfg = Debug|x64
		{B9CF45D2-11B8-48B5-A303-D42F43504241}.Debug|x64.Build.0 = Debug|x64
		{B9CF45D2-11B8-48B5-A303-D42F43504241}.Debug|x86.ActiveCfg = Debug|x86
		{B9CF45D2-11B8-48B5-A303-D42F43504241}.Debug|x86.Build.0 = Debug|x86
		{B9CF45D2-11B8-48B5-A303-D42F43504241}.Release|x64.ActiveCfg = Release|x64
		{B9CF45D2-11B8-48B5-A303-D42F43504241}.Release|x64.Build.0 = Release|x64
		{B9CF45D2-11B8-48B5-A303-D42F43504241}.Release|x86.ActiveCfg = Release|x86
		{B9CF45D2-11B8-48B5-A303-D42F43504241}.Release|x86.Build.0 = Release|x86
		{9BBF9B60-EBF3-4E77-BB07-782205CA6A70}.Debug|x64.ActiveCfg = Debug|x64
		{9BBF9B60-EBF3-4E77-BB07-782205CA6A70}.Debug|x64.Build.0 = Debug|x64
		{9BBF9B60-EBF3-4E77-BB07-782205CA6A70}.Debug|x86.ActiveCfg = Debug|x86
		{9BBF9B60-EBF3-4E77-BB07-782205CA6A70}.Debug|x86.Build.0 = Debug|x86
		{9BBF9B60-EBF3-4E77-BB07-782205CA6A70}.Release|x64.ActiveCfg = Release|x64
		{9BBF9B60-EBF3-4E77-BB07-782205CA6A70}.Release|x64.Build.0 = Release|x64
		{9BBF9B60-EBF3-4E77-BB07-782205CA6A70}.Release|x86.ActiveCfg = Release|x86
		{9BBF9B60-EBF3-4E77-BB07-782205CA6A70}.Release|x86.Build.0 = Release|x86
		{D590E5FB-F176-4413-85A6-C264047F0B04}.Debug|x64.ActiveCfg = Debug|x64
		{D590E5FB-F176-4413-85A6-C264047F0B04}.Debug|x64.Build.0 = Debug|x64
		{D590E5FB-F176-4413-85A6-C264047F0B04}.Debug|x86.ActiveCfg = Debug|x86
		{D590E5FB-F176-4413-85A6-C264047F0B04}.Debug|x86.Build.0 = Debug|x86
		{D590E5FB-F176-4413-85A6-C264047F0B04}.Release|x64.ActiveCfg = Release|x64
		{D590E5FB-F176-4413-85A6-C264047F0B04}.Release|x64.Build.0 = Release|x64
		{D590E5FB-F176-4413-85A6-C264047F0B04}.Release|x86.ActiveCfg = Release|x86
		{D590E5FB-F176-4413-85A6-C264047F0B04}.Release|x86.Build.0 = Release|x86
		{3B4B4662-BAB9-4A24-ADC9-AD7487AC0355}.Debug|x64.ActiveCfg = Debug|x64
		{3B4B4662-BAB9-4A24-ADC9-AD7487AC0355}.Debug|x64.Build.0 = Debug|x64
		{3B4B4662-BAB9-4A24-ADC9-AD7487AC0355}.Debug|x86.ActiveCfg = Debug|x86
		{3B4B4662-BAB9-4A24-ADC9-AD7487AC0355}.Debug|x86.Build.0 = Debug|x86
		{3B4B4662-BAB9-4A24-ADC9-AD7487AC0355}.Release|x64.ActiveCfg = Release|x64
		{3B4B4662-BAB9-4A24-ADC9-AD7487AC0355}.Release|x64.Build.0 = Release|x64
		{3B4B4662-BAB9-4A24-ADC9-AD7487AC0355}.Release|x86.ActiveCfg = Release|x86
		{3B4B4662-BAB9-4A24-ADC9-AD7487AC0355}.Release|x86.Build.0 = Release|x86
		{EE42889F-4C8E-479E-982D-A129B6FA91E9}.Debug|x64.ActiveCfg = Debug|x64
		{EE42889F-4C8E-479E-982D-A129B6FA91E9}.Debug|x64.Build.0 = Debug|x64
		{EE42889F-4C8E-479E-982D-A129B6FA91E9}.Debug|x86.ActiveCfg = Debug|x86
		{EE42889F-4C8E-479E-982D-A129B6FA91E9}.Debug|x86.Build.0 = Debug|x86
		{EE42889F-4C8E-479E-982D-A129B6FA91E9}.Release|x64.ActiveCfg = Release|x64
		{EE42889F-4C8E-479E-982D-A129B6FA91E9}.Release|x64.Build.0 = Release|x64
		{EE42889F-4C8E-479E-982D-A129B6FA91E9}.Release|x86.ActiveCfg = Release|x86
		{EE42889F-4C8E-479E-982D-A129B6FA91E9}.Release|x86.Build.0 = Release|x86
		{77D4CE26-C215-45FA-947F-564B90E81C79}.Debug|x64.ActiveCfg = Debug|x64
		{77D4CE26-C215-45FA-947F-564B90E81C79}.Debug|x64.Build.0 = Debug|x64
		{77D4CE26-C215-45FA-947F-564B90E81C79}.Debug|x86.ActiveCfg = Debug|x86
		{77D4CE26-C215-45FA-947F-564B90E81C79}.Debug|x86.Build.0 = Debug|x86
		{77D4CE26-C215-45FA-947F-564B90E81C79}.Release|x64.ActiveCfg = Release|x64
		{77D4CE26-C215-45FA-947F-564B90E81C79}.Release|x64.Build.0 = Release|x64
		{77D4CE26-C215-45FA-947F-564B90E81C79}.Release|x86.ActiveCfg = Release|x86
		{77D4CE26-C215-45FA-947F-564B90E81C79}.Release|x86.Build.0 = Release|x86
		{D6D67451-AD8A-471E-B270-C7D9CB32B42D}.Debug|x64.ActiveCfg = Debug|Any CPU
		{D6D67451-AD8A-471E-B270-C7D9CB32B42D}.Debug|x64.Build.0 = Debug|Any CPU
		{D6D67451-AD8A-471E-B270-C7D9CB32B42D}.Debug|x86.ActiveCfg = Debug|Any CPU
		{D6D67451-AD8A-471E-B270-C7D9CB32B42D}.Debug|x86.Build.0 = Debug|Any CPU
		{D6D67451-AD8A-471E-B270-C7D9CB32B42D}.Release|x64.ActiveCfg = Release|Any CPU
		{D6D67451-AD8A-471E-B270-C7D9CB32B42D}.Release|x64.Build.0 = Release|Any CPU
		{D6D67451-AD8A-471E-B270-C7D9CB32B42D}.Release|x86.ActiveCfg = Release|Any CPU
		{D6D67451-AD8A-471E-B270-C7D9CB32B42D}.Release|x86.Build.0 = Release|Any CPU
		{721543FA-021B-4355-9C37-1F19C61962E5}.Debug|x64.ActiveCfg = Debug|x64
		{721543FA-021B-4355-9C37-1F19C61962E5}.Debug|x64.Build.0 = Debug|x64
		{721543FA-021B-4355-9C37-1F19C61962E5}.Debug|x86.ActiveCfg = Debug|x86
		{721543FA-021B-4355-9C37-1F19C61962E5}.Debug|x86.Build.0 = Debug|x86
		{721543FA-021B-4355-9C37-1F19C61962E5}.Release|x64.ActiveCfg = Release|x64
		{721543FA-021B-4355-9C37-1F19C61962E5}.Release|x64.Build.0 = Release|x64
		{721543FA-021B-4355-9C37-1F19C61962E5}.Release|x86.ActiveCfg = Release|x86
		{721543FA-021B-4355-9C37-1F19C61962E5}.Release|x86.Build.0 = Release|x86
		{41A3209B-BA97-4A2A-9A15-ABA91A2EA974}.Debug|x64.ActiveCfg = Debug|x64
		{41A3209B-BA97-4A2A-9A15-ABA91A2EA974}.Debug|x64.Build.0 = Debug|x64
		{41A3209B-BA97-4A2A-9A15-ABA91A2EA974}.Debug|x86.ActiveCfg = Debug|x86
		{41A3209B-BA97-4A2A-9A15-ABA91A2EA974}.Debug|x86.Build.0 = Debug|x86
		{41A3209B-BA97-4A2A-9A15-ABA91A2EA974}.Release|x64.ActiveCfg = Release|x64
		{41A3209B-BA97-4A2A-9A15-ABA91A2EA974}.Release|x64.Build.0 = Release|x64
		{41A3209B-BA97-4A2A-9A15-ABA91A2EA974}.Release|x86.ActiveCfg = Release|x86
		{41A3209B-BA97-4A2A-9A15-ABA91A2EA974}.Release|x86.Build.0 = Release|x86
		{CA052795-5BB1-45F5-AE13-DBD522D2C295}.Debug|x64.ActiveCfg = Debug|x64
		{CA052795-5BB1-45F5-AE13-DBD522D2C295}.Debug|x64.Build.0 = Debug|x64
		{CA052795-5BB1-45F5-AE13-DBD522D2C295}.Debug|x86.ActiveCfg = Debug|x86
		{CA052795-5BB1-45F5-AE13-DBD522D2C295}.Debug|x86.Build.0 = Debug|x86
		{CA052795-5BB1-45F5-AE13-DBD522D2C295}.Release|x64.ActiveCfg = Release|x64
		{CA052795-5BB1-45F5-AE13-DBD522D2C295}.Release|x64.Build.0 = Release|x64
		{CA052795-5BB1-45F5-AE13-DBD522D2C295}.Release|x86.ActiveCfg = Release|x86
		{CA052795-5BB1-45F5-AE13-DBD522D2C295}.Release|x86.Build.0 = Release|x86
	EndGlobalSection
	GlobalSection(SolutionProperties) = preSolution
		HideSolutionNode = FALSE
	EndGlobalSection
EndGlobal
